
Microsoft Visual Studio Solution File, Format Version 12.00
# Visual Studio 15
VisualStudioVersion = 15.0.26730.3
MinimumVisualStudioVersion = 10.0.40219.1
Project("{2150E333-8FDC-42A3-9474-1A3956D46DE8}") = "tests", "tests", "{8296F696-17C0-4B98-BB62-37F5266109FE}"
EndProject
Project("{2150E333-8FDC-42A3-9474-1A3956D46DE8}") = "Solution Items", "Solution Items", "{61698D66-1D72-41B2-AA22-2A9585C5E50C}"
	ProjectSection(SolutionItems) = preProject
		LICENSE = LICENSE
		README.md = README.md
	EndProjectSection
EndProject
Project("{9A19103F-16F7-4668-BE54-9A1E7A4F7556}") = "snippets", "src\snippets\snippets.csproj", "{740B84BC-B4DE-4281-B4B3-8BCE80133AC1}"
EndProject
Project("{9A19103F-16F7-4668-BE54-9A1E7A4F7556}") = "snippets.example", "src\snippets.example\snippets.example.csproj", "{03FA406C-6FDF-4579-AAC0-6B9A95FE7EB4}"
EndProject
Project("{9A19103F-16F7-4668-BE54-9A1E7A4F7556}") = "snippets.tests", "tests\snippets.tests.csproj", "{4E0018E2-392E-4591-A2EF-E826385B3CB8}"
EndProject
Global
	GlobalSection(SolutionConfigurationPlatforms) = preSolution
		Debug|Any CPU = Debug|Any CPU
		Release|Any CPU = Release|Any CPU
	EndGlobalSection
	GlobalSection(ProjectConfigurationPlatforms) = postSolution
		{740B84BC-B4DE-4281-B4B3-8BCE80133AC1}.Debug|Any CPU.ActiveCfg = Debug|Any CPU
		{740B84BC-B4DE-4281-B4B3-8BCE80133AC1}.Debug|Any CPU.Build.0 = Debug|Any CPU
		{740B84BC-B4DE-4281-B4B3-8BCE80133AC1}.Release|Any CPU.ActiveCfg = Release|Any CPU
		{740B84BC-B4DE-4281-B4B3-8BCE80133AC1}.Release|Any CPU.Build.0 = Release|Any CPU
		{03FA406C-6FDF-4579-AAC0-6B9A95FE7EB4}.Debug|Any CPU.ActiveCfg = Debug|Any CPU
		{03FA406C-6FDF-4579-AAC0-6B9A95FE7EB4}.Debug|Any CPU.Build.0 = Debug|Any CPU
		{03FA406C-6FDF-4579-AAC0-6B9A95FE7EB4}.Release|Any CPU.ActiveCfg = Release|Any CPU
		{03FA406C-6FDF-4579-AAC0-6B9A95FE7EB4}.Release|Any CPU.Build.0 = Release|Any CPU
		{4E0018E2-392E-4591-A2EF-E826385B3CB8}.Debug|Any CPU.ActiveCfg = Debug|Any CPU
		{4E0018E2-392E-4591-A2EF-E826385B3CB8}.Debug|Any CPU.Build.0 = Debug|Any CPU
		{4E0018E2-392E-4591-A2EF-E826385B3CB8}.Release|Any CPU.ActiveCfg = Release|Any CPU
		{4E0018E2-392E-4591-A2EF-E826385B3CB8}.Release|Any CPU.Build.0 = Release|Any CPU
	EndGlobalSection
	GlobalSection(SolutionProperties) = preSolution
		HideSolutionNode = FALSE
	EndGlobalSection
	GlobalSection(NestedProjects) = preSolution
		{4E0018E2-392E-4591-A2EF-E826385B3CB8} = {8296F696-17C0-4B98-BB62-37F5266109FE}
	EndGlobalSection
	GlobalSection(ExtensibilityGlobals) = postSolution
		SolutionGuid = {E228C3D8-EAD0-433D-8A26-828C77C5F379}
	EndGlobalSection
EndGlobal
