
Microsoft Visual Studio Solution File, Format Version 12.00
# Visual Studio 15
VisualStudioVersion = 15.0.27004.2010
MinimumVisualStudioVersion = 10.0.40219.1
Project("{2150E333-8FDC-42A3-9474-1A3956D46DE8}") = "Solution Items", "Solution Items", "{D7D8B0F5-AD26-47CC-9049-C356C41AB9F0}"
	ProjectSection(SolutionItems) = preProject
		LICENSE.md = LICENSE.md
		README.md = README.md
	EndProjectSection
EndProject
Project("{9A19103F-16F7-4668-BE54-9A1E7A4F7556}") = "tophat", "src\tophat\tophat.csproj", "{D20437B5-C53D-4C62-B64A-21B40527B8F3}"
EndProject
Project("{9A19103F-16F7-4668-BE54-9A1E7A4F7556}") = "tophat.Tests", "src\tophat.Tests\tophat.Tests.csproj", "{53E8BFE1-6A08-4DB7-BD37-9C1EBDA08A6B}"
EndProject
Global
	GlobalSection(SolutionConfigurationPlatforms) = preSolution
		Debug|Any CPU = Debug|Any CPU
		Release|Any CPU = Release|Any CPU
	EndGlobalSection
	GlobalSection(ProjectConfigurationPlatforms) = postSolution
		{D20437B5-C53D-4C62-B64A-21B40527B8F3}.Debug|Any CPU.ActiveCfg = Debug|Any CPU
		{D20437B5-C53D-4C62-B64A-21B40527B8F3}.Debug|Any CPU.Build.0 = Debug|Any CPU
		{D20437B5-C53D-4C62-B64A-21B40527B8F3}.Release|Any CPU.ActiveCfg = Release|Any CPU
		{D20437B5-C53D-4C62-B64A-21B40527B8F3}.Release|Any CPU.Build.0 = Release|Any CPU
		{53E8BFE1-6A08-4DB7-BD37-9C1EBDA08A6B}.Debug|Any CPU.ActiveCfg = Debug|Any CPU
		{53E8BFE1-6A08-4DB7-BD37-9C1EBDA08A6B}.Debug|Any CPU.Build.0 = Debug|Any CPU
		{53E8BFE1-6A08-4DB7-BD37-9C1EBDA08A6B}.Release|Any CPU.ActiveCfg = Release|Any CPU
		{53E8BFE1-6A08-4DB7-BD37-9C1EBDA08A6B}.Release|Any CPU.Build.0 = Release|Any CPU
	EndGlobalSection
	GlobalSection(SolutionProperties) = preSolution
		HideSolutionNode = FALSE
	EndGlobalSection
	GlobalSection(ExtensibilityGlobals) = postSolution
		SolutionGuid = {21616B0E-9998-4952-AA9F-6F7930A6F76C}
	EndGlobalSection
EndGlobal
