
Microsoft Visual Studio Solution File, Format Version 12.00
# Visual Studio 15
VisualStudioVersion = 15.0.28306.52
MinimumVisualStudioVersion = 10.0.40219.1
Project("{FAE04EC0-301F-11D3-BF4B-00C04F79EFBC}") = "Library", "Library\Library.csproj", "{489C2669-7726-46C7-BD76-9ED20CAB6C68}"
EndProject
Project("{2150E333-8FDC-42A3-9474-1A3956D46DE8}") = "build", "build", "{D0524CD8-D63B-4530-9375-9F84F045C680}"
	ProjectSection(SolutionItems) = preProject
		..\build\build.props = ..\build\build.props
		..\build\squire.props = ..\build\squire.props
	EndProjectSection
EndProject
Project("{9A19103F-16F7-4668-BE54-9A1E7A4F7556}") = "Squire", "..\build\Squire\Squire.csproj", "{B6DFA2FF-94C0-4D9A-B4D2-F93954BD97D7}"
EndProject
Project("{9A19103F-16F7-4668-BE54-9A1E7A4F7556}") = "PackagePrep", "..\build\PackagePrep\PackagePrep.csproj", "{DD8C4355-45B9-4223-8F35-54A4C9E5EE02}"
EndProject
Project("{FAE04EC0-301F-11D3-BF4B-00C04F79EFBC}") = "CustomerApp", "CustomerApp\CustomerApp.csproj", "{69C86058-FB22-4572-910C-22FFE02F00D6}"
EndProject
Project("{2150E333-8FDC-42A3-9474-1A3956D46DE8}") = "Solution Items", "Solution Items", "{B6FFA292-2B68-4DED-B6E9-B788BDC557B0}"
	ProjectSection(SolutionItems) = preProject
		..\LICENSE = ..\LICENSE
		..\README.md = ..\README.md
	EndProjectSection
EndProject
Global
	GlobalSection(SolutionConfigurationPlatforms) = preSolution
		Debug|Any CPU = Debug|Any CPU
		PackageSources|Any CPU = PackageSources|Any CPU
		Release|Any CPU = Release|Any CPU
	EndGlobalSection
	GlobalSection(ProjectConfigurationPlatforms) = postSolution
		{489C2669-7726-46C7-BD76-9ED20CAB6C68}.Debug|Any CPU.ActiveCfg = Debug|Any CPU
		{489C2669-7726-46C7-BD76-9ED20CAB6C68}.Debug|Any CPU.Build.0 = Debug|Any CPU
		{489C2669-7726-46C7-BD76-9ED20CAB6C68}.PackageSources|Any CPU.ActiveCfg = PackageSources|Any CPU
		{489C2669-7726-46C7-BD76-9ED20CAB6C68}.PackageSources|Any CPU.Build.0 = PackageSources|Any CPU
		{489C2669-7726-46C7-BD76-9ED20CAB6C68}.Release|Any CPU.ActiveCfg = Release|Any CPU
		{489C2669-7726-46C7-BD76-9ED20CAB6C68}.Release|Any CPU.Build.0 = Release|Any CPU
		{B6DFA2FF-94C0-4D9A-B4D2-F93954BD97D7}.Debug|Any CPU.ActiveCfg = Debug|Any CPU
		{B6DFA2FF-94C0-4D9A-B4D2-F93954BD97D7}.Debug|Any CPU.Build.0 = Debug|Any CPU
		{B6DFA2FF-94C0-4D9A-B4D2-F93954BD97D7}.PackageSources|Any CPU.ActiveCfg = Release|Any CPU
		{B6DFA2FF-94C0-4D9A-B4D2-F93954BD97D7}.PackageSources|Any CPU.Build.0 = Release|Any CPU
		{B6DFA2FF-94C0-4D9A-B4D2-F93954BD97D7}.Release|Any CPU.ActiveCfg = Release|Any CPU
		{B6DFA2FF-94C0-4D9A-B4D2-F93954BD97D7}.Release|Any CPU.Build.0 = Release|Any CPU
		{DD8C4355-45B9-4223-8F35-54A4C9E5EE02}.Debug|Any CPU.ActiveCfg = Debug|Any CPU
		{DD8C4355-45B9-4223-8F35-54A4C9E5EE02}.Debug|Any CPU.Build.0 = Debug|Any CPU
		{DD8C4355-45B9-4223-8F35-54A4C9E5EE02}.PackageSources|Any CPU.ActiveCfg = Release|Any CPU
		{DD8C4355-45B9-4223-8F35-54A4C9E5EE02}.PackageSources|Any CPU.Build.0 = Release|Any CPU
		{DD8C4355-45B9-4223-8F35-54A4C9E5EE02}.Release|Any CPU.ActiveCfg = Release|Any CPU
		{DD8C4355-45B9-4223-8F35-54A4C9E5EE02}.Release|Any CPU.Build.0 = Release|Any CPU
		{69C86058-FB22-4572-910C-22FFE02F00D6}.Debug|Any CPU.ActiveCfg = Debug|Any CPU
		{69C86058-FB22-4572-910C-22FFE02F00D6}.Debug|Any CPU.Build.0 = Debug|Any CPU
		{69C86058-FB22-4572-910C-22FFE02F00D6}.PackageSources|Any CPU.ActiveCfg = Release|Any CPU
		{69C86058-FB22-4572-910C-22FFE02F00D6}.PackageSources|Any CPU.Build.0 = Release|Any CPU
		{69C86058-FB22-4572-910C-22FFE02F00D6}.Release|Any CPU.ActiveCfg = Release|Any CPU
		{69C86058-FB22-4572-910C-22FFE02F00D6}.Release|Any CPU.Build.0 = Release|Any CPU
	EndGlobalSection
	GlobalSection(SolutionProperties) = preSolution
		HideSolutionNode = FALSE
	EndGlobalSection
	GlobalSection(NestedProjects) = preSolution
		{B6DFA2FF-94C0-4D9A-B4D2-F93954BD97D7} = {D0524CD8-D63B-4530-9375-9F84F045C680}
		{DD8C4355-45B9-4223-8F35-54A4C9E5EE02} = {D0524CD8-D63B-4530-9375-9F84F045C680}
	EndGlobalSection
	GlobalSection(ExtensibilityGlobals) = postSolution
		SolutionGuid = {B080C56C-D74C-4D0D-AE1F-D392890175FD}
	EndGlobalSection
EndGlobal
