
Microsoft Visual Studio Solution File, Format Version 12.00
# Visual Studio 15
VisualStudioVersion = 15.0.28307.271
MinimumVisualStudioVersion = 10.0.40219.1
Project("{9A19103F-16F7-4668-BE54-9A1E7A4F7556}") = "HQ.Extensions.Financial", "src\HQ.Extensions.Financial\HQ.Extensions.Financial.csproj", "{75A63EC1-B95A-47CD-B1EE-A4D15985D536}"
EndProject
Project("{2150E333-8FDC-42A3-9474-1A3956D46DE8}") = "build", "build", "{42D2CE52-9CB3-49DA-B79C-83CC06814884}"
	ProjectSection(SolutionItems) = preProject
		..\..\build\build.props = ..\..\build\build.props
		..\..\build\package.props = ..\..\build\package.props
		..\..\build\version.props = ..\..\build\version.props
	EndProjectSection
EndProject
Project("{2150E333-8FDC-42A3-9474-1A3956D46DE8}") = "Solution Items", "Solution Items", "{CB1C7B94-7BD0-46E7-8E73-B57A6F7FBCDB}"
	ProjectSection(SolutionItems) = preProject
		..\..\LICENSE.txt = ..\..\LICENSE.txt
		..\..\LICENSE_FULL.txt = ..\..\LICENSE_FULL.txt
		README.md = README.md
		THIRD-PARTY-NOTICES.txt = THIRD-PARTY-NOTICES.txt
	EndProjectSection
EndProject
Project("{2150E333-8FDC-42A3-9474-1A3956D46DE8}") = "test", "test", "{EE2693CE-ED4F-431D-954C-A5957E262CE2}"
EndProject
Project("{2150E333-8FDC-42A3-9474-1A3956D46DE8}") = "src", "src", "{334C689C-AFF3-41E6-B0DD-0968398640AE}"
EndProject
Project("{9A19103F-16F7-4668-BE54-9A1E7A4F7556}") = "HQ.Extensions.Financial.Tests", "test\HQ.Extensions.Financial.Tests\HQ.Extensions.Financial.Tests.csproj", "{C39DB93F-A0E0-4A52-AF29-6833C6CE9C80}"
EndProject
Global
	GlobalSection(SolutionConfigurationPlatforms) = preSolution
		Debug|Any CPU = Debug|Any CPU
		Package|Any CPU = Package|Any CPU
		Release|Any CPU = Release|Any CPU
	EndGlobalSection
	GlobalSection(ProjectConfigurationPlatforms) = postSolution
		{75A63EC1-B95A-47CD-B1EE-A4D15985D536}.Debug|Any CPU.ActiveCfg = Debug|Any CPU
		{75A63EC1-B95A-47CD-B1EE-A4D15985D536}.Debug|Any CPU.Build.0 = Debug|Any CPU
		{75A63EC1-B95A-47CD-B1EE-A4D15985D536}.Package|Any CPU.ActiveCfg = Package|Any CPU
		{75A63EC1-B95A-47CD-B1EE-A4D15985D536}.Package|Any CPU.Build.0 = Package|Any CPU
		{75A63EC1-B95A-47CD-B1EE-A4D15985D536}.Release|Any CPU.ActiveCfg = Release|Any CPU
		{75A63EC1-B95A-47CD-B1EE-A4D15985D536}.Release|Any CPU.Build.0 = Release|Any CPU
		{C39DB93F-A0E0-4A52-AF29-6833C6CE9C80}.Debug|Any CPU.ActiveCfg = Debug|Any CPU
		{C39DB93F-A0E0-4A52-AF29-6833C6CE9C80}.Debug|Any CPU.Build.0 = Debug|Any CPU
		{C39DB93F-A0E0-4A52-AF29-6833C6CE9C80}.Package|Any CPU.ActiveCfg = Release|Any CPU
		{C39DB93F-A0E0-4A52-AF29-6833C6CE9C80}.Package|Any CPU.Build.0 = Release|Any CPU
		{C39DB93F-A0E0-4A52-AF29-6833C6CE9C80}.Release|Any CPU.ActiveCfg = Release|Any CPU
		{C39DB93F-A0E0-4A52-AF29-6833C6CE9C80}.Release|Any CPU.Build.0 = Release|Any CPU
	EndGlobalSection
	GlobalSection(SolutionProperties) = preSolution
		HideSolutionNode = FALSE
	EndGlobalSection
	GlobalSection(NestedProjects) = preSolution
		{75A63EC1-B95A-47CD-B1EE-A4D15985D536} = {334C689C-AFF3-41E6-B0DD-0968398640AE}
		{C39DB93F-A0E0-4A52-AF29-6833C6CE9C80} = {EE2693CE-ED4F-431D-954C-A5957E262CE2}
	EndGlobalSection
	GlobalSection(ExtensibilityGlobals) = postSolution
		SolutionGuid = {85D5E38C-172C-4FFB-A156-BA646CB4BD07}
	EndGlobalSection
EndGlobal
