
Microsoft Visual Studio Solution File, Format Version 12.00
# Visual Studio 15
VisualStudioVersion = 15.0.27703.2042
MinimumVisualStudioVersion = 10.0.40219.1
Project("{2150E333-8FDC-42A3-9474-1A3956D46DE8}") = "Solution Items", "Solution Items", "{2D05344B-97D3-4B25-88ED-C1FF1D0996B1}"
	ProjectSection(SolutionItems) = preProject
		..\appveyor.yml = ..\appveyor.yml
		..\docs\codeconf.pdf = ..\docs\codeconf.pdf
		..\LICENSE.md = ..\LICENSE.md
		..\README.md = ..\README.md
		..\THIRD_PARTY_LICENSES.md = ..\THIRD_PARTY_LICENSES.md
	EndProjectSection
EndProject
Project("{9A19103F-16F7-4668-BE54-9A1E7A4F7556}") = "HQ.Common", "..\..\HQ.Common\src\HQ.Common\HQ.Common.csproj", "{02A82B8A-4B4A-43D8-B7BE-9477AA6945B8}"
EndProject
Project("{2150E333-8FDC-42A3-9474-1A3956D46DE8}") = "Supporting", "Supporting", "{39832BE9-2EDD-4109-B456-6FF983FDBCCC}"
EndProject
Project("{9A19103F-16F7-4668-BE54-9A1E7A4F7556}") = "HQ.Cohort", "HQ.Cohort\HQ.Cohort.csproj", "{13973A02-D304-49A5-B942-03496A0614DC}"
EndProject
Project("{9A19103F-16F7-4668-BE54-9A1E7A4F7556}") = "HQ.Cohort.Tests", "..\test\HQ.Cohort.Tests\HQ.Cohort.Tests.csproj", "{1F6655E7-2129-4E82-92D9-4D82BE9342F5}"
EndProject
Global
	GlobalSection(SolutionConfigurationPlatforms) = preSolution
		Debug|Any CPU = Debug|Any CPU
		Debug|Mixed Platforms = Debug|Mixed Platforms
		Debug|x86 = Debug|x86
		PackageSources|Any CPU = PackageSources|Any CPU
		PackageSources|Mixed Platforms = PackageSources|Mixed Platforms
		PackageSources|x86 = PackageSources|x86
		Release|Any CPU = Release|Any CPU
		Release|Mixed Platforms = Release|Mixed Platforms
		Release|x86 = Release|x86
	EndGlobalSection
	GlobalSection(ProjectConfigurationPlatforms) = postSolution
		{02A82B8A-4B4A-43D8-B7BE-9477AA6945B8}.Debug|Any CPU.ActiveCfg = Debug|Any CPU
		{02A82B8A-4B4A-43D8-B7BE-9477AA6945B8}.Debug|Any CPU.Build.0 = Debug|Any CPU
		{02A82B8A-4B4A-43D8-B7BE-9477AA6945B8}.Debug|Mixed Platforms.ActiveCfg = Debug|Any CPU
		{02A82B8A-4B4A-43D8-B7BE-9477AA6945B8}.Debug|Mixed Platforms.Build.0 = Debug|Any CPU
		{02A82B8A-4B4A-43D8-B7BE-9477AA6945B8}.Debug|x86.ActiveCfg = Debug|Any CPU
		{02A82B8A-4B4A-43D8-B7BE-9477AA6945B8}.Debug|x86.Build.0 = Debug|Any CPU
		{02A82B8A-4B4A-43D8-B7BE-9477AA6945B8}.PackageSources|Any CPU.ActiveCfg = PackageSources|Any CPU
		{02A82B8A-4B4A-43D8-B7BE-9477AA6945B8}.PackageSources|Any CPU.Build.0 = PackageSources|Any CPU
		{02A82B8A-4B4A-43D8-B7BE-9477AA6945B8}.PackageSources|Mixed Platforms.ActiveCfg = PackageSources|Any CPU
		{02A82B8A-4B4A-43D8-B7BE-9477AA6945B8}.PackageSources|Mixed Platforms.Build.0 = PackageSources|Any CPU
		{02A82B8A-4B4A-43D8-B7BE-9477AA6945B8}.PackageSources|x86.ActiveCfg = PackageSources|Any CPU
		{02A82B8A-4B4A-43D8-B7BE-9477AA6945B8}.PackageSources|x86.Build.0 = PackageSources|Any CPU
		{02A82B8A-4B4A-43D8-B7BE-9477AA6945B8}.Release|Any CPU.ActiveCfg = Release|Any CPU
		{02A82B8A-4B4A-43D8-B7BE-9477AA6945B8}.Release|Any CPU.Build.0 = Release|Any CPU
		{02A82B8A-4B4A-43D8-B7BE-9477AA6945B8}.Release|Mixed Platforms.ActiveCfg = Release|Any CPU
		{02A82B8A-4B4A-43D8-B7BE-9477AA6945B8}.Release|Mixed Platforms.Build.0 = Release|Any CPU
		{02A82B8A-4B4A-43D8-B7BE-9477AA6945B8}.Release|x86.ActiveCfg = Release|Any CPU
		{02A82B8A-4B4A-43D8-B7BE-9477AA6945B8}.Release|x86.Build.0 = Release|Any CPU
		{13973A02-D304-49A5-B942-03496A0614DC}.Debug|Any CPU.ActiveCfg = Debug|Any CPU
		{13973A02-D304-49A5-B942-03496A0614DC}.Debug|Any CPU.Build.0 = Debug|Any CPU
		{13973A02-D304-49A5-B942-03496A0614DC}.Debug|Mixed Platforms.ActiveCfg = Debug|Any CPU
		{13973A02-D304-49A5-B942-03496A0614DC}.Debug|Mixed Platforms.Build.0 = Debug|Any CPU
		{13973A02-D304-49A5-B942-03496A0614DC}.Debug|x86.ActiveCfg = Debug|Any CPU
		{13973A02-D304-49A5-B942-03496A0614DC}.Debug|x86.Build.0 = Debug|Any CPU
		{13973A02-D304-49A5-B942-03496A0614DC}.PackageSources|Any CPU.ActiveCfg = Debug|Any CPU
		{13973A02-D304-49A5-B942-03496A0614DC}.PackageSources|Any CPU.Build.0 = Debug|Any CPU
		{13973A02-D304-49A5-B942-03496A0614DC}.PackageSources|Mixed Platforms.ActiveCfg = Debug|Any CPU
		{13973A02-D304-49A5-B942-03496A0614DC}.PackageSources|Mixed Platforms.Build.0 = Debug|Any CPU
		{13973A02-D304-49A5-B942-03496A0614DC}.PackageSources|x86.ActiveCfg = Debug|Any CPU
		{13973A02-D304-49A5-B942-03496A0614DC}.PackageSources|x86.Build.0 = Debug|Any CPU
		{13973A02-D304-49A5-B942-03496A0614DC}.Release|Any CPU.ActiveCfg = Release|Any CPU
		{13973A02-D304-49A5-B942-03496A0614DC}.Release|Any CPU.Build.0 = Release|Any CPU
		{13973A02-D304-49A5-B942-03496A0614DC}.Release|Mixed Platforms.ActiveCfg = Release|Any CPU
		{13973A02-D304-49A5-B942-03496A0614DC}.Release|Mixed Platforms.Build.0 = Release|Any CPU
		{13973A02-D304-49A5-B942-03496A0614DC}.Release|x86.ActiveCfg = Release|Any CPU
		{13973A02-D304-49A5-B942-03496A0614DC}.Release|x86.Build.0 = Release|Any CPU
		{1F6655E7-2129-4E82-92D9-4D82BE9342F5}.Debug|Any CPU.ActiveCfg = Debug|Any CPU
		{1F6655E7-2129-4E82-92D9-4D82BE9342F5}.Debug|Any CPU.Build.0 = Debug|Any CPU
		{1F6655E7-2129-4E82-92D9-4D82BE9342F5}.Debug|Mixed Platforms.ActiveCfg = Debug|Any CPU
		{1F6655E7-2129-4E82-92D9-4D82BE9342F5}.Debug|Mixed Platforms.Build.0 = Debug|Any CPU
		{1F6655E7-2129-4E82-92D9-4D82BE9342F5}.Debug|x86.ActiveCfg = Debug|Any CPU
		{1F6655E7-2129-4E82-92D9-4D82BE9342F5}.Debug|x86.Build.0 = Debug|Any CPU
		{1F6655E7-2129-4E82-92D9-4D82BE9342F5}.PackageSources|Any CPU.ActiveCfg = Debug|Any CPU
		{1F6655E7-2129-4E82-92D9-4D82BE9342F5}.PackageSources|Any CPU.Build.0 = Debug|Any CPU
		{1F6655E7-2129-4E82-92D9-4D82BE9342F5}.PackageSources|Mixed Platforms.ActiveCfg = Debug|Any CPU
		{1F6655E7-2129-4E82-92D9-4D82BE9342F5}.PackageSources|Mixed Platforms.Build.0 = Debug|Any CPU
		{1F6655E7-2129-4E82-92D9-4D82BE9342F5}.PackageSources|x86.ActiveCfg = Debug|Any CPU
		{1F6655E7-2129-4E82-92D9-4D82BE9342F5}.PackageSources|x86.Build.0 = Debug|Any CPU
		{1F6655E7-2129-4E82-92D9-4D82BE9342F5}.Release|Any CPU.ActiveCfg = Release|Any CPU
		{1F6655E7-2129-4E82-92D9-4D82BE9342F5}.Release|Any CPU.Build.0 = Release|Any CPU
		{1F6655E7-2129-4E82-92D9-4D82BE9342F5}.Release|Mixed Platforms.ActiveCfg = Release|Any CPU
		{1F6655E7-2129-4E82-92D9-4D82BE9342F5}.Release|Mixed Platforms.Build.0 = Release|Any CPU
		{1F6655E7-2129-4E82-92D9-4D82BE9342F5}.Release|x86.ActiveCfg = Release|Any CPU
		{1F6655E7-2129-4E82-92D9-4D82BE9342F5}.Release|x86.Build.0 = Release|Any CPU
	EndGlobalSection
	GlobalSection(SolutionProperties) = preSolution
		HideSolutionNode = FALSE
	EndGlobalSection
	GlobalSection(NestedProjects) = preSolution
		{02A82B8A-4B4A-43D8-B7BE-9477AA6945B8} = {39832BE9-2EDD-4109-B456-6FF983FDBCCC}
	EndGlobalSection
	GlobalSection(ExtensibilityGlobals) = postSolution
		SolutionGuid = {5793101C-F647-4F0F-8D36-C6CEE9A18AE5}
	EndGlobalSection
EndGlobal
