
Microsoft Visual Studio Solution File, Format Version 12.00
# Visual Studio Version 16
VisualStudioVersion = 16.0.29009.5
MinimumVisualStudioVersion = 10.0.40219.1
Project("{2150E333-8FDC-42A3-9474-1A3956D46DE8}") = "Solution Items", "Solution Items", "{D7D8B0F5-AD26-47CC-9049-C356C41AB9F0}"
	ProjectSection(SolutionItems) = preProject
		..\..\..\LICENSE.txt = ..\..\..\LICENSE.txt
		..\..\..\LICENSE_FULL.txt = ..\..\..\LICENSE_FULL.txt
		..\README.md = ..\README.md
		..\THIRD-PARTY-NOTICES.txt = ..\THIRD-PARTY-NOTICES.txt
	EndProjectSection
EndProject
Project("{2150E333-8FDC-42A3-9474-1A3956D46DE8}") = "build", "build", "{B5F00B7A-EA6D-4765-8BAE-FA2398280BD0}"
	ProjectSection(SolutionItems) = preProject
		..\build\build.props = ..\build\build.props
		..\build\package.props = ..\build\package.props
		..\build\version.props = ..\build\version.props
	EndProjectSection
EndProject
Project("{2150E333-8FDC-42A3-9474-1A3956D46DE8}") = "common", "common", "{D6079916-22F7-4B80-94C7-986707B63F04}"
EndProject
Project("{9A19103F-16F7-4668-BE54-9A1E7A4F7556}") = "PackagePrep", "..\package\PackagePrep\PackagePrep.csproj", "{88162C0C-FB79-479A-B179-922448502AEB}"
EndProject
Project("{2150E333-8FDC-42A3-9474-1A3956D46DE8}") = "src", "src", "{9DA0C30E-512B-4B4D-86F3-B056240A83CF}"
EndProject
Project("{2150E333-8FDC-42A3-9474-1A3956D46DE8}") = "test", "test", "{81EB5E05-6114-49B0-9BAA-9E5367357DB6}"
EndProject
Project("{9A19103F-16F7-4668-BE54-9A1E7A4F7556}") = "System.Data.DocumentDb", "..\..\HQ.Community\System.Data.DocumentDb\src\System.Data.DocumentDb\System.Data.DocumentDb.csproj", "{B83E556C-24D4-4244-BD7E-2F91238966C7}"
EndProject
Project("{9A19103F-16F7-4668-BE54-9A1E7A4F7556}") = "HQ.Common", "HQ.Common\HQ.Common.csproj", "{F3E23C54-AF97-433A-AD75-5B6EAF369ABC}"
EndProject
Project("{9A19103F-16F7-4668-BE54-9A1E7A4F7556}") = "HQ.Common.AspNetCore", "HQ.Common.AspNetCore\HQ.Common.AspNetCore.csproj", "{4E4D038E-8CF8-48C4-8B0B-1A325AC4941D}"
EndProject
Project("{9A19103F-16F7-4668-BE54-9A1E7A4F7556}") = "HQ.Extensions.Caching", "HQ.Extensions.Caching\src\HQ.Extensions.Caching\HQ.Extensions.Caching.csproj", "{E8210ED0-53FE-4741-941A-C7D34AEA5759}"
EndProject
Project("{9A19103F-16F7-4668-BE54-9A1E7A4F7556}") = "HQ.Extensions.Caching.AspNetCore.Mvc", "HQ.Extensions.Caching\src\HQ.Extensions.Caching.AspNetCore.Mvc\HQ.Extensions.Caching.AspNetCore.Mvc.csproj", "{F1CB0827-480A-4648-8DA4-5459612C6618}"
EndProject
Project("{9A19103F-16F7-4668-BE54-9A1E7A4F7556}") = "TypeKitchen", "..\..\TypeKitchen\src\TypeKitchen\TypeKitchen.csproj", "{FF984075-E8ED-45E6-9295-685A10C80ABC}"
EndProject
Project("{9A19103F-16F7-4668-BE54-9A1E7A4F7556}") = "HQ.Extensions.CodeGeneration", "HQ.Extensions.CodeGeneration\src\HQ.Extensions.CodeGeneration\HQ.Extensions.CodeGeneration.csproj", "{6570D9BB-8508-4CB9-AE72-E9B4CF90D8CD}"
EndProject
Project("{9A19103F-16F7-4668-BE54-9A1E7A4F7556}") = "HQ.Extensions.DependencyInjection", "HQ.Extensions.DependencyInjection\src\HQ.Extensions.DependencyInjection\HQ.Extensions.DependencyInjection.csproj", "{00DD10C0-39C4-4EB4-8257-5442B4661BB9}"
EndProject
Project("{9A19103F-16F7-4668-BE54-9A1E7A4F7556}") = "HQ.Extensions.DependencyInjection.AspNetCore", "HQ.Extensions.DependencyInjection\src\HQ.Extensions.DependencyInjection.AspNetCore\HQ.Extensions.DependencyInjection.AspNetCore.csproj", "{0920771D-EE47-474F-ABAE-CB32C60FEE4D}"
EndProject
Project("{9A19103F-16F7-4668-BE54-9A1E7A4F7556}") = "HQ.Extensions.Metrics", "HQ.Extensions.Metrics\src\HQ.Extensions.Metrics\HQ.Extensions.Metrics.csproj", "{4C5922FF-E832-4B4C-8D50-3E8843CE195E}"
EndProject
Project("{9A19103F-16F7-4668-BE54-9A1E7A4F7556}") = "HQ.Extensions.Options", "HQ.Extensions.Options\src\HQ.Extensions.Options\HQ.Extensions.Options.csproj", "{F7557C20-BE01-436D-822B-34E1C6E9F432}"
EndProject
Project("{9A19103F-16F7-4668-BE54-9A1E7A4F7556}") = "HQ.Common.AspNetCore.Mvc", "HQ.Common.AspNetCore.Mvc\HQ.Common.AspNetCore.Mvc.csproj", "{7ADF1976-527C-4873-9481-675E417F97C8}"
EndProject
Project("{9A19103F-16F7-4668-BE54-9A1E7A4F7556}") = "HQ.Data.Contracts.Versioning", "HQ.Data.Contracts.Versioning\HQ.Data.Contracts.Versioning.csproj", "{AA0F1FCA-47DB-49C0-BA28-14198700B25F}"
EndProject
Project("{9A19103F-16F7-4668-BE54-9A1E7A4F7556}") = "HQ.Data.Sql.Tests", "..\test\HQ.Data.Sql.Tests\HQ.Data.Sql.Tests.csproj", "{98057BF8-CFEB-4DE1-A92D-2B145DA4E112}"
EndProject
Project("{9A19103F-16F7-4668-BE54-9A1E7A4F7556}") = "HQ.Data.Sql.Implementation", "HQ.Data.Sql.Implementation\HQ.Data.Sql.Implementation.csproj", "{E8F0234B-FC9D-4B9C-B60E-9AE44400256D}"
EndProject
Project("{2150E333-8FDC-42A3-9474-1A3956D46DE8}") = "extensions", "extensions", "{33F293C1-32FD-419D-AD8C-09DAB5CFFB61}"
EndProject
Project("{9A19103F-16F7-4668-BE54-9A1E7A4F7556}") = "HQ.Data.Sql", "HQ.Data.Sql\HQ.Data.Sql.csproj", "{706AE50B-DFAE-4A0F-A167-7FD2A0D4688B}"
EndProject
Project("{9A19103F-16F7-4668-BE54-9A1E7A4F7556}") = "HQ.Data.Sql.Batching", "HQ.Data.Sql.Batching\HQ.Data.Sql.Batching.csproj", "{108EAD8E-77D6-4ECE-9264-57AEE31A7E53}"
EndProject
Project("{9A19103F-16F7-4668-BE54-9A1E7A4F7556}") = "HQ.Data.Sql.Builders", "HQ.Data.Sql.Builders\HQ.Data.Sql.Builders.csproj", "{E4B5EE7E-CE4A-4EE4-A10D-B189F17DDC27}"
EndProject
Project("{9A19103F-16F7-4668-BE54-9A1E7A4F7556}") = "HQ.Data.Sql.Dapper", "HQ.Data.Sql.Dapper\HQ.Data.Sql.Dapper.csproj", "{A3BBB376-D4EE-42E0-A450-91D5CF8A1CCD}"
EndProject
Project("{9A19103F-16F7-4668-BE54-9A1E7A4F7556}") = "HQ.Data.Sql.Descriptor", "HQ.Data.Sql.Descriptor\HQ.Data.Sql.Descriptor.csproj", "{7250CEAA-5795-4F9E-B757-D8B9AB9BF1E0}"
EndProject
Project("{9A19103F-16F7-4668-BE54-9A1E7A4F7556}") = "HQ.Data.Sql.Queries", "HQ.Data.Sql.Queries\HQ.Data.Sql.Queries.csproj", "{0B473A95-0C51-4119-AEA9-02DFD1EC44C1}"
EndProject
Project("{9A19103F-16F7-4668-BE54-9A1E7A4F7556}") = "HQ.Data.Sql.DocumentDb", "HQ.Data.Sql.DocumentDb\HQ.Data.Sql.DocumentDb.csproj", "{697F31B3-F3FD-467A-8DAB-784C240715B1}"
EndProject
Project("{9A19103F-16F7-4668-BE54-9A1E7A4F7556}") = "HQ.Data.Sql.Sqlite", "HQ.Data.Sql.Sqlite\HQ.Data.Sql.Sqlite.csproj", "{5517E8CB-7D5D-4BDB-8704-1838CBE000AB}"
EndProject
Project("{9A19103F-16F7-4668-BE54-9A1E7A4F7556}") = "HQ.Data.Sql.SqlServer", "HQ.Data.Sql.SqlServer\HQ.Data.Sql.SqlServer.csproj", "{840A9825-D18B-4D83-A34E-982144C01884}"
EndProject
Project("{2150E333-8FDC-42A3-9474-1A3956D46DE8}") = "integrations", "integrations", "{66D434A7-B35B-4575-871A-69FF67453B01}"
EndProject
Project("{9A19103F-16F7-4668-BE54-9A1E7A4F7556}") = "HQ.Data.Contracts", "HQ.Data.Contracts\HQ.Data.Contracts.csproj", "{A371974F-0F8D-4F3E-89A1-D36BC11AE4FE}"
EndProject
Project("{9A19103F-16F7-4668-BE54-9A1E7A4F7556}") = "HQ.Data.Contracts.AspNetCore.Mvc", "HQ.Data.Contracts.AspNetCore.Mvc\HQ.Data.Contracts.AspNetCore.Mvc.csproj", "{4FB44565-B92C-42DD-AE7C-AF07B85E2B78}"
EndProject
Project("{9A19103F-16F7-4668-BE54-9A1E7A4F7556}") = "HQ.Data.Contracts.Runtime", "HQ.Data.Contracts.Runtime\HQ.Data.Contracts.Runtime.csproj", "{0A9996B7-2DA1-4698-A346-C00F30588D44}"
EndProject
Project("{9A19103F-16F7-4668-BE54-9A1E7A4F7556}") = "HQ.Data.SessionManagement.DocumentDb", "HQ.Data.SessionManagement.DocumentDb\HQ.Data.SessionManagement.DocumentDb.csproj", "{A74E54FF-7AFD-4908-8D45-492077804B88}"
EndProject
Project("{9A19103F-16F7-4668-BE54-9A1E7A4F7556}") = "HQ.Data.SessionManagement.Sqlite", "HQ.Data.SessionManagement.Sqlite\HQ.Data.SessionManagement.Sqlite.csproj", "{A78CB543-CD10-4C4A-8D08-901AEBE63105}"
EndProject
Project("{9A19103F-16F7-4668-BE54-9A1E7A4F7556}") = "HQ.Data.SessionManagement.SqlServer", "HQ.Data.SessionManagement.SqlServer\HQ.Data.SessionManagement.SqlServer.csproj", "{80E3CEB4-100F-437E-931A-BD98C300EA24}"
EndProject
Project("{9A19103F-16F7-4668-BE54-9A1E7A4F7556}") = "HQ.Data.SessionManagement", "HQ.Data.SessionManagement\HQ.Data.SessionManagement.csproj", "{9CABEAF1-D62E-4DAA-BEFE-4195732237B0}"
EndProject
Global
	GlobalSection(SolutionConfigurationPlatforms) = preSolution
		Debug|Any CPU = Debug|Any CPU
		Package|Any CPU = Package|Any CPU
		Release|Any CPU = Release|Any CPU
	EndGlobalSection
	GlobalSection(ProjectConfigurationPlatforms) = postSolution
		{88162C0C-FB79-479A-B179-922448502AEB}.Debug|Any CPU.ActiveCfg = Debug|Any CPU
		{88162C0C-FB79-479A-B179-922448502AEB}.Debug|Any CPU.Build.0 = Debug|Any CPU
		{88162C0C-FB79-479A-B179-922448502AEB}.Package|Any CPU.ActiveCfg = Debug|Any CPU
		{88162C0C-FB79-479A-B179-922448502AEB}.Package|Any CPU.Build.0 = Debug|Any CPU
		{88162C0C-FB79-479A-B179-922448502AEB}.Release|Any CPU.ActiveCfg = Release|Any CPU
		{88162C0C-FB79-479A-B179-922448502AEB}.Release|Any CPU.Build.0 = Release|Any CPU
		{B83E556C-24D4-4244-BD7E-2F91238966C7}.Debug|Any CPU.ActiveCfg = Debug|Any CPU
		{B83E556C-24D4-4244-BD7E-2F91238966C7}.Debug|Any CPU.Build.0 = Debug|Any CPU
		{B83E556C-24D4-4244-BD7E-2F91238966C7}.Package|Any CPU.ActiveCfg = Package|Any CPU
		{B83E556C-24D4-4244-BD7E-2F91238966C7}.Package|Any CPU.Build.0 = Package|Any CPU
		{B83E556C-24D4-4244-BD7E-2F91238966C7}.Release|Any CPU.ActiveCfg = Release|Any CPU
		{B83E556C-24D4-4244-BD7E-2F91238966C7}.Release|Any CPU.Build.0 = Release|Any CPU
		{F3E23C54-AF97-433A-AD75-5B6EAF369ABC}.Debug|Any CPU.ActiveCfg = Debug|Any CPU
		{F3E23C54-AF97-433A-AD75-5B6EAF369ABC}.Debug|Any CPU.Build.0 = Debug|Any CPU
		{F3E23C54-AF97-433A-AD75-5B6EAF369ABC}.Package|Any CPU.ActiveCfg = Package|Any CPU
		{F3E23C54-AF97-433A-AD75-5B6EAF369ABC}.Package|Any CPU.Build.0 = Package|Any CPU
		{F3E23C54-AF97-433A-AD75-5B6EAF369ABC}.Release|Any CPU.ActiveCfg = Release|Any CPU
		{F3E23C54-AF97-433A-AD75-5B6EAF369ABC}.Release|Any CPU.Build.0 = Release|Any CPU
		{4E4D038E-8CF8-48C4-8B0B-1A325AC4941D}.Debug|Any CPU.ActiveCfg = Debug|Any CPU
		{4E4D038E-8CF8-48C4-8B0B-1A325AC4941D}.Debug|Any CPU.Build.0 = Debug|Any CPU
		{4E4D038E-8CF8-48C4-8B0B-1A325AC4941D}.Package|Any CPU.ActiveCfg = Package|Any CPU
		{4E4D038E-8CF8-48C4-8B0B-1A325AC4941D}.Package|Any CPU.Build.0 = Package|Any CPU
		{4E4D038E-8CF8-48C4-8B0B-1A325AC4941D}.Release|Any CPU.ActiveCfg = Release|Any CPU
		{4E4D038E-8CF8-48C4-8B0B-1A325AC4941D}.Release|Any CPU.Build.0 = Release|Any CPU
		{E8210ED0-53FE-4741-941A-C7D34AEA5759}.Debug|Any CPU.ActiveCfg = Debug|Any CPU
		{E8210ED0-53FE-4741-941A-C7D34AEA5759}.Debug|Any CPU.Build.0 = Debug|Any CPU
		{E8210ED0-53FE-4741-941A-C7D34AEA5759}.Package|Any CPU.ActiveCfg = Package|Any CPU
		{E8210ED0-53FE-4741-941A-C7D34AEA5759}.Package|Any CPU.Build.0 = Package|Any CPU
		{E8210ED0-53FE-4741-941A-C7D34AEA5759}.Release|Any CPU.ActiveCfg = Release|Any CPU
		{E8210ED0-53FE-4741-941A-C7D34AEA5759}.Release|Any CPU.Build.0 = Release|Any CPU
		{F1CB0827-480A-4648-8DA4-5459612C6618}.Debug|Any CPU.ActiveCfg = Debug|Any CPU
		{F1CB0827-480A-4648-8DA4-5459612C6618}.Debug|Any CPU.Build.0 = Debug|Any CPU
		{F1CB0827-480A-4648-8DA4-5459612C6618}.Package|Any CPU.ActiveCfg = Package|Any CPU
		{F1CB0827-480A-4648-8DA4-5459612C6618}.Package|Any CPU.Build.0 = Package|Any CPU
		{F1CB0827-480A-4648-8DA4-5459612C6618}.Release|Any CPU.ActiveCfg = Release|Any CPU
		{F1CB0827-480A-4648-8DA4-5459612C6618}.Release|Any CPU.Build.0 = Release|Any CPU
		{FF984075-E8ED-45E6-9295-685A10C80ABC}.Debug|Any CPU.ActiveCfg = Debug|Any CPU
		{FF984075-E8ED-45E6-9295-685A10C80ABC}.Debug|Any CPU.Build.0 = Debug|Any CPU
		{FF984075-E8ED-45E6-9295-685A10C80ABC}.Package|Any CPU.ActiveCfg = Package|Any CPU
		{FF984075-E8ED-45E6-9295-685A10C80ABC}.Package|Any CPU.Build.0 = Package|Any CPU
		{FF984075-E8ED-45E6-9295-685A10C80ABC}.Release|Any CPU.ActiveCfg = Release|Any CPU
		{FF984075-E8ED-45E6-9295-685A10C80ABC}.Release|Any CPU.Build.0 = Release|Any CPU
		{6570D9BB-8508-4CB9-AE72-E9B4CF90D8CD}.Debug|Any CPU.ActiveCfg = Debug|Any CPU
		{6570D9BB-8508-4CB9-AE72-E9B4CF90D8CD}.Debug|Any CPU.Build.0 = Debug|Any CPU
		{6570D9BB-8508-4CB9-AE72-E9B4CF90D8CD}.Package|Any CPU.ActiveCfg = Package|Any CPU
		{6570D9BB-8508-4CB9-AE72-E9B4CF90D8CD}.Package|Any CPU.Build.0 = Package|Any CPU
		{6570D9BB-8508-4CB9-AE72-E9B4CF90D8CD}.Release|Any CPU.ActiveCfg = Release|Any CPU
		{6570D9BB-8508-4CB9-AE72-E9B4CF90D8CD}.Release|Any CPU.Build.0 = Release|Any CPU
		{00DD10C0-39C4-4EB4-8257-5442B4661BB9}.Debug|Any CPU.ActiveCfg = Debug|Any CPU
		{00DD10C0-39C4-4EB4-8257-5442B4661BB9}.Debug|Any CPU.Build.0 = Debug|Any CPU
		{00DD10C0-39C4-4EB4-8257-5442B4661BB9}.Package|Any CPU.ActiveCfg = Package|Any CPU
		{00DD10C0-39C4-4EB4-8257-5442B4661BB9}.Package|Any CPU.Build.0 = Package|Any CPU
		{00DD10C0-39C4-4EB4-8257-5442B4661BB9}.Release|Any CPU.ActiveCfg = Release|Any CPU
		{00DD10C0-39C4-4EB4-8257-5442B4661BB9}.Release|Any CPU.Build.0 = Release|Any CPU
		{0920771D-EE47-474F-ABAE-CB32C60FEE4D}.Debug|Any CPU.ActiveCfg = Debug|Any CPU
		{0920771D-EE47-474F-ABAE-CB32C60FEE4D}.Debug|Any CPU.Build.0 = Debug|Any CPU
		{0920771D-EE47-474F-ABAE-CB32C60FEE4D}.Package|Any CPU.ActiveCfg = Package|Any CPU
		{0920771D-EE47-474F-ABAE-CB32C60FEE4D}.Package|Any CPU.Build.0 = Package|Any CPU
		{0920771D-EE47-474F-ABAE-CB32C60FEE4D}.Release|Any CPU.ActiveCfg = Release|Any CPU
		{0920771D-EE47-474F-ABAE-CB32C60FEE4D}.Release|Any CPU.Build.0 = Release|Any CPU
		{4C5922FF-E832-4B4C-8D50-3E8843CE195E}.Debug|Any CPU.ActiveCfg = Debug|Any CPU
		{4C5922FF-E832-4B4C-8D50-3E8843CE195E}.Debug|Any CPU.Build.0 = Debug|Any CPU
		{4C5922FF-E832-4B4C-8D50-3E8843CE195E}.Package|Any CPU.ActiveCfg = Package|Any CPU
		{4C5922FF-E832-4B4C-8D50-3E8843CE195E}.Package|Any CPU.Build.0 = Package|Any CPU
		{4C5922FF-E832-4B4C-8D50-3E8843CE195E}.Release|Any CPU.ActiveCfg = Release|Any CPU
		{4C5922FF-E832-4B4C-8D50-3E8843CE195E}.Release|Any CPU.Build.0 = Release|Any CPU
		{F7557C20-BE01-436D-822B-34E1C6E9F432}.Debug|Any CPU.ActiveCfg = Debug|Any CPU
		{F7557C20-BE01-436D-822B-34E1C6E9F432}.Debug|Any CPU.Build.0 = Debug|Any CPU
		{F7557C20-BE01-436D-822B-34E1C6E9F432}.Package|Any CPU.ActiveCfg = Package|Any CPU
		{F7557C20-BE01-436D-822B-34E1C6E9F432}.Package|Any CPU.Build.0 = Package|Any CPU
		{F7557C20-BE01-436D-822B-34E1C6E9F432}.Release|Any CPU.ActiveCfg = Release|Any CPU
		{F7557C20-BE01-436D-822B-34E1C6E9F432}.Release|Any CPU.Build.0 = Release|Any CPU
		{7ADF1976-527C-4873-9481-675E417F97C8}.Debug|Any CPU.ActiveCfg = Debug|Any CPU
		{7ADF1976-527C-4873-9481-675E417F97C8}.Debug|Any CPU.Build.0 = Debug|Any CPU
		{7ADF1976-527C-4873-9481-675E417F97C8}.Package|Any CPU.ActiveCfg = Package|Any CPU
		{7ADF1976-527C-4873-9481-675E417F97C8}.Package|Any CPU.Build.0 = Package|Any CPU
		{7ADF1976-527C-4873-9481-675E417F97C8}.Release|Any CPU.ActiveCfg = Release|Any CPU
		{7ADF1976-527C-4873-9481-675E417F97C8}.Release|Any CPU.Build.0 = Release|Any CPU
		{AA0F1FCA-47DB-49C0-BA28-14198700B25F}.Debug|Any CPU.ActiveCfg = Debug|Any CPU
		{AA0F1FCA-47DB-49C0-BA28-14198700B25F}.Debug|Any CPU.Build.0 = Debug|Any CPU
		{AA0F1FCA-47DB-49C0-BA28-14198700B25F}.Package|Any CPU.ActiveCfg = Debug|Any CPU
		{AA0F1FCA-47DB-49C0-BA28-14198700B25F}.Package|Any CPU.Build.0 = Debug|Any CPU
		{AA0F1FCA-47DB-49C0-BA28-14198700B25F}.Release|Any CPU.ActiveCfg = Release|Any CPU
		{AA0F1FCA-47DB-49C0-BA28-14198700B25F}.Release|Any CPU.Build.0 = Release|Any CPU
		{98057BF8-CFEB-4DE1-A92D-2B145DA4E112}.Debug|Any CPU.ActiveCfg = Debug|Any CPU
		{98057BF8-CFEB-4DE1-A92D-2B145DA4E112}.Debug|Any CPU.Build.0 = Debug|Any CPU
		{98057BF8-CFEB-4DE1-A92D-2B145DA4E112}.Package|Any CPU.ActiveCfg = Debug|Any CPU
		{98057BF8-CFEB-4DE1-A92D-2B145DA4E112}.Package|Any CPU.Build.0 = Debug|Any CPU
		{98057BF8-CFEB-4DE1-A92D-2B145DA4E112}.Release|Any CPU.ActiveCfg = Release|Any CPU
		{98057BF8-CFEB-4DE1-A92D-2B145DA4E112}.Release|Any CPU.Build.0 = Release|Any CPU
		{E8F0234B-FC9D-4B9C-B60E-9AE44400256D}.Debug|Any CPU.ActiveCfg = Debug|Any CPU
		{E8F0234B-FC9D-4B9C-B60E-9AE44400256D}.Debug|Any CPU.Build.0 = Debug|Any CPU
		{E8F0234B-FC9D-4B9C-B60E-9AE44400256D}.Package|Any CPU.ActiveCfg = Debug|Any CPU
		{E8F0234B-FC9D-4B9C-B60E-9AE44400256D}.Package|Any CPU.Build.0 = Debug|Any CPU
		{E8F0234B-FC9D-4B9C-B60E-9AE44400256D}.Release|Any CPU.ActiveCfg = Release|Any CPU
		{E8F0234B-FC9D-4B9C-B60E-9AE44400256D}.Release|Any CPU.Build.0 = Release|Any CPU
		{706AE50B-DFAE-4A0F-A167-7FD2A0D4688B}.Debug|Any CPU.ActiveCfg = Debug|Any CPU
		{706AE50B-DFAE-4A0F-A167-7FD2A0D4688B}.Debug|Any CPU.Build.0 = Debug|Any CPU
		{706AE50B-DFAE-4A0F-A167-7FD2A0D4688B}.Package|Any CPU.ActiveCfg = Package|Any CPU
		{706AE50B-DFAE-4A0F-A167-7FD2A0D4688B}.Package|Any CPU.Build.0 = Package|Any CPU
		{706AE50B-DFAE-4A0F-A167-7FD2A0D4688B}.Release|Any CPU.ActiveCfg = Release|Any CPU
		{706AE50B-DFAE-4A0F-A167-7FD2A0D4688B}.Release|Any CPU.Build.0 = Release|Any CPU
		{108EAD8E-77D6-4ECE-9264-57AEE31A7E53}.Debug|Any CPU.ActiveCfg = Debug|Any CPU
		{108EAD8E-77D6-4ECE-9264-57AEE31A7E53}.Debug|Any CPU.Build.0 = Debug|Any CPU
		{108EAD8E-77D6-4ECE-9264-57AEE31A7E53}.Package|Any CPU.ActiveCfg = Package|Any CPU
		{108EAD8E-77D6-4ECE-9264-57AEE31A7E53}.Package|Any CPU.Build.0 = Package|Any CPU
		{108EAD8E-77D6-4ECE-9264-57AEE31A7E53}.Release|Any CPU.ActiveCfg = Release|Any CPU
		{108EAD8E-77D6-4ECE-9264-57AEE31A7E53}.Release|Any CPU.Build.0 = Release|Any CPU
		{E4B5EE7E-CE4A-4EE4-A10D-B189F17DDC27}.Debug|Any CPU.ActiveCfg = Debug|Any CPU
		{E4B5EE7E-CE4A-4EE4-A10D-B189F17DDC27}.Debug|Any CPU.Build.0 = Debug|Any CPU
		{E4B5EE7E-CE4A-4EE4-A10D-B189F17DDC27}.Package|Any CPU.ActiveCfg = Package|Any CPU
		{E4B5EE7E-CE4A-4EE4-A10D-B189F17DDC27}.Package|Any CPU.Build.0 = Package|Any CPU
		{E4B5EE7E-CE4A-4EE4-A10D-B189F17DDC27}.Release|Any CPU.ActiveCfg = Release|Any CPU
		{E4B5EE7E-CE4A-4EE4-A10D-B189F17DDC27}.Release|Any CPU.Build.0 = Release|Any CPU
		{A3BBB376-D4EE-42E0-A450-91D5CF8A1CCD}.Debug|Any CPU.ActiveCfg = Debug|Any CPU
		{A3BBB376-D4EE-42E0-A450-91D5CF8A1CCD}.Debug|Any CPU.Build.0 = Debug|Any CPU
		{A3BBB376-D4EE-42E0-A450-91D5CF8A1CCD}.Package|Any CPU.ActiveCfg = Package|Any CPU
		{A3BBB376-D4EE-42E0-A450-91D5CF8A1CCD}.Package|Any CPU.Build.0 = Package|Any CPU
		{A3BBB376-D4EE-42E0-A450-91D5CF8A1CCD}.Release|Any CPU.ActiveCfg = Release|Any CPU
		{A3BBB376-D4EE-42E0-A450-91D5CF8A1CCD}.Release|Any CPU.Build.0 = Release|Any CPU
		{7250CEAA-5795-4F9E-B757-D8B9AB9BF1E0}.Debug|Any CPU.ActiveCfg = Debug|Any CPU
		{7250CEAA-5795-4F9E-B757-D8B9AB9BF1E0}.Debug|Any CPU.Build.0 = Debug|Any CPU
		{7250CEAA-5795-4F9E-B757-D8B9AB9BF1E0}.Package|Any CPU.ActiveCfg = Package|Any CPU
		{7250CEAA-5795-4F9E-B757-D8B9AB9BF1E0}.Package|Any CPU.Build.0 = Package|Any CPU
		{7250CEAA-5795-4F9E-B757-D8B9AB9BF1E0}.Release|Any CPU.ActiveCfg = Release|Any CPU
		{7250CEAA-5795-4F9E-B757-D8B9AB9BF1E0}.Release|Any CPU.Build.0 = Release|Any CPU
		{0B473A95-0C51-4119-AEA9-02DFD1EC44C1}.Debug|Any CPU.ActiveCfg = Debug|Any CPU
		{0B473A95-0C51-4119-AEA9-02DFD1EC44C1}.Debug|Any CPU.Build.0 = Debug|Any CPU
		{0B473A95-0C51-4119-AEA9-02DFD1EC44C1}.Package|Any CPU.ActiveCfg = Package|Any CPU
		{0B473A95-0C51-4119-AEA9-02DFD1EC44C1}.Package|Any CPU.Build.0 = Package|Any CPU
		{0B473A95-0C51-4119-AEA9-02DFD1EC44C1}.Release|Any CPU.ActiveCfg = Release|Any CPU
		{0B473A95-0C51-4119-AEA9-02DFD1EC44C1}.Release|Any CPU.Build.0 = Release|Any CPU
		{697F31B3-F3FD-467A-8DAB-784C240715B1}.Debug|Any CPU.ActiveCfg = Debug|Any CPU
		{697F31B3-F3FD-467A-8DAB-784C240715B1}.Debug|Any CPU.Build.0 = Debug|Any CPU
		{697F31B3-F3FD-467A-8DAB-784C240715B1}.Package|Any CPU.ActiveCfg = Package|Any CPU
		{697F31B3-F3FD-467A-8DAB-784C240715B1}.Package|Any CPU.Build.0 = Package|Any CPU
		{697F31B3-F3FD-467A-8DAB-784C240715B1}.Release|Any CPU.ActiveCfg = Release|Any CPU
		{697F31B3-F3FD-467A-8DAB-784C240715B1}.Release|Any CPU.Build.0 = Release|Any CPU
		{5517E8CB-7D5D-4BDB-8704-1838CBE000AB}.Debug|Any CPU.ActiveCfg = Debug|Any CPU
		{5517E8CB-7D5D-4BDB-8704-1838CBE000AB}.Debug|Any CPU.Build.0 = Debug|Any CPU
		{5517E8CB-7D5D-4BDB-8704-1838CBE000AB}.Package|Any CPU.ActiveCfg = Package|Any CPU
		{5517E8CB-7D5D-4BDB-8704-1838CBE000AB}.Package|Any CPU.Build.0 = Package|Any CPU
		{5517E8CB-7D5D-4BDB-8704-1838CBE000AB}.Release|Any CPU.ActiveCfg = Release|Any CPU
		{5517E8CB-7D5D-4BDB-8704-1838CBE000AB}.Release|Any CPU.Build.0 = Release|Any CPU
		{840A9825-D18B-4D83-A34E-982144C01884}.Debug|Any CPU.ActiveCfg = Debug|Any CPU
		{840A9825-D18B-4D83-A34E-982144C01884}.Debug|Any CPU.Build.0 = Debug|Any CPU
		{840A9825-D18B-4D83-A34E-982144C01884}.Package|Any CPU.ActiveCfg = Package|Any CPU
		{840A9825-D18B-4D83-A34E-982144C01884}.Package|Any CPU.Build.0 = Package|Any CPU
		{840A9825-D18B-4D83-A34E-982144C01884}.Release|Any CPU.ActiveCfg = Release|Any CPU
		{840A9825-D18B-4D83-A34E-982144C01884}.Release|Any CPU.Build.0 = Release|Any CPU
		{A371974F-0F8D-4F3E-89A1-D36BC11AE4FE}.Debug|Any CPU.ActiveCfg = Debug|Any CPU
		{A371974F-0F8D-4F3E-89A1-D36BC11AE4FE}.Debug|Any CPU.Build.0 = Debug|Any CPU
		{A371974F-0F8D-4F3E-89A1-D36BC11AE4FE}.Package|Any CPU.ActiveCfg = Package|Any CPU
		{A371974F-0F8D-4F3E-89A1-D36BC11AE4FE}.Package|Any CPU.Build.0 = Package|Any CPU
		{A371974F-0F8D-4F3E-89A1-D36BC11AE4FE}.Release|Any CPU.ActiveCfg = Release|Any CPU
		{A371974F-0F8D-4F3E-89A1-D36BC11AE4FE}.Release|Any CPU.Build.0 = Release|Any CPU
		{4FB44565-B92C-42DD-AE7C-AF07B85E2B78}.Debug|Any CPU.ActiveCfg = Debug|Any CPU
		{4FB44565-B92C-42DD-AE7C-AF07B85E2B78}.Debug|Any CPU.Build.0 = Debug|Any CPU
		{4FB44565-B92C-42DD-AE7C-AF07B85E2B78}.Package|Any CPU.ActiveCfg = Package|Any CPU
		{4FB44565-B92C-42DD-AE7C-AF07B85E2B78}.Package|Any CPU.Build.0 = Package|Any CPU
		{4FB44565-B92C-42DD-AE7C-AF07B85E2B78}.Release|Any CPU.ActiveCfg = Release|Any CPU
		{4FB44565-B92C-42DD-AE7C-AF07B85E2B78}.Release|Any CPU.Build.0 = Release|Any CPU
		{0A9996B7-2DA1-4698-A346-C00F30588D44}.Debug|Any CPU.ActiveCfg = Debug|Any CPU
		{0A9996B7-2DA1-4698-A346-C00F30588D44}.Debug|Any CPU.Build.0 = Debug|Any CPU
		{0A9996B7-2DA1-4698-A346-C00F30588D44}.Package|Any CPU.ActiveCfg = Package|Any CPU
		{0A9996B7-2DA1-4698-A346-C00F30588D44}.Package|Any CPU.Build.0 = Package|Any CPU
		{0A9996B7-2DA1-4698-A346-C00F30588D44}.Release|Any CPU.ActiveCfg = Release|Any CPU
		{0A9996B7-2DA1-4698-A346-C00F30588D44}.Release|Any CPU.Build.0 = Release|Any CPU
		{A74E54FF-7AFD-4908-8D45-492077804B88}.Debug|Any CPU.ActiveCfg = Debug|Any CPU
		{A74E54FF-7AFD-4908-8D45-492077804B88}.Debug|Any CPU.Build.0 = Debug|Any CPU
		{A74E54FF-7AFD-4908-8D45-492077804B88}.Package|Any CPU.ActiveCfg = Package|Any CPU
		{A74E54FF-7AFD-4908-8D45-492077804B88}.Package|Any CPU.Build.0 = Package|Any CPU
		{A74E54FF-7AFD-4908-8D45-492077804B88}.Release|Any CPU.ActiveCfg = Release|Any CPU
		{A74E54FF-7AFD-4908-8D45-492077804B88}.Release|Any CPU.Build.0 = Release|Any CPU
		{A78CB543-CD10-4C4A-8D08-901AEBE63105}.Debug|Any CPU.ActiveCfg = Debug|Any CPU
		{A78CB543-CD10-4C4A-8D08-901AEBE63105}.Debug|Any CPU.Build.0 = Debug|Any CPU
		{A78CB543-CD10-4C4A-8D08-901AEBE63105}.Package|Any CPU.ActiveCfg = Package|Any CPU
		{A78CB543-CD10-4C4A-8D08-901AEBE63105}.Package|Any CPU.Build.0 = Package|Any CPU
		{A78CB543-CD10-4C4A-8D08-901AEBE63105}.Release|Any CPU.ActiveCfg = Release|Any CPU
		{A78CB543-CD10-4C4A-8D08-901AEBE63105}.Release|Any CPU.Build.0 = Release|Any CPU
		{80E3CEB4-100F-437E-931A-BD98C300EA24}.Debug|Any CPU.ActiveCfg = Debug|Any CPU
		{80E3CEB4-100F-437E-931A-BD98C300EA24}.Debug|Any CPU.Build.0 = Debug|Any CPU
		{80E3CEB4-100F-437E-931A-BD98C300EA24}.Package|Any CPU.ActiveCfg = Package|Any CPU
		{80E3CEB4-100F-437E-931A-BD98C300EA24}.Package|Any CPU.Build.0 = Package|Any CPU
		{80E3CEB4-100F-437E-931A-BD98C300EA24}.Release|Any CPU.ActiveCfg = Release|Any CPU
		{80E3CEB4-100F-437E-931A-BD98C300EA24}.Release|Any CPU.Build.0 = Release|Any CPU
		{9CABEAF1-D62E-4DAA-BEFE-4195732237B0}.Debug|Any CPU.ActiveCfg = Debug|Any CPU
		{9CABEAF1-D62E-4DAA-BEFE-4195732237B0}.Debug|Any CPU.Build.0 = Debug|Any CPU
		{9CABEAF1-D62E-4DAA-BEFE-4195732237B0}.Package|Any CPU.ActiveCfg = Package|Any CPU
		{9CABEAF1-D62E-4DAA-BEFE-4195732237B0}.Package|Any CPU.Build.0 = Package|Any CPU
		{9CABEAF1-D62E-4DAA-BEFE-4195732237B0}.Release|Any CPU.ActiveCfg = Release|Any CPU
		{9CABEAF1-D62E-4DAA-BEFE-4195732237B0}.Release|Any CPU.Build.0 = Release|Any CPU
	EndGlobalSection
	GlobalSection(SolutionProperties) = preSolution
		HideSolutionNode = FALSE
	EndGlobalSection
	GlobalSection(NestedProjects) = preSolution
		{88162C0C-FB79-479A-B179-922448502AEB} = {B5F00B7A-EA6D-4765-8BAE-FA2398280BD0}
		{B83E556C-24D4-4244-BD7E-2F91238966C7} = {D6079916-22F7-4B80-94C7-986707B63F04}
		{F3E23C54-AF97-433A-AD75-5B6EAF369ABC} = {D6079916-22F7-4B80-94C7-986707B63F04}
		{4E4D038E-8CF8-48C4-8B0B-1A325AC4941D} = {D6079916-22F7-4B80-94C7-986707B63F04}
		{E8210ED0-53FE-4741-941A-C7D34AEA5759} = {33F293C1-32FD-419D-AD8C-09DAB5CFFB61}
		{F1CB0827-480A-4648-8DA4-5459612C6618} = {33F293C1-32FD-419D-AD8C-09DAB5CFFB61}
		{FF984075-E8ED-45E6-9295-685A10C80ABC} = {D6079916-22F7-4B80-94C7-986707B63F04}
		{6570D9BB-8508-4CB9-AE72-E9B4CF90D8CD} = {33F293C1-32FD-419D-AD8C-09DAB5CFFB61}
		{00DD10C0-39C4-4EB4-8257-5442B4661BB9} = {33F293C1-32FD-419D-AD8C-09DAB5CFFB61}
		{0920771D-EE47-474F-ABAE-CB32C60FEE4D} = {33F293C1-32FD-419D-AD8C-09DAB5CFFB61}
		{4C5922FF-E832-4B4C-8D50-3E8843CE195E} = {33F293C1-32FD-419D-AD8C-09DAB5CFFB61}
		{F7557C20-BE01-436D-822B-34E1C6E9F432} = {33F293C1-32FD-419D-AD8C-09DAB5CFFB61}
		{7ADF1976-527C-4873-9481-675E417F97C8} = {D6079916-22F7-4B80-94C7-986707B63F04}
		{AA0F1FCA-47DB-49C0-BA28-14198700B25F} = {9DA0C30E-512B-4B4D-86F3-B056240A83CF}
		{98057BF8-CFEB-4DE1-A92D-2B145DA4E112} = {81EB5E05-6114-49B0-9BAA-9E5367357DB6}
		{E8F0234B-FC9D-4B9C-B60E-9AE44400256D} = {9DA0C30E-512B-4B4D-86F3-B056240A83CF}
		{706AE50B-DFAE-4A0F-A167-7FD2A0D4688B} = {9DA0C30E-512B-4B4D-86F3-B056240A83CF}
		{108EAD8E-77D6-4ECE-9264-57AEE31A7E53} = {9DA0C30E-512B-4B4D-86F3-B056240A83CF}
		{E4B5EE7E-CE4A-4EE4-A10D-B189F17DDC27} = {9DA0C30E-512B-4B4D-86F3-B056240A83CF}
		{A3BBB376-D4EE-42E0-A450-91D5CF8A1CCD} = {9DA0C30E-512B-4B4D-86F3-B056240A83CF}
		{7250CEAA-5795-4F9E-B757-D8B9AB9BF1E0} = {9DA0C30E-512B-4B4D-86F3-B056240A83CF}
		{0B473A95-0C51-4119-AEA9-02DFD1EC44C1} = {9DA0C30E-512B-4B4D-86F3-B056240A83CF}
		{697F31B3-F3FD-467A-8DAB-784C240715B1} = {66D434A7-B35B-4575-871A-69FF67453B01}
		{5517E8CB-7D5D-4BDB-8704-1838CBE000AB} = {66D434A7-B35B-4575-871A-69FF67453B01}
		{840A9825-D18B-4D83-A34E-982144C01884} = {66D434A7-B35B-4575-871A-69FF67453B01}
		{A371974F-0F8D-4F3E-89A1-D36BC11AE4FE} = {9DA0C30E-512B-4B4D-86F3-B056240A83CF}
		{4FB44565-B92C-42DD-AE7C-AF07B85E2B78} = {9DA0C30E-512B-4B4D-86F3-B056240A83CF}
		{0A9996B7-2DA1-4698-A346-C00F30588D44} = {9DA0C30E-512B-4B4D-86F3-B056240A83CF}
		{A74E54FF-7AFD-4908-8D45-492077804B88} = {66D434A7-B35B-4575-871A-69FF67453B01}
		{A78CB543-CD10-4C4A-8D08-901AEBE63105} = {66D434A7-B35B-4575-871A-69FF67453B01}
		{80E3CEB4-100F-437E-931A-BD98C300EA24} = {66D434A7-B35B-4575-871A-69FF67453B01}
		{9CABEAF1-D62E-4DAA-BEFE-4195732237B0} = {9DA0C30E-512B-4B4D-86F3-B056240A83CF}
	EndGlobalSection
	GlobalSection(ExtensibilityGlobals) = postSolution
		SolutionGuid = {21616B0E-9998-4952-AA9F-6F7930A6F76C}
	EndGlobalSection
EndGlobal
