
Microsoft Visual Studio Solution File, Format Version 12.00
# Visual Studio 15
VisualStudioVersion = 15.0.28307.106
MinimumVisualStudioVersion = 10.0.40219.1
Project("{2150E333-8FDC-42A3-9474-1A3956D46DE8}") = "test", "test", "{D4C3F19E-5540-4765-A82D-4689758612B2}"
EndProject
Project("{2150E333-8FDC-42A3-9474-1A3956D46DE8}") = "src", "src", "{42CB0440-5F85-49A9-81FF-56BFF3D72693}"
EndProject
Project("{9A19103F-16F7-4668-BE54-9A1E7A4F7556}") = "HQ.Extensions.Caching", "HQ.Extensions.Caching\HQ.Extensions.Caching.csproj", "{C7974378-FE10-4260-8786-40676448321F}"
EndProject
Project("{9A19103F-16F7-4668-BE54-9A1E7A4F7556}") = "HQ.Extensions.Dates", "HQ.Extensions.Dates\HQ.Extensions.Dates.csproj", "{71B442D2-EDA4-40CD-8488-747DB54DC2CA}"
EndProject
Project("{9A19103F-16F7-4668-BE54-9A1E7A4F7556}") = "HQ.Extensions.Tests", "..\test\HQ.Extensions.Tests\HQ.Extensions.Tests.csproj", "{D7384A14-35DB-4D3E-9A8D-7D6CD5C6263C}"
EndProject
Project("{9A19103F-16F7-4668-BE54-9A1E7A4F7556}") = "HQ.Extensions.Financial", "HQ.Extensions.Financial\HQ.Extensions.Financial.csproj", "{7F95F547-F6FD-4919-BFE7-A32A054E6811}"
EndProject
Project("{9A19103F-16F7-4668-BE54-9A1E7A4F7556}") = "HQ.Extensions.Caching.AspNetCore.Mvc", "HQ.Extensions.Caching.AspNetCore.Mvc\HQ.Extensions.Caching.AspNetCore.Mvc.csproj", "{A9172316-3663-407B-8CF2-6DA5E97D03D6}"
EndProject
Project("{9A19103F-16F7-4668-BE54-9A1E7A4F7556}") = "HQ.Common", "..\..\HQ.Common\src\HQ.Common\HQ.Common.csproj", "{6631C48C-25E7-47DE-96DD-93F461E91022}"
EndProject
Project("{2150E333-8FDC-42A3-9474-1A3956D46DE8}") = "_Platform", "_Platform", "{F8D7C18C-59B3-49A2-8B91-5326A2CB8581}"
EndProject
Project("{9A19103F-16F7-4668-BE54-9A1E7A4F7556}") = "HQ.Remix", "..\..\HQ.Remix\src\HQ.Remix\HQ.Remix.csproj", "{F5E3C911-A3E3-45A6-9F27-798B3513C42B}"
EndProject
Project("{2150E333-8FDC-42A3-9474-1A3956D46DE8}") = "Solution Items", "Solution Items", "{230D512D-A382-407F-ACED-CB72E00FC0E2}"
	ProjectSection(SolutionItems) = preProject
		..\LICENSE.txt = ..\LICENSE.txt
		..\LICENSE_FULL.txt = ..\LICENSE_FULL.txt
		..\README.md = ..\README.md
		..\THIRD-PARTY-NOTICES.txt = ..\THIRD-PARTY-NOTICES.txt
	EndProjectSection
EndProject
Global
	GlobalSection(SolutionConfigurationPlatforms) = preSolution
		Debug|Any CPU = Debug|Any CPU
		Package|Any CPU = Package|Any CPU
		Release|Any CPU = Release|Any CPU
	EndGlobalSection
	GlobalSection(ProjectConfigurationPlatforms) = postSolution
		{C7974378-FE10-4260-8786-40676448321F}.Debug|Any CPU.ActiveCfg = Debug|Any CPU
		{C7974378-FE10-4260-8786-40676448321F}.Debug|Any CPU.Build.0 = Debug|Any CPU
		{C7974378-FE10-4260-8786-40676448321F}.Package|Any CPU.ActiveCfg = Release|Any CPU
		{C7974378-FE10-4260-8786-40676448321F}.Package|Any CPU.Build.0 = Release|Any CPU
		{C7974378-FE10-4260-8786-40676448321F}.Release|Any CPU.ActiveCfg = Release|Any CPU
		{C7974378-FE10-4260-8786-40676448321F}.Release|Any CPU.Build.0 = Release|Any CPU
		{71B442D2-EDA4-40CD-8488-747DB54DC2CA}.Debug|Any CPU.ActiveCfg = Debug|Any CPU
		{71B442D2-EDA4-40CD-8488-747DB54DC2CA}.Debug|Any CPU.Build.0 = Debug|Any CPU
		{71B442D2-EDA4-40CD-8488-747DB54DC2CA}.Package|Any CPU.ActiveCfg = Release|Any CPU
		{71B442D2-EDA4-40CD-8488-747DB54DC2CA}.Package|Any CPU.Build.0 = Release|Any CPU
		{71B442D2-EDA4-40CD-8488-747DB54DC2CA}.Release|Any CPU.ActiveCfg = Release|Any CPU
		{71B442D2-EDA4-40CD-8488-747DB54DC2CA}.Release|Any CPU.Build.0 = Release|Any CPU
		{D7384A14-35DB-4D3E-9A8D-7D6CD5C6263C}.Debug|Any CPU.ActiveCfg = Debug|Any CPU
		{D7384A14-35DB-4D3E-9A8D-7D6CD5C6263C}.Debug|Any CPU.Build.0 = Debug|Any CPU
		{D7384A14-35DB-4D3E-9A8D-7D6CD5C6263C}.Package|Any CPU.ActiveCfg = Release|Any CPU
		{D7384A14-35DB-4D3E-9A8D-7D6CD5C6263C}.Package|Any CPU.Build.0 = Release|Any CPU
		{D7384A14-35DB-4D3E-9A8D-7D6CD5C6263C}.Release|Any CPU.ActiveCfg = Release|Any CPU
		{D7384A14-35DB-4D3E-9A8D-7D6CD5C6263C}.Release|Any CPU.Build.0 = Release|Any CPU
		{7F95F547-F6FD-4919-BFE7-A32A054E6811}.Debug|Any CPU.ActiveCfg = Debug|Any CPU
		{7F95F547-F6FD-4919-BFE7-A32A054E6811}.Debug|Any CPU.Build.0 = Debug|Any CPU
		{7F95F547-F6FD-4919-BFE7-A32A054E6811}.Package|Any CPU.ActiveCfg = Release|Any CPU
		{7F95F547-F6FD-4919-BFE7-A32A054E6811}.Package|Any CPU.Build.0 = Release|Any CPU
		{7F95F547-F6FD-4919-BFE7-A32A054E6811}.Release|Any CPU.ActiveCfg = Release|Any CPU
		{7F95F547-F6FD-4919-BFE7-A32A054E6811}.Release|Any CPU.Build.0 = Release|Any CPU
		{A9172316-3663-407B-8CF2-6DA5E97D03D6}.Debug|Any CPU.ActiveCfg = Debug|Any CPU
		{A9172316-3663-407B-8CF2-6DA5E97D03D6}.Debug|Any CPU.Build.0 = Debug|Any CPU
		{A9172316-3663-407B-8CF2-6DA5E97D03D6}.Package|Any CPU.ActiveCfg = Debug|Any CPU
		{A9172316-3663-407B-8CF2-6DA5E97D03D6}.Package|Any CPU.Build.0 = Debug|Any CPU
		{A9172316-3663-407B-8CF2-6DA5E97D03D6}.Release|Any CPU.ActiveCfg = Release|Any CPU
		{A9172316-3663-407B-8CF2-6DA5E97D03D6}.Release|Any CPU.Build.0 = Release|Any CPU
		{6631C48C-25E7-47DE-96DD-93F461E91022}.Debug|Any CPU.ActiveCfg = Debug|Any CPU
		{6631C48C-25E7-47DE-96DD-93F461E91022}.Debug|Any CPU.Build.0 = Debug|Any CPU
		{6631C48C-25E7-47DE-96DD-93F461E91022}.Package|Any CPU.ActiveCfg = Package|Any CPU
		{6631C48C-25E7-47DE-96DD-93F461E91022}.Package|Any CPU.Build.0 = Package|Any CPU
		{6631C48C-25E7-47DE-96DD-93F461E91022}.Release|Any CPU.ActiveCfg = Release|Any CPU
		{6631C48C-25E7-47DE-96DD-93F461E91022}.Release|Any CPU.Build.0 = Release|Any CPU
		{F5E3C911-A3E3-45A6-9F27-798B3513C42B}.Debug|Any CPU.ActiveCfg = Debug|Any CPU
		{F5E3C911-A3E3-45A6-9F27-798B3513C42B}.Debug|Any CPU.Build.0 = Debug|Any CPU
		{F5E3C911-A3E3-45A6-9F27-798B3513C42B}.Package|Any CPU.ActiveCfg = Package|Any CPU
		{F5E3C911-A3E3-45A6-9F27-798B3513C42B}.Package|Any CPU.Build.0 = Package|Any CPU
		{F5E3C911-A3E3-45A6-9F27-798B3513C42B}.Release|Any CPU.ActiveCfg = Release|Any CPU
		{F5E3C911-A3E3-45A6-9F27-798B3513C42B}.Release|Any CPU.Build.0 = Release|Any CPU
	EndGlobalSection
	GlobalSection(SolutionProperties) = preSolution
		HideSolutionNode = FALSE
	EndGlobalSection
	GlobalSection(NestedProjects) = preSolution
		{C7974378-FE10-4260-8786-40676448321F} = {42CB0440-5F85-49A9-81FF-56BFF3D72693}
		{71B442D2-EDA4-40CD-8488-747DB54DC2CA} = {42CB0440-5F85-49A9-81FF-56BFF3D72693}
		{D7384A14-35DB-4D3E-9A8D-7D6CD5C6263C} = {D4C3F19E-5540-4765-A82D-4689758612B2}
		{7F95F547-F6FD-4919-BFE7-A32A054E6811} = {42CB0440-5F85-49A9-81FF-56BFF3D72693}
		{A9172316-3663-407B-8CF2-6DA5E97D03D6} = {42CB0440-5F85-49A9-81FF-56BFF3D72693}
		{6631C48C-25E7-47DE-96DD-93F461E91022} = {F8D7C18C-59B3-49A2-8B91-5326A2CB8581}
		{F5E3C911-A3E3-45A6-9F27-798B3513C42B} = {F8D7C18C-59B3-49A2-8B91-5326A2CB8581}
	EndGlobalSection
	GlobalSection(ExtensibilityGlobals) = postSolution
		SolutionGuid = {CB490B66-455C-442C-8BA1-009B569BE8B1}
	EndGlobalSection
EndGlobal
