
Microsoft Visual Studio Solution File, Format Version 12.00
# Visual Studio Version 16
VisualStudioVersion = 16.0.29009.5
MinimumVisualStudioVersion = 10.0.40219.1
Project("{9A19103F-16F7-4668-BE54-9A1E7A4F7556}") = "HQ.Extensions.Scheduling", "HQ.Extensions.Scheduling\HQ.Extensions.Scheduling.csproj", "{88034B66-4711-4698-81B4-97FAE06D17D3}"
EndProject
Project("{9A19103F-16F7-4668-BE54-9A1E7A4F7556}") = "HQ.Extensions.Scheduling.Sqlite", "HQ.Extensions.Scheduling.Sqlite\HQ.Extensions.Scheduling.Sqlite.csproj", "{8936FAB0-86B5-47BF-ABE4-2421795A3CEF}"
EndProject
Project("{9A19103F-16F7-4668-BE54-9A1E7A4F7556}") = "HQ.Common", "HQ.Common\HQ.Common.csproj", "{20411631-90E1-4D3E-B83E-4A1F3A57E298}"
EndProject
Project("{9A19103F-16F7-4668-BE54-9A1E7A4F7556}") = "HQ.Data.Contracts", "HQ.Data.Contracts\HQ.Data.Contracts.csproj", "{1D7B8473-EC6C-4BA9-B178-6D182DF9D7F7}"
EndProject
Project("{9A19103F-16F7-4668-BE54-9A1E7A4F7556}") = "HQ.Data.Contracts.Runtime", "HQ.Data.Contracts.Runtime\HQ.Data.Contracts.Runtime.csproj", "{28703A0B-93D5-4F59-9FED-82678CBB3D26}"
EndProject
Project("{9A19103F-16F7-4668-BE54-9A1E7A4F7556}") = "HQ.Data.SessionManagement", "HQ.Data.SessionManagement\HQ.Data.SessionManagement.csproj", "{2305B622-CD37-4319-AA6A-39BD06D8CCCC}"
EndProject
Project("{9A19103F-16F7-4668-BE54-9A1E7A4F7556}") = "HQ.Extensions.Cryptography", "HQ.Extensions.Cryptography\src\HQ.Extensions.Cryptography\HQ.Extensions.Cryptography.csproj", "{7996EC1B-5795-46D0-8BA0-24198E555C36}"
EndProject
Project("{9A19103F-16F7-4668-BE54-9A1E7A4F7556}") = "HQ.Extensions.Logging", "HQ.Extensions.Logging\src\HQ.Extensions.Logging\HQ.Extensions.Logging.csproj", "{21FC2329-D412-43E3-B245-E87AA996DA5F}"
EndProject
Project("{9A19103F-16F7-4668-BE54-9A1E7A4F7556}") = "HQ.Extensions.DependencyInjection", "HQ.Extensions.DependencyInjection\src\HQ.Extensions.DependencyInjection\HQ.Extensions.DependencyInjection.csproj", "{F10ACE19-CFE1-4736-8F78-4BCE2451AC65}"
EndProject
Project("{9A19103F-16F7-4668-BE54-9A1E7A4F7556}") = "HQ.Extensions.DependencyInjection.AspNetCore", "HQ.Extensions.DependencyInjection\src\HQ.Extensions.DependencyInjection.AspNetCore\HQ.Extensions.DependencyInjection.AspNetCore.csproj", "{C115BD41-8818-4A3B-8E4B-4BC2638A2A74}"
EndProject
Project("{9A19103F-16F7-4668-BE54-9A1E7A4F7556}") = "HQ.Extensions.Metrics", "HQ.Extensions.Metrics\src\HQ.Extensions.Metrics\HQ.Extensions.Metrics.csproj", "{BD49C749-E438-4F17-94B4-AE0485F82B93}"
EndProject
Project("{9A19103F-16F7-4668-BE54-9A1E7A4F7556}") = "HQ.Data.Sql.Sqlite", "HQ.Data.Sql.Sqlite\HQ.Data.Sql.Sqlite.csproj", "{867FF41B-CFDE-41EA-BF9F-98390C500107}"
EndProject
Project("{9A19103F-16F7-4668-BE54-9A1E7A4F7556}") = "HQ.Data.Sql.Queries", "HQ.Data.Sql.Queries\HQ.Data.Sql.Queries.csproj", "{4CF44B39-372F-4400-8908-7778EDCA67E6}"
EndProject
Project("{9A19103F-16F7-4668-BE54-9A1E7A4F7556}") = "HQ.Extensions.Options", "HQ.Extensions.Options\src\HQ.Extensions.Options\HQ.Extensions.Options.csproj", "{7EE04174-7BEA-4E7D-806D-70468887B623}"
EndProject
Project("{2150E333-8FDC-42A3-9474-1A3956D46DE8}") = "build", "build", "{3845F5E7-9E7B-4021-A1BD-24DE05666129}"
	ProjectSection(SolutionItems) = preProject
		..\build\build.props = ..\build\build.props
		..\build\package.props = ..\build\package.props
		..\build\version.props = ..\build\version.props
	EndProjectSection
EndProject
Project("{9A19103F-16F7-4668-BE54-9A1E7A4F7556}") = "PackagePrep", "..\package\PackagePrep\PackagePrep.csproj", "{BBCCCFB6-6D0D-4D50-93A6-6316AD37A2D4}"
EndProject
Project("{9A19103F-16F7-4668-BE54-9A1E7A4F7556}") = "TypeKitchen", "..\..\TypeKitchen\src\TypeKitchen\TypeKitchen.csproj", "{94B01D04-4F92-4739-8AFF-C16AB06C56DC}"
EndProject
Project("{9A19103F-16F7-4668-BE54-9A1E7A4F7556}") = "HQ.Extensions.Scheduling.Tests", "..\test\HQ.Extensions.Scheduling.Tests\HQ.Extensions.Scheduling.Tests.csproj", "{51510323-6FBA-4263-9C1F-3B8ED6A93F32}"
EndProject
Project("{9A19103F-16F7-4668-BE54-9A1E7A4F7556}") = "HQ.Test.Sdk", "HQ.Test.Sdk\HQ.Test.Sdk.csproj", "{D71DD821-ACF9-4664-8305-CFC51A698362}"
EndProject
Project("{9A19103F-16F7-4668-BE54-9A1E7A4F7556}") = "HQ.Test.Sdk.Xunit", "HQ.Test.Sdk.Xunit\HQ.Test.Sdk.Xunit.csproj", "{994FE232-AB7A-4955-B25A-33FAC99D7378}"
EndProject
Project("{9A19103F-16F7-4668-BE54-9A1E7A4F7556}") = "HQ.Test.Sdk.Data", "HQ.Test.Sdk.Data\HQ.Test.Sdk.Data.csproj", "{8ECC3669-8F13-4B14-BD60-86E9C105B194}"
EndProject
Project("{9A19103F-16F7-4668-BE54-9A1E7A4F7556}") = "HQ.Data.Sql.Tests", "..\test\HQ.Data.Sql.Tests\HQ.Data.Sql.Tests.csproj", "{B38B1DCD-4F4D-4740-B2AD-59F3607464C3}"
EndProject
Project("{2150E333-8FDC-42A3-9474-1A3956D46DE8}") = "test", "test", "{D1056BE5-DE29-4E34-B14A-C2B78C40B6E5}"
EndProject
Project("{2150E333-8FDC-42A3-9474-1A3956D46DE8}") = "src", "src", "{FAB975A7-8738-4C18-A756-2644B72B6000}"
EndProject
Project("{9A19103F-16F7-4668-BE54-9A1E7A4F7556}") = "HQ.Data.Sql.Dapper", "HQ.Data.Sql.Dapper\HQ.Data.Sql.Dapper.csproj", "{BCD28BAD-8444-41CF-962B-AE39F1654354}"
EndProject
Project("{9A19103F-16F7-4668-BE54-9A1E7A4F7556}") = "HQ.Data.Sql.Descriptor", "HQ.Data.Sql.Descriptor\HQ.Data.Sql.Descriptor.csproj", "{90067111-306B-49E8-AF02-E4D41801D647}"
EndProject
Project("{9A19103F-16F7-4668-BE54-9A1E7A4F7556}") = "HQ.Data.Sql.Builders", "HQ.Data.Sql.Builders\HQ.Data.Sql.Builders.csproj", "{AC417B60-F92D-4080-8B20-F05FC915DB65}"
EndProject
Project("{2150E333-8FDC-42A3-9474-1A3956D46DE8}") = "integrations", "integrations", "{5698B73E-5D74-4B17-A589-421FFF6CB17E}"
EndProject
Project("{FAE04EC0-301F-11D3-BF4B-00C04F79EFBC}") = "HQ.Extensions.Scheduling.SqlServer", "HQ.Extensions.Scheduling.SqlServer\HQ.Extensions.Scheduling.SqlServer.csproj", "{9393A719-8763-4950-A700-15BC5FA6E80F}"
EndProject
Project("{FAE04EC0-301F-11D3-BF4B-00C04F79EFBC}") = "HQ.Extensions.Scheduling.DocumentDb", "HQ.Extensions.Scheduling.DocumentDb\HQ.Extensions.Scheduling.DocumentDb.csproj", "{F05A379A-96A3-41AB-A23A-A2424ED3E015}"
EndProject
Project("{9A19103F-16F7-4668-BE54-9A1E7A4F7556}") = "HQ.Data.Sql.SqlServer", "HQ.Data.Sql.SqlServer\HQ.Data.Sql.SqlServer.csproj", "{FEBC34A0-00B6-4455-926C-198E704A2042}"
EndProject
Project("{9A19103F-16F7-4668-BE54-9A1E7A4F7556}") = "HQ.Data.SessionManagement.SqlServer", "HQ.Data.SessionManagement.SqlServer\HQ.Data.SessionManagement.SqlServer.csproj", "{413C3731-EF83-487A-B7E0-55FE644136ED}"
EndProject
Project("{9A19103F-16F7-4668-BE54-9A1E7A4F7556}") = "HQ.Data.SessionManagement.Sqlite", "HQ.Data.SessionManagement.Sqlite\HQ.Data.SessionManagement.Sqlite.csproj", "{4E5A5777-0858-4796-B015-8BF3B4B1993B}"
EndProject
Project("{9A19103F-16F7-4668-BE54-9A1E7A4F7556}") = "HQ.Data.Sql", "HQ.Data.Sql\HQ.Data.Sql.csproj", "{2CB2C6C0-9F3B-4AE6-A971-668FF25DF33E}"
EndProject
Project("{9A19103F-16F7-4668-BE54-9A1E7A4F7556}") = "HQ.Data.Sql.DocumentDb", "HQ.Data.Sql.DocumentDb\HQ.Data.Sql.DocumentDb.csproj", "{1B801CF0-C41B-490F-8281-E1632FE25BB4}"
EndProject
Project("{9A19103F-16F7-4668-BE54-9A1E7A4F7556}") = "HQ.Data.SessionManagement.DocumentDb", "HQ.Data.SessionManagement.DocumentDb\HQ.Data.SessionManagement.DocumentDb.csproj", "{6EF52D59-A9EF-4A22-98F9-BB85DEB7F8EF}"
EndProject
Project("{9A19103F-16F7-4668-BE54-9A1E7A4F7556}") = "System.Data.DocumentDb", "..\..\HQ.Community\System.Data.DocumentDb\src\System.Data.DocumentDb\System.Data.DocumentDb.csproj", "{A342F53A-A726-4795-ABC9-75D78C3A827C}"
EndProject
Global
	GlobalSection(SolutionConfigurationPlatforms) = preSolution
		Debug|Any CPU = Debug|Any CPU
		Package|Any CPU = Package|Any CPU
		Release|Any CPU = Release|Any CPU
	EndGlobalSection
	GlobalSection(ProjectConfigurationPlatforms) = postSolution
		{88034B66-4711-4698-81B4-97FAE06D17D3}.Debug|Any CPU.ActiveCfg = Debug|Any CPU
		{88034B66-4711-4698-81B4-97FAE06D17D3}.Debug|Any CPU.Build.0 = Debug|Any CPU
		{88034B66-4711-4698-81B4-97FAE06D17D3}.Package|Any CPU.ActiveCfg = Debug|Any CPU
		{88034B66-4711-4698-81B4-97FAE06D17D3}.Package|Any CPU.Build.0 = Debug|Any CPU
		{88034B66-4711-4698-81B4-97FAE06D17D3}.Release|Any CPU.ActiveCfg = Release|Any CPU
		{88034B66-4711-4698-81B4-97FAE06D17D3}.Release|Any CPU.Build.0 = Release|Any CPU
		{8936FAB0-86B5-47BF-ABE4-2421795A3CEF}.Debug|Any CPU.ActiveCfg = Debug|Any CPU
		{8936FAB0-86B5-47BF-ABE4-2421795A3CEF}.Debug|Any CPU.Build.0 = Debug|Any CPU
		{8936FAB0-86B5-47BF-ABE4-2421795A3CEF}.Package|Any CPU.ActiveCfg = Debug|Any CPU
		{8936FAB0-86B5-47BF-ABE4-2421795A3CEF}.Package|Any CPU.Build.0 = Debug|Any CPU
		{8936FAB0-86B5-47BF-ABE4-2421795A3CEF}.Release|Any CPU.ActiveCfg = Release|Any CPU
		{8936FAB0-86B5-47BF-ABE4-2421795A3CEF}.Release|Any CPU.Build.0 = Release|Any CPU
		{20411631-90E1-4D3E-B83E-4A1F3A57E298}.Debug|Any CPU.ActiveCfg = Debug|Any CPU
		{20411631-90E1-4D3E-B83E-4A1F3A57E298}.Debug|Any CPU.Build.0 = Debug|Any CPU
		{20411631-90E1-4D3E-B83E-4A1F3A57E298}.Package|Any CPU.ActiveCfg = Package|Any CPU
		{20411631-90E1-4D3E-B83E-4A1F3A57E298}.Package|Any CPU.Build.0 = Package|Any CPU
		{20411631-90E1-4D3E-B83E-4A1F3A57E298}.Release|Any CPU.ActiveCfg = Release|Any CPU
		{20411631-90E1-4D3E-B83E-4A1F3A57E298}.Release|Any CPU.Build.0 = Release|Any CPU
		{1D7B8473-EC6C-4BA9-B178-6D182DF9D7F7}.Debug|Any CPU.ActiveCfg = Debug|Any CPU
		{1D7B8473-EC6C-4BA9-B178-6D182DF9D7F7}.Debug|Any CPU.Build.0 = Debug|Any CPU
		{1D7B8473-EC6C-4BA9-B178-6D182DF9D7F7}.Package|Any CPU.ActiveCfg = Package|Any CPU
		{1D7B8473-EC6C-4BA9-B178-6D182DF9D7F7}.Package|Any CPU.Build.0 = Package|Any CPU
		{1D7B8473-EC6C-4BA9-B178-6D182DF9D7F7}.Release|Any CPU.ActiveCfg = Release|Any CPU
		{1D7B8473-EC6C-4BA9-B178-6D182DF9D7F7}.Release|Any CPU.Build.0 = Release|Any CPU
		{28703A0B-93D5-4F59-9FED-82678CBB3D26}.Debug|Any CPU.ActiveCfg = Debug|Any CPU
		{28703A0B-93D5-4F59-9FED-82678CBB3D26}.Debug|Any CPU.Build.0 = Debug|Any CPU
		{28703A0B-93D5-4F59-9FED-82678CBB3D26}.Package|Any CPU.ActiveCfg = Package|Any CPU
		{28703A0B-93D5-4F59-9FED-82678CBB3D26}.Package|Any CPU.Build.0 = Package|Any CPU
		{28703A0B-93D5-4F59-9FED-82678CBB3D26}.Release|Any CPU.ActiveCfg = Release|Any CPU
		{28703A0B-93D5-4F59-9FED-82678CBB3D26}.Release|Any CPU.Build.0 = Release|Any CPU
		{2305B622-CD37-4319-AA6A-39BD06D8CCCC}.Debug|Any CPU.ActiveCfg = Debug|Any CPU
		{2305B622-CD37-4319-AA6A-39BD06D8CCCC}.Debug|Any CPU.Build.0 = Debug|Any CPU
		{2305B622-CD37-4319-AA6A-39BD06D8CCCC}.Package|Any CPU.ActiveCfg = Package|Any CPU
		{2305B622-CD37-4319-AA6A-39BD06D8CCCC}.Package|Any CPU.Build.0 = Package|Any CPU
		{2305B622-CD37-4319-AA6A-39BD06D8CCCC}.Release|Any CPU.ActiveCfg = Release|Any CPU
		{2305B622-CD37-4319-AA6A-39BD06D8CCCC}.Release|Any CPU.Build.0 = Release|Any CPU
		{7996EC1B-5795-46D0-8BA0-24198E555C36}.Debug|Any CPU.ActiveCfg = Debug|Any CPU
		{7996EC1B-5795-46D0-8BA0-24198E555C36}.Debug|Any CPU.Build.0 = Debug|Any CPU
		{7996EC1B-5795-46D0-8BA0-24198E555C36}.Package|Any CPU.ActiveCfg = Package|Any CPU
		{7996EC1B-5795-46D0-8BA0-24198E555C36}.Package|Any CPU.Build.0 = Package|Any CPU
		{7996EC1B-5795-46D0-8BA0-24198E555C36}.Release|Any CPU.ActiveCfg = Release|Any CPU
		{7996EC1B-5795-46D0-8BA0-24198E555C36}.Release|Any CPU.Build.0 = Release|Any CPU
		{21FC2329-D412-43E3-B245-E87AA996DA5F}.Debug|Any CPU.ActiveCfg = Debug|Any CPU
		{21FC2329-D412-43E3-B245-E87AA996DA5F}.Debug|Any CPU.Build.0 = Debug|Any CPU
		{21FC2329-D412-43E3-B245-E87AA996DA5F}.Package|Any CPU.ActiveCfg = Package|Any CPU
		{21FC2329-D412-43E3-B245-E87AA996DA5F}.Package|Any CPU.Build.0 = Package|Any CPU
		{21FC2329-D412-43E3-B245-E87AA996DA5F}.Release|Any CPU.ActiveCfg = Release|Any CPU
		{21FC2329-D412-43E3-B245-E87AA996DA5F}.Release|Any CPU.Build.0 = Release|Any CPU
		{F10ACE19-CFE1-4736-8F78-4BCE2451AC65}.Debug|Any CPU.ActiveCfg = Debug|Any CPU
		{F10ACE19-CFE1-4736-8F78-4BCE2451AC65}.Debug|Any CPU.Build.0 = Debug|Any CPU
		{F10ACE19-CFE1-4736-8F78-4BCE2451AC65}.Package|Any CPU.ActiveCfg = Package|Any CPU
		{F10ACE19-CFE1-4736-8F78-4BCE2451AC65}.Package|Any CPU.Build.0 = Package|Any CPU
		{F10ACE19-CFE1-4736-8F78-4BCE2451AC65}.Release|Any CPU.ActiveCfg = Release|Any CPU
		{F10ACE19-CFE1-4736-8F78-4BCE2451AC65}.Release|Any CPU.Build.0 = Release|Any CPU
		{C115BD41-8818-4A3B-8E4B-4BC2638A2A74}.Debug|Any CPU.ActiveCfg = Debug|Any CPU
		{C115BD41-8818-4A3B-8E4B-4BC2638A2A74}.Debug|Any CPU.Build.0 = Debug|Any CPU
		{C115BD41-8818-4A3B-8E4B-4BC2638A2A74}.Package|Any CPU.ActiveCfg = Package|Any CPU
		{C115BD41-8818-4A3B-8E4B-4BC2638A2A74}.Package|Any CPU.Build.0 = Package|Any CPU
		{C115BD41-8818-4A3B-8E4B-4BC2638A2A74}.Release|Any CPU.ActiveCfg = Release|Any CPU
		{C115BD41-8818-4A3B-8E4B-4BC2638A2A74}.Release|Any CPU.Build.0 = Release|Any CPU
		{BD49C749-E438-4F17-94B4-AE0485F82B93}.Debug|Any CPU.ActiveCfg = Debug|Any CPU
		{BD49C749-E438-4F17-94B4-AE0485F82B93}.Debug|Any CPU.Build.0 = Debug|Any CPU
		{BD49C749-E438-4F17-94B4-AE0485F82B93}.Package|Any CPU.ActiveCfg = Package|Any CPU
		{BD49C749-E438-4F17-94B4-AE0485F82B93}.Package|Any CPU.Build.0 = Package|Any CPU
		{BD49C749-E438-4F17-94B4-AE0485F82B93}.Release|Any CPU.ActiveCfg = Release|Any CPU
		{BD49C749-E438-4F17-94B4-AE0485F82B93}.Release|Any CPU.Build.0 = Release|Any CPU
		{867FF41B-CFDE-41EA-BF9F-98390C500107}.Debug|Any CPU.ActiveCfg = Debug|Any CPU
		{867FF41B-CFDE-41EA-BF9F-98390C500107}.Debug|Any CPU.Build.0 = Debug|Any CPU
		{867FF41B-CFDE-41EA-BF9F-98390C500107}.Package|Any CPU.ActiveCfg = Package|Any CPU
		{867FF41B-CFDE-41EA-BF9F-98390C500107}.Package|Any CPU.Build.0 = Package|Any CPU
		{867FF41B-CFDE-41EA-BF9F-98390C500107}.Release|Any CPU.ActiveCfg = Release|Any CPU
		{867FF41B-CFDE-41EA-BF9F-98390C500107}.Release|Any CPU.Build.0 = Release|Any CPU
		{4CF44B39-372F-4400-8908-7778EDCA67E6}.Debug|Any CPU.ActiveCfg = Debug|Any CPU
		{4CF44B39-372F-4400-8908-7778EDCA67E6}.Debug|Any CPU.Build.0 = Debug|Any CPU
		{4CF44B39-372F-4400-8908-7778EDCA67E6}.Package|Any CPU.ActiveCfg = Package|Any CPU
		{4CF44B39-372F-4400-8908-7778EDCA67E6}.Package|Any CPU.Build.0 = Package|Any CPU
		{4CF44B39-372F-4400-8908-7778EDCA67E6}.Release|Any CPU.ActiveCfg = Release|Any CPU
		{4CF44B39-372F-4400-8908-7778EDCA67E6}.Release|Any CPU.Build.0 = Release|Any CPU
		{7EE04174-7BEA-4E7D-806D-70468887B623}.Debug|Any CPU.ActiveCfg = Debug|Any CPU
		{7EE04174-7BEA-4E7D-806D-70468887B623}.Debug|Any CPU.Build.0 = Debug|Any CPU
		{7EE04174-7BEA-4E7D-806D-70468887B623}.Package|Any CPU.ActiveCfg = Package|Any CPU
		{7EE04174-7BEA-4E7D-806D-70468887B623}.Package|Any CPU.Build.0 = Package|Any CPU
		{7EE04174-7BEA-4E7D-806D-70468887B623}.Release|Any CPU.ActiveCfg = Release|Any CPU
		{7EE04174-7BEA-4E7D-806D-70468887B623}.Release|Any CPU.Build.0 = Release|Any CPU
		{BBCCCFB6-6D0D-4D50-93A6-6316AD37A2D4}.Debug|Any CPU.ActiveCfg = Debug|Any CPU
		{BBCCCFB6-6D0D-4D50-93A6-6316AD37A2D4}.Debug|Any CPU.Build.0 = Debug|Any CPU
		{BBCCCFB6-6D0D-4D50-93A6-6316AD37A2D4}.Package|Any CPU.ActiveCfg = Debug|Any CPU
		{BBCCCFB6-6D0D-4D50-93A6-6316AD37A2D4}.Package|Any CPU.Build.0 = Debug|Any CPU
		{BBCCCFB6-6D0D-4D50-93A6-6316AD37A2D4}.Release|Any CPU.ActiveCfg = Release|Any CPU
		{BBCCCFB6-6D0D-4D50-93A6-6316AD37A2D4}.Release|Any CPU.Build.0 = Release|Any CPU
		{94B01D04-4F92-4739-8AFF-C16AB06C56DC}.Debug|Any CPU.ActiveCfg = Debug|Any CPU
		{94B01D04-4F92-4739-8AFF-C16AB06C56DC}.Debug|Any CPU.Build.0 = Debug|Any CPU
		{94B01D04-4F92-4739-8AFF-C16AB06C56DC}.Package|Any CPU.ActiveCfg = Package|Any CPU
		{94B01D04-4F92-4739-8AFF-C16AB06C56DC}.Package|Any CPU.Build.0 = Package|Any CPU
		{94B01D04-4F92-4739-8AFF-C16AB06C56DC}.Release|Any CPU.ActiveCfg = Release|Any CPU
		{94B01D04-4F92-4739-8AFF-C16AB06C56DC}.Release|Any CPU.Build.0 = Release|Any CPU
		{51510323-6FBA-4263-9C1F-3B8ED6A93F32}.Debug|Any CPU.ActiveCfg = Debug|Any CPU
		{51510323-6FBA-4263-9C1F-3B8ED6A93F32}.Debug|Any CPU.Build.0 = Debug|Any CPU
		{51510323-6FBA-4263-9C1F-3B8ED6A93F32}.Package|Any CPU.ActiveCfg = Debug|Any CPU
		{51510323-6FBA-4263-9C1F-3B8ED6A93F32}.Package|Any CPU.Build.0 = Debug|Any CPU
		{51510323-6FBA-4263-9C1F-3B8ED6A93F32}.Release|Any CPU.ActiveCfg = Release|Any CPU
		{51510323-6FBA-4263-9C1F-3B8ED6A93F32}.Release|Any CPU.Build.0 = Release|Any CPU
		{D71DD821-ACF9-4664-8305-CFC51A698362}.Debug|Any CPU.ActiveCfg = Debug|Any CPU
		{D71DD821-ACF9-4664-8305-CFC51A698362}.Debug|Any CPU.Build.0 = Debug|Any CPU
		{D71DD821-ACF9-4664-8305-CFC51A698362}.Package|Any CPU.ActiveCfg = Package|Any CPU
		{D71DD821-ACF9-4664-8305-CFC51A698362}.Package|Any CPU.Build.0 = Package|Any CPU
		{D71DD821-ACF9-4664-8305-CFC51A698362}.Release|Any CPU.ActiveCfg = Release|Any CPU
		{D71DD821-ACF9-4664-8305-CFC51A698362}.Release|Any CPU.Build.0 = Release|Any CPU
		{994FE232-AB7A-4955-B25A-33FAC99D7378}.Debug|Any CPU.ActiveCfg = Debug|Any CPU
		{994FE232-AB7A-4955-B25A-33FAC99D7378}.Debug|Any CPU.Build.0 = Debug|Any CPU
		{994FE232-AB7A-4955-B25A-33FAC99D7378}.Package|Any CPU.ActiveCfg = Package|Any CPU
		{994FE232-AB7A-4955-B25A-33FAC99D7378}.Package|Any CPU.Build.0 = Package|Any CPU
		{994FE232-AB7A-4955-B25A-33FAC99D7378}.Release|Any CPU.ActiveCfg = Release|Any CPU
		{994FE232-AB7A-4955-B25A-33FAC99D7378}.Release|Any CPU.Build.0 = Release|Any CPU
		{8ECC3669-8F13-4B14-BD60-86E9C105B194}.Debug|Any CPU.ActiveCfg = Debug|Any CPU
		{8ECC3669-8F13-4B14-BD60-86E9C105B194}.Debug|Any CPU.Build.0 = Debug|Any CPU
		{8ECC3669-8F13-4B14-BD60-86E9C105B194}.Package|Any CPU.ActiveCfg = Debug|Any CPU
		{8ECC3669-8F13-4B14-BD60-86E9C105B194}.Package|Any CPU.Build.0 = Debug|Any CPU
		{8ECC3669-8F13-4B14-BD60-86E9C105B194}.Release|Any CPU.ActiveCfg = Release|Any CPU
		{8ECC3669-8F13-4B14-BD60-86E9C105B194}.Release|Any CPU.Build.0 = Release|Any CPU
		{B38B1DCD-4F4D-4740-B2AD-59F3607464C3}.Debug|Any CPU.ActiveCfg = Debug|Any CPU
		{B38B1DCD-4F4D-4740-B2AD-59F3607464C3}.Debug|Any CPU.Build.0 = Debug|Any CPU
		{B38B1DCD-4F4D-4740-B2AD-59F3607464C3}.Package|Any CPU.ActiveCfg = Debug|Any CPU
		{B38B1DCD-4F4D-4740-B2AD-59F3607464C3}.Package|Any CPU.Build.0 = Debug|Any CPU
		{B38B1DCD-4F4D-4740-B2AD-59F3607464C3}.Release|Any CPU.ActiveCfg = Release|Any CPU
		{B38B1DCD-4F4D-4740-B2AD-59F3607464C3}.Release|Any CPU.Build.0 = Release|Any CPU
		{BCD28BAD-8444-41CF-962B-AE39F1654354}.Debug|Any CPU.ActiveCfg = Debug|Any CPU
		{BCD28BAD-8444-41CF-962B-AE39F1654354}.Debug|Any CPU.Build.0 = Debug|Any CPU
		{BCD28BAD-8444-41CF-962B-AE39F1654354}.Package|Any CPU.ActiveCfg = Package|Any CPU
		{BCD28BAD-8444-41CF-962B-AE39F1654354}.Package|Any CPU.Build.0 = Package|Any CPU
		{BCD28BAD-8444-41CF-962B-AE39F1654354}.Release|Any CPU.ActiveCfg = Release|Any CPU
		{BCD28BAD-8444-41CF-962B-AE39F1654354}.Release|Any CPU.Build.0 = Release|Any CPU
		{90067111-306B-49E8-AF02-E4D41801D647}.Debug|Any CPU.ActiveCfg = Debug|Any CPU
		{90067111-306B-49E8-AF02-E4D41801D647}.Debug|Any CPU.Build.0 = Debug|Any CPU
		{90067111-306B-49E8-AF02-E4D41801D647}.Package|Any CPU.ActiveCfg = Package|Any CPU
		{90067111-306B-49E8-AF02-E4D41801D647}.Package|Any CPU.Build.0 = Package|Any CPU
		{90067111-306B-49E8-AF02-E4D41801D647}.Release|Any CPU.ActiveCfg = Release|Any CPU
		{90067111-306B-49E8-AF02-E4D41801D647}.Release|Any CPU.Build.0 = Release|Any CPU
		{AC417B60-F92D-4080-8B20-F05FC915DB65}.Debug|Any CPU.ActiveCfg = Debug|Any CPU
		{AC417B60-F92D-4080-8B20-F05FC915DB65}.Debug|Any CPU.Build.0 = Debug|Any CPU
		{AC417B60-F92D-4080-8B20-F05FC915DB65}.Package|Any CPU.ActiveCfg = Package|Any CPU
		{AC417B60-F92D-4080-8B20-F05FC915DB65}.Package|Any CPU.Build.0 = Package|Any CPU
		{AC417B60-F92D-4080-8B20-F05FC915DB65}.Release|Any CPU.ActiveCfg = Release|Any CPU
		{AC417B60-F92D-4080-8B20-F05FC915DB65}.Release|Any CPU.Build.0 = Release|Any CPU
		{9393A719-8763-4950-A700-15BC5FA6E80F}.Debug|Any CPU.ActiveCfg = Debug|Any CPU
		{9393A719-8763-4950-A700-15BC5FA6E80F}.Debug|Any CPU.Build.0 = Debug|Any CPU
		{9393A719-8763-4950-A700-15BC5FA6E80F}.Package|Any CPU.ActiveCfg = Debug|Any CPU
		{9393A719-8763-4950-A700-15BC5FA6E80F}.Package|Any CPU.Build.0 = Debug|Any CPU
		{9393A719-8763-4950-A700-15BC5FA6E80F}.Release|Any CPU.ActiveCfg = Release|Any CPU
		{9393A719-8763-4950-A700-15BC5FA6E80F}.Release|Any CPU.Build.0 = Release|Any CPU
		{F05A379A-96A3-41AB-A23A-A2424ED3E015}.Debug|Any CPU.ActiveCfg = Debug|Any CPU
		{F05A379A-96A3-41AB-A23A-A2424ED3E015}.Debug|Any CPU.Build.0 = Debug|Any CPU
		{F05A379A-96A3-41AB-A23A-A2424ED3E015}.Package|Any CPU.ActiveCfg = Debug|Any CPU
		{F05A379A-96A3-41AB-A23A-A2424ED3E015}.Package|Any CPU.Build.0 = Debug|Any CPU
		{F05A379A-96A3-41AB-A23A-A2424ED3E015}.Release|Any CPU.ActiveCfg = Release|Any CPU
		{F05A379A-96A3-41AB-A23A-A2424ED3E015}.Release|Any CPU.Build.0 = Release|Any CPU
		{FEBC34A0-00B6-4455-926C-198E704A2042}.Debug|Any CPU.ActiveCfg = Debug|Any CPU
		{FEBC34A0-00B6-4455-926C-198E704A2042}.Debug|Any CPU.Build.0 = Debug|Any CPU
		{FEBC34A0-00B6-4455-926C-198E704A2042}.Package|Any CPU.ActiveCfg = Package|Any CPU
		{FEBC34A0-00B6-4455-926C-198E704A2042}.Package|Any CPU.Build.0 = Package|Any CPU
		{FEBC34A0-00B6-4455-926C-198E704A2042}.Release|Any CPU.ActiveCfg = Release|Any CPU
		{FEBC34A0-00B6-4455-926C-198E704A2042}.Release|Any CPU.Build.0 = Release|Any CPU
		{413C3731-EF83-487A-B7E0-55FE644136ED}.Debug|Any CPU.ActiveCfg = Debug|Any CPU
		{413C3731-EF83-487A-B7E0-55FE644136ED}.Debug|Any CPU.Build.0 = Debug|Any CPU
		{413C3731-EF83-487A-B7E0-55FE644136ED}.Package|Any CPU.ActiveCfg = Package|Any CPU
		{413C3731-EF83-487A-B7E0-55FE644136ED}.Package|Any CPU.Build.0 = Package|Any CPU
		{413C3731-EF83-487A-B7E0-55FE644136ED}.Release|Any CPU.ActiveCfg = Release|Any CPU
		{413C3731-EF83-487A-B7E0-55FE644136ED}.Release|Any CPU.Build.0 = Release|Any CPU
		{4E5A5777-0858-4796-B015-8BF3B4B1993B}.Debug|Any CPU.ActiveCfg = Debug|Any CPU
		{4E5A5777-0858-4796-B015-8BF3B4B1993B}.Debug|Any CPU.Build.0 = Debug|Any CPU
		{4E5A5777-0858-4796-B015-8BF3B4B1993B}.Package|Any CPU.ActiveCfg = Package|Any CPU
		{4E5A5777-0858-4796-B015-8BF3B4B1993B}.Package|Any CPU.Build.0 = Package|Any CPU
		{4E5A5777-0858-4796-B015-8BF3B4B1993B}.Release|Any CPU.ActiveCfg = Release|Any CPU
		{4E5A5777-0858-4796-B015-8BF3B4B1993B}.Release|Any CPU.Build.0 = Release|Any CPU
		{2CB2C6C0-9F3B-4AE6-A971-668FF25DF33E}.Debug|Any CPU.ActiveCfg = Debug|Any CPU
		{2CB2C6C0-9F3B-4AE6-A971-668FF25DF33E}.Debug|Any CPU.Build.0 = Debug|Any CPU
		{2CB2C6C0-9F3B-4AE6-A971-668FF25DF33E}.Package|Any CPU.ActiveCfg = Package|Any CPU
		{2CB2C6C0-9F3B-4AE6-A971-668FF25DF33E}.Package|Any CPU.Build.0 = Package|Any CPU
		{2CB2C6C0-9F3B-4AE6-A971-668FF25DF33E}.Release|Any CPU.ActiveCfg = Release|Any CPU
		{2CB2C6C0-9F3B-4AE6-A971-668FF25DF33E}.Release|Any CPU.Build.0 = Release|Any CPU
		{1B801CF0-C41B-490F-8281-E1632FE25BB4}.Debug|Any CPU.ActiveCfg = Debug|Any CPU
		{1B801CF0-C41B-490F-8281-E1632FE25BB4}.Debug|Any CPU.Build.0 = Debug|Any CPU
		{1B801CF0-C41B-490F-8281-E1632FE25BB4}.Package|Any CPU.ActiveCfg = Package|Any CPU
		{1B801CF0-C41B-490F-8281-E1632FE25BB4}.Package|Any CPU.Build.0 = Package|Any CPU
		{1B801CF0-C41B-490F-8281-E1632FE25BB4}.Release|Any CPU.ActiveCfg = Release|Any CPU
		{1B801CF0-C41B-490F-8281-E1632FE25BB4}.Release|Any CPU.Build.0 = Release|Any CPU
		{6EF52D59-A9EF-4A22-98F9-BB85DEB7F8EF}.Debug|Any CPU.ActiveCfg = Debug|Any CPU
		{6EF52D59-A9EF-4A22-98F9-BB85DEB7F8EF}.Debug|Any CPU.Build.0 = Debug|Any CPU
		{6EF52D59-A9EF-4A22-98F9-BB85DEB7F8EF}.Package|Any CPU.ActiveCfg = Package|Any CPU
		{6EF52D59-A9EF-4A22-98F9-BB85DEB7F8EF}.Package|Any CPU.Build.0 = Package|Any CPU
		{6EF52D59-A9EF-4A22-98F9-BB85DEB7F8EF}.Release|Any CPU.ActiveCfg = Release|Any CPU
		{6EF52D59-A9EF-4A22-98F9-BB85DEB7F8EF}.Release|Any CPU.Build.0 = Release|Any CPU
		{A342F53A-A726-4795-ABC9-75D78C3A827C}.Debug|Any CPU.ActiveCfg = Debug|Any CPU
		{A342F53A-A726-4795-ABC9-75D78C3A827C}.Debug|Any CPU.Build.0 = Debug|Any CPU
		{A342F53A-A726-4795-ABC9-75D78C3A827C}.Package|Any CPU.ActiveCfg = Package|Any CPU
		{A342F53A-A726-4795-ABC9-75D78C3A827C}.Package|Any CPU.Build.0 = Package|Any CPU
		{A342F53A-A726-4795-ABC9-75D78C3A827C}.Release|Any CPU.ActiveCfg = Release|Any CPU
		{A342F53A-A726-4795-ABC9-75D78C3A827C}.Release|Any CPU.Build.0 = Release|Any CPU
	EndGlobalSection
	GlobalSection(SolutionProperties) = preSolution
		HideSolutionNode = FALSE
	EndGlobalSection
	GlobalSection(NestedProjects) = preSolution
		{88034B66-4711-4698-81B4-97FAE06D17D3} = {FAB975A7-8738-4C18-A756-2644B72B6000}
		{8936FAB0-86B5-47BF-ABE4-2421795A3CEF} = {5698B73E-5D74-4B17-A589-421FFF6CB17E}
		{20411631-90E1-4D3E-B83E-4A1F3A57E298} = {FAB975A7-8738-4C18-A756-2644B72B6000}
		{1D7B8473-EC6C-4BA9-B178-6D182DF9D7F7} = {FAB975A7-8738-4C18-A756-2644B72B6000}
		{28703A0B-93D5-4F59-9FED-82678CBB3D26} = {FAB975A7-8738-4C18-A756-2644B72B6000}
		{2305B622-CD37-4319-AA6A-39BD06D8CCCC} = {FAB975A7-8738-4C18-A756-2644B72B6000}
		{7996EC1B-5795-46D0-8BA0-24198E555C36} = {FAB975A7-8738-4C18-A756-2644B72B6000}
		{21FC2329-D412-43E3-B245-E87AA996DA5F} = {FAB975A7-8738-4C18-A756-2644B72B6000}
		{F10ACE19-CFE1-4736-8F78-4BCE2451AC65} = {FAB975A7-8738-4C18-A756-2644B72B6000}
		{C115BD41-8818-4A3B-8E4B-4BC2638A2A74} = {FAB975A7-8738-4C18-A756-2644B72B6000}
		{BD49C749-E438-4F17-94B4-AE0485F82B93} = {FAB975A7-8738-4C18-A756-2644B72B6000}
		{867FF41B-CFDE-41EA-BF9F-98390C500107} = {5698B73E-5D74-4B17-A589-421FFF6CB17E}
		{4CF44B39-372F-4400-8908-7778EDCA67E6} = {FAB975A7-8738-4C18-A756-2644B72B6000}
		{7EE04174-7BEA-4E7D-806D-70468887B623} = {FAB975A7-8738-4C18-A756-2644B72B6000}
		{BBCCCFB6-6D0D-4D50-93A6-6316AD37A2D4} = {3845F5E7-9E7B-4021-A1BD-24DE05666129}
		{94B01D04-4F92-4739-8AFF-C16AB06C56DC} = {FAB975A7-8738-4C18-A756-2644B72B6000}
		{51510323-6FBA-4263-9C1F-3B8ED6A93F32} = {D1056BE5-DE29-4E34-B14A-C2B78C40B6E5}
		{D71DD821-ACF9-4664-8305-CFC51A698362} = {FAB975A7-8738-4C18-A756-2644B72B6000}
		{994FE232-AB7A-4955-B25A-33FAC99D7378} = {FAB975A7-8738-4C18-A756-2644B72B6000}
		{8ECC3669-8F13-4B14-BD60-86E9C105B194} = {FAB975A7-8738-4C18-A756-2644B72B6000}
		{B38B1DCD-4F4D-4740-B2AD-59F3607464C3} = {D1056BE5-DE29-4E34-B14A-C2B78C40B6E5}
		{BCD28BAD-8444-41CF-962B-AE39F1654354} = {FAB975A7-8738-4C18-A756-2644B72B6000}
		{90067111-306B-49E8-AF02-E4D41801D647} = {FAB975A7-8738-4C18-A756-2644B72B6000}
		{AC417B60-F92D-4080-8B20-F05FC915DB65} = {FAB975A7-8738-4C18-A756-2644B72B6000}
		{9393A719-8763-4950-A700-15BC5FA6E80F} = {5698B73E-5D74-4B17-A589-421FFF6CB17E}
		{F05A379A-96A3-41AB-A23A-A2424ED3E015} = {5698B73E-5D74-4B17-A589-421FFF6CB17E}
		{FEBC34A0-00B6-4455-926C-198E704A2042} = {5698B73E-5D74-4B17-A589-421FFF6CB17E}
		{413C3731-EF83-487A-B7E0-55FE644136ED} = {5698B73E-5D74-4B17-A589-421FFF6CB17E}
		{4E5A5777-0858-4796-B015-8BF3B4B1993B} = {5698B73E-5D74-4B17-A589-421FFF6CB17E}
		{2CB2C6C0-9F3B-4AE6-A971-668FF25DF33E} = {FAB975A7-8738-4C18-A756-2644B72B6000}
		{1B801CF0-C41B-490F-8281-E1632FE25BB4} = {5698B73E-5D74-4B17-A589-421FFF6CB17E}
		{6EF52D59-A9EF-4A22-98F9-BB85DEB7F8EF} = {5698B73E-5D74-4B17-A589-421FFF6CB17E}
		{A342F53A-A726-4795-ABC9-75D78C3A827C} = {5698B73E-5D74-4B17-A589-421FFF6CB17E}
	EndGlobalSection
	GlobalSection(ExtensibilityGlobals) = postSolution
		SolutionGuid = {99E77D18-9CC3-4947-AB95-19FB80C1238F}
	EndGlobalSection
EndGlobal
