
Microsoft Visual Studio Solution File, Format Version 12.00
# Visual Studio 15
VisualStudioVersion = 15.0.28010.2050
MinimumVisualStudioVersion = 10.0.40219.1
Project("{2150E333-8FDC-42A3-9474-1A3956D46DE8}") = "_Platform", "_Platform", "{4817C2D7-3BC3-454D-ADF5-D66907C0A38E}"
EndProject
Project("{9A19103F-16F7-4668-BE54-9A1E7A4F7556}") = "HQ.Common", "..\..\HQ.Common\src\HQ.Common\HQ.Common.csproj", "{B0787082-E790-43C7-8CB7-CF3E9703AA02}"
EndProject
Project("{9A19103F-16F7-4668-BE54-9A1E7A4F7556}") = "HQ.Touchstone", "..\..\HQ.Touchstone\src\HQ.Touchstone\HQ.Touchstone.csproj", "{75E712F2-90C1-4C7E-BD27-D6039ED28872}"
EndProject
Project("{9A19103F-16F7-4668-BE54-9A1E7A4F7556}") = "HQ.Touchstone.Xunit", "..\..\HQ.Touchstone\src\HQ.Touchstone.Xunit\HQ.Touchstone.Xunit.csproj", "{26559EF4-54E0-4BCE-AC6D-C1E85C574A14}"
EndProject
Project("{9A19103F-16F7-4668-BE54-9A1E7A4F7556}") = "HQ.Lingo.Tests", "..\test\HQ.Lingo.Tests\HQ.Lingo.Tests.csproj", "{1DDC0513-ACCC-4CA5-9E7F-50A62FAD34D0}"
EndProject
Project("{9A19103F-16F7-4668-BE54-9A1E7A4F7556}") = "HQ.Remix", "..\..\HQ.Remix\src\HQ.Remix\HQ.Remix.csproj", "{C520D15A-5D95-461A-86C6-59AB0469E84B}"
EndProject
Project("{9A19103F-16F7-4668-BE54-9A1E7A4F7556}") = "HQ.Harmony", "..\..\HQ.Harmony\src\HQ.Harmony\HQ.Harmony.csproj", "{68E3E4A0-8CD5-453D-BEDB-51DDDF8843FE}"
EndProject
Project("{9A19103F-16F7-4668-BE54-9A1E7A4F7556}") = "HQ.Harmony.AspNetCore", "..\..\HQ.Harmony\src\HQ.Harmony.AspNetCore\HQ.Harmony.AspNetCore.csproj", "{A2AD611F-4BD4-4E52-97B3-822F4917BB8D}"
EndProject
Project("{9A19103F-16F7-4668-BE54-9A1E7A4F7556}") = "HQ.Lingo.Descriptor", "HQ.Lingo.Descriptor\HQ.Lingo.Descriptor.csproj", "{B064F3E2-9E23-47E2-9E27-04E8FE347875}"
EndProject
Project("{9A19103F-16F7-4668-BE54-9A1E7A4F7556}") = "HQ.Lingo", "HQ.Lingo\HQ.Lingo.csproj", "{6514408A-F523-4CA4-8218-C57056102598}"
EndProject
Project("{9A19103F-16F7-4668-BE54-9A1E7A4F7556}") = "HQ.Lingo.MySql", "HQ.Lingo.MySql\HQ.Lingo.MySql.csproj", "{A01C0971-ADB5-4694-A00B-A346583FA2F9}"
EndProject
Project("{9A19103F-16F7-4668-BE54-9A1E7A4F7556}") = "HQ.Lingo.Sqlite", "HQ.Lingo.Sqlite\HQ.Lingo.Sqlite.csproj", "{0247F2E5-9B0B-439A-84A1-9578CA3030DB}"
EndProject
Project("{9A19103F-16F7-4668-BE54-9A1E7A4F7556}") = "HQ.Lingo.SqlServer", "HQ.Lingo.SqlServer\HQ.Lingo.SqlServer.csproj", "{DF460CBE-DAE9-4EF5-A5F5-D5FD613AE7AF}"
EndProject
Project("{9A19103F-16F7-4668-BE54-9A1E7A4F7556}") = "HQ.Lingo.DocumentDb", "HQ.Lingo.DocumentDb\HQ.Lingo.DocumentDb.csproj", "{9721FCD8-50CF-4C69-9017-615D6692CA25}"
EndProject
Project("{9A19103F-16F7-4668-BE54-9A1E7A4F7556}") = "HQ.Lingo.Dapper", "HQ.Lingo.Dapper\HQ.Lingo.Dapper.csproj", "{6B7109C9-88F4-4FC6-B65D-BFCCFF97CFDD}"
EndProject
Project("{2150E333-8FDC-42A3-9474-1A3956D46DE8}") = "Backends", "Backends", "{6D3EC29A-C4B9-41C6-AF72-50E12A0E42E9}"
EndProject
Project("{FAE04EC0-301F-11D3-BF4B-00C04F79EFBC}") = "HQ.Lingo.Builders", "HQ.Lingo.Builders\HQ.Lingo.Builders.csproj", "{FAC72F63-F04B-4196-A09D-1FF37380BEA4}"
EndProject
Project("{9A19103F-16F7-4668-BE54-9A1E7A4F7556}") = "HQ.Rosetta", "..\..\HQ.Rosetta\src\HQ.Rosetta\HQ.Rosetta.csproj", "{D1ECDC7C-73B0-47C4-8D78-B533AC798937}"
EndProject
Project("{2150E333-8FDC-42A3-9474-1A3956D46DE8}") = "Solution Items", "Solution Items", "{00C58165-A59B-40A3-AF38-D54138C847C2}"
	ProjectSection(SolutionItems) = preProject
		..\LICENSE.txt = ..\LICENSE.txt
		..\LICENSE_FULL.txt = ..\LICENSE_FULL.txt
		..\README.md = ..\README.md
		..\THIRD-PARTY-NOTICES.txt = ..\THIRD-PARTY-NOTICES.txt
	EndProjectSection
EndProject
Project("{FAE04EC0-301F-11D3-BF4B-00C04F79EFBC}") = "HQ.Lingo.Queries", "HQ.Lingo.Queries\HQ.Lingo.Queries.csproj", "{F002602F-B74A-4EB7-8F6C-DF81D064CBF5}"
EndProject
Global
	GlobalSection(SolutionConfigurationPlatforms) = preSolution
		Debug|Any CPU = Debug|Any CPU
		Package|Any CPU = Package|Any CPU
		Release|Any CPU = Release|Any CPU
	EndGlobalSection
	GlobalSection(ProjectConfigurationPlatforms) = postSolution
		{B0787082-E790-43C7-8CB7-CF3E9703AA02}.Debug|Any CPU.ActiveCfg = Debug|Any CPU
		{B0787082-E790-43C7-8CB7-CF3E9703AA02}.Debug|Any CPU.Build.0 = Debug|Any CPU
		{B0787082-E790-43C7-8CB7-CF3E9703AA02}.Package|Any CPU.ActiveCfg = Package|Any CPU
		{B0787082-E790-43C7-8CB7-CF3E9703AA02}.Package|Any CPU.Build.0 = Package|Any CPU
		{B0787082-E790-43C7-8CB7-CF3E9703AA02}.Release|Any CPU.ActiveCfg = Release|Any CPU
		{B0787082-E790-43C7-8CB7-CF3E9703AA02}.Release|Any CPU.Build.0 = Release|Any CPU
		{75E712F2-90C1-4C7E-BD27-D6039ED28872}.Debug|Any CPU.ActiveCfg = Debug|Any CPU
		{75E712F2-90C1-4C7E-BD27-D6039ED28872}.Debug|Any CPU.Build.0 = Debug|Any CPU
		{75E712F2-90C1-4C7E-BD27-D6039ED28872}.Package|Any CPU.ActiveCfg = Debug|Any CPU
		{75E712F2-90C1-4C7E-BD27-D6039ED28872}.Package|Any CPU.Build.0 = Debug|Any CPU
		{75E712F2-90C1-4C7E-BD27-D6039ED28872}.Release|Any CPU.ActiveCfg = Release|Any CPU
		{75E712F2-90C1-4C7E-BD27-D6039ED28872}.Release|Any CPU.Build.0 = Release|Any CPU
		{26559EF4-54E0-4BCE-AC6D-C1E85C574A14}.Debug|Any CPU.ActiveCfg = Debug|Any CPU
		{26559EF4-54E0-4BCE-AC6D-C1E85C574A14}.Debug|Any CPU.Build.0 = Debug|Any CPU
		{26559EF4-54E0-4BCE-AC6D-C1E85C574A14}.Package|Any CPU.ActiveCfg = Debug|Any CPU
		{26559EF4-54E0-4BCE-AC6D-C1E85C574A14}.Package|Any CPU.Build.0 = Debug|Any CPU
		{26559EF4-54E0-4BCE-AC6D-C1E85C574A14}.Release|Any CPU.ActiveCfg = Release|Any CPU
		{26559EF4-54E0-4BCE-AC6D-C1E85C574A14}.Release|Any CPU.Build.0 = Release|Any CPU
		{1DDC0513-ACCC-4CA5-9E7F-50A62FAD34D0}.Debug|Any CPU.ActiveCfg = Debug|Any CPU
		{1DDC0513-ACCC-4CA5-9E7F-50A62FAD34D0}.Debug|Any CPU.Build.0 = Debug|Any CPU
		{1DDC0513-ACCC-4CA5-9E7F-50A62FAD34D0}.Package|Any CPU.ActiveCfg = Debug|Any CPU
		{1DDC0513-ACCC-4CA5-9E7F-50A62FAD34D0}.Package|Any CPU.Build.0 = Debug|Any CPU
		{1DDC0513-ACCC-4CA5-9E7F-50A62FAD34D0}.Release|Any CPU.ActiveCfg = Release|Any CPU
		{1DDC0513-ACCC-4CA5-9E7F-50A62FAD34D0}.Release|Any CPU.Build.0 = Release|Any CPU
		{C520D15A-5D95-461A-86C6-59AB0469E84B}.Debug|Any CPU.ActiveCfg = Debug|Any CPU
		{C520D15A-5D95-461A-86C6-59AB0469E84B}.Debug|Any CPU.Build.0 = Debug|Any CPU
		{C520D15A-5D95-461A-86C6-59AB0469E84B}.Package|Any CPU.ActiveCfg = Package|Any CPU
		{C520D15A-5D95-461A-86C6-59AB0469E84B}.Package|Any CPU.Build.0 = Package|Any CPU
		{C520D15A-5D95-461A-86C6-59AB0469E84B}.Release|Any CPU.ActiveCfg = Release|Any CPU
		{C520D15A-5D95-461A-86C6-59AB0469E84B}.Release|Any CPU.Build.0 = Release|Any CPU
		{68E3E4A0-8CD5-453D-BEDB-51DDDF8843FE}.Debug|Any CPU.ActiveCfg = Debug|Any CPU
		{68E3E4A0-8CD5-453D-BEDB-51DDDF8843FE}.Debug|Any CPU.Build.0 = Debug|Any CPU
		{68E3E4A0-8CD5-453D-BEDB-51DDDF8843FE}.Package|Any CPU.ActiveCfg = Package|Any CPU
		{68E3E4A0-8CD5-453D-BEDB-51DDDF8843FE}.Package|Any CPU.Build.0 = Package|Any CPU
		{68E3E4A0-8CD5-453D-BEDB-51DDDF8843FE}.Release|Any CPU.ActiveCfg = Release|Any CPU
		{68E3E4A0-8CD5-453D-BEDB-51DDDF8843FE}.Release|Any CPU.Build.0 = Release|Any CPU
		{A2AD611F-4BD4-4E52-97B3-822F4917BB8D}.Debug|Any CPU.ActiveCfg = Debug|Any CPU
		{A2AD611F-4BD4-4E52-97B3-822F4917BB8D}.Debug|Any CPU.Build.0 = Debug|Any CPU
		{A2AD611F-4BD4-4E52-97B3-822F4917BB8D}.Package|Any CPU.ActiveCfg = Package|Any CPU
		{A2AD611F-4BD4-4E52-97B3-822F4917BB8D}.Package|Any CPU.Build.0 = Package|Any CPU
		{A2AD611F-4BD4-4E52-97B3-822F4917BB8D}.Release|Any CPU.ActiveCfg = Release|Any CPU
		{A2AD611F-4BD4-4E52-97B3-822F4917BB8D}.Release|Any CPU.Build.0 = Release|Any CPU
		{B064F3E2-9E23-47E2-9E27-04E8FE347875}.Debug|Any CPU.ActiveCfg = Debug|Any CPU
		{B064F3E2-9E23-47E2-9E27-04E8FE347875}.Debug|Any CPU.Build.0 = Debug|Any CPU
		{B064F3E2-9E23-47E2-9E27-04E8FE347875}.Package|Any CPU.ActiveCfg = Debug|Any CPU
		{B064F3E2-9E23-47E2-9E27-04E8FE347875}.Package|Any CPU.Build.0 = Debug|Any CPU
		{B064F3E2-9E23-47E2-9E27-04E8FE347875}.Release|Any CPU.ActiveCfg = Release|Any CPU
		{B064F3E2-9E23-47E2-9E27-04E8FE347875}.Release|Any CPU.Build.0 = Release|Any CPU
		{6514408A-F523-4CA4-8218-C57056102598}.Debug|Any CPU.ActiveCfg = Debug|Any CPU
		{6514408A-F523-4CA4-8218-C57056102598}.Debug|Any CPU.Build.0 = Debug|Any CPU
		{6514408A-F523-4CA4-8218-C57056102598}.Package|Any CPU.ActiveCfg = Debug|Any CPU
		{6514408A-F523-4CA4-8218-C57056102598}.Package|Any CPU.Build.0 = Debug|Any CPU
		{6514408A-F523-4CA4-8218-C57056102598}.Release|Any CPU.ActiveCfg = Release|Any CPU
		{6514408A-F523-4CA4-8218-C57056102598}.Release|Any CPU.Build.0 = Release|Any CPU
		{A01C0971-ADB5-4694-A00B-A346583FA2F9}.Debug|Any CPU.ActiveCfg = Debug|Any CPU
		{A01C0971-ADB5-4694-A00B-A346583FA2F9}.Debug|Any CPU.Build.0 = Debug|Any CPU
		{A01C0971-ADB5-4694-A00B-A346583FA2F9}.Package|Any CPU.ActiveCfg = Debug|Any CPU
		{A01C0971-ADB5-4694-A00B-A346583FA2F9}.Package|Any CPU.Build.0 = Debug|Any CPU
		{A01C0971-ADB5-4694-A00B-A346583FA2F9}.Release|Any CPU.ActiveCfg = Release|Any CPU
		{A01C0971-ADB5-4694-A00B-A346583FA2F9}.Release|Any CPU.Build.0 = Release|Any CPU
		{0247F2E5-9B0B-439A-84A1-9578CA3030DB}.Debug|Any CPU.ActiveCfg = Debug|Any CPU
		{0247F2E5-9B0B-439A-84A1-9578CA3030DB}.Debug|Any CPU.Build.0 = Debug|Any CPU
		{0247F2E5-9B0B-439A-84A1-9578CA3030DB}.Package|Any CPU.ActiveCfg = Debug|Any CPU
		{0247F2E5-9B0B-439A-84A1-9578CA3030DB}.Package|Any CPU.Build.0 = Debug|Any CPU
		{0247F2E5-9B0B-439A-84A1-9578CA3030DB}.Release|Any CPU.ActiveCfg = Release|Any CPU
		{0247F2E5-9B0B-439A-84A1-9578CA3030DB}.Release|Any CPU.Build.0 = Release|Any CPU
		{DF460CBE-DAE9-4EF5-A5F5-D5FD613AE7AF}.Debug|Any CPU.ActiveCfg = Debug|Any CPU
		{DF460CBE-DAE9-4EF5-A5F5-D5FD613AE7AF}.Debug|Any CPU.Build.0 = Debug|Any CPU
		{DF460CBE-DAE9-4EF5-A5F5-D5FD613AE7AF}.Package|Any CPU.ActiveCfg = Debug|Any CPU
		{DF460CBE-DAE9-4EF5-A5F5-D5FD613AE7AF}.Package|Any CPU.Build.0 = Debug|Any CPU
		{DF460CBE-DAE9-4EF5-A5F5-D5FD613AE7AF}.Release|Any CPU.ActiveCfg = Release|Any CPU
		{DF460CBE-DAE9-4EF5-A5F5-D5FD613AE7AF}.Release|Any CPU.Build.0 = Release|Any CPU
		{9721FCD8-50CF-4C69-9017-615D6692CA25}.Debug|Any CPU.ActiveCfg = Debug|Any CPU
		{9721FCD8-50CF-4C69-9017-615D6692CA25}.Debug|Any CPU.Build.0 = Debug|Any CPU
		{9721FCD8-50CF-4C69-9017-615D6692CA25}.Package|Any CPU.ActiveCfg = Debug|Any CPU
		{9721FCD8-50CF-4C69-9017-615D6692CA25}.Package|Any CPU.Build.0 = Debug|Any CPU
		{9721FCD8-50CF-4C69-9017-615D6692CA25}.Release|Any CPU.ActiveCfg = Release|Any CPU
		{9721FCD8-50CF-4C69-9017-615D6692CA25}.Release|Any CPU.Build.0 = Release|Any CPU
		{6B7109C9-88F4-4FC6-B65D-BFCCFF97CFDD}.Debug|Any CPU.ActiveCfg = Debug|Any CPU
		{6B7109C9-88F4-4FC6-B65D-BFCCFF97CFDD}.Debug|Any CPU.Build.0 = Debug|Any CPU
		{6B7109C9-88F4-4FC6-B65D-BFCCFF97CFDD}.Package|Any CPU.ActiveCfg = Debug|Any CPU
		{6B7109C9-88F4-4FC6-B65D-BFCCFF97CFDD}.Package|Any CPU.Build.0 = Debug|Any CPU
		{6B7109C9-88F4-4FC6-B65D-BFCCFF97CFDD}.Release|Any CPU.ActiveCfg = Release|Any CPU
		{6B7109C9-88F4-4FC6-B65D-BFCCFF97CFDD}.Release|Any CPU.Build.0 = Release|Any CPU
		{FAC72F63-F04B-4196-A09D-1FF37380BEA4}.Debug|Any CPU.ActiveCfg = Debug|Any CPU
		{FAC72F63-F04B-4196-A09D-1FF37380BEA4}.Debug|Any CPU.Build.0 = Debug|Any CPU
		{FAC72F63-F04B-4196-A09D-1FF37380BEA4}.Package|Any CPU.ActiveCfg = Debug|Any CPU
		{FAC72F63-F04B-4196-A09D-1FF37380BEA4}.Package|Any CPU.Build.0 = Debug|Any CPU
		{FAC72F63-F04B-4196-A09D-1FF37380BEA4}.Release|Any CPU.ActiveCfg = Release|Any CPU
		{FAC72F63-F04B-4196-A09D-1FF37380BEA4}.Release|Any CPU.Build.0 = Release|Any CPU
		{D1ECDC7C-73B0-47C4-8D78-B533AC798937}.Debug|Any CPU.ActiveCfg = Debug|Any CPU
		{D1ECDC7C-73B0-47C4-8D78-B533AC798937}.Debug|Any CPU.Build.0 = Debug|Any CPU
		{D1ECDC7C-73B0-47C4-8D78-B533AC798937}.Package|Any CPU.ActiveCfg = Package|Any CPU
		{D1ECDC7C-73B0-47C4-8D78-B533AC798937}.Package|Any CPU.Build.0 = Package|Any CPU
		{D1ECDC7C-73B0-47C4-8D78-B533AC798937}.Release|Any CPU.ActiveCfg = Release|Any CPU
		{D1ECDC7C-73B0-47C4-8D78-B533AC798937}.Release|Any CPU.Build.0 = Release|Any CPU
		{F002602F-B74A-4EB7-8F6C-DF81D064CBF5}.Debug|Any CPU.ActiveCfg = Debug|Any CPU
		{F002602F-B74A-4EB7-8F6C-DF81D064CBF5}.Debug|Any CPU.Build.0 = Debug|Any CPU
		{F002602F-B74A-4EB7-8F6C-DF81D064CBF5}.Package|Any CPU.ActiveCfg = Debug|Any CPU
		{F002602F-B74A-4EB7-8F6C-DF81D064CBF5}.Package|Any CPU.Build.0 = Debug|Any CPU
		{F002602F-B74A-4EB7-8F6C-DF81D064CBF5}.Release|Any CPU.ActiveCfg = Release|Any CPU
		{F002602F-B74A-4EB7-8F6C-DF81D064CBF5}.Release|Any CPU.Build.0 = Release|Any CPU
	EndGlobalSection
	GlobalSection(SolutionProperties) = preSolution
		HideSolutionNode = FALSE
	EndGlobalSection
	GlobalSection(NestedProjects) = preSolution
		{B0787082-E790-43C7-8CB7-CF3E9703AA02} = {4817C2D7-3BC3-454D-ADF5-D66907C0A38E}
		{75E712F2-90C1-4C7E-BD27-D6039ED28872} = {4817C2D7-3BC3-454D-ADF5-D66907C0A38E}
		{26559EF4-54E0-4BCE-AC6D-C1E85C574A14} = {4817C2D7-3BC3-454D-ADF5-D66907C0A38E}
		{C520D15A-5D95-461A-86C6-59AB0469E84B} = {4817C2D7-3BC3-454D-ADF5-D66907C0A38E}
		{68E3E4A0-8CD5-453D-BEDB-51DDDF8843FE} = {4817C2D7-3BC3-454D-ADF5-D66907C0A38E}
		{A2AD611F-4BD4-4E52-97B3-822F4917BB8D} = {4817C2D7-3BC3-454D-ADF5-D66907C0A38E}
		{A01C0971-ADB5-4694-A00B-A346583FA2F9} = {6D3EC29A-C4B9-41C6-AF72-50E12A0E42E9}
		{0247F2E5-9B0B-439A-84A1-9578CA3030DB} = {6D3EC29A-C4B9-41C6-AF72-50E12A0E42E9}
		{DF460CBE-DAE9-4EF5-A5F5-D5FD613AE7AF} = {6D3EC29A-C4B9-41C6-AF72-50E12A0E42E9}
		{9721FCD8-50CF-4C69-9017-615D6692CA25} = {6D3EC29A-C4B9-41C6-AF72-50E12A0E42E9}
		{D1ECDC7C-73B0-47C4-8D78-B533AC798937} = {4817C2D7-3BC3-454D-ADF5-D66907C0A38E}
	EndGlobalSection
	GlobalSection(ExtensibilityGlobals) = postSolution
		SolutionGuid = {D453DD52-8DEE-4933-806E-F1C7580DEA57}
	EndGlobalSection
EndGlobal
