
Microsoft Visual Studio Solution File, Format Version 12.00
# Visual Studio 15
VisualStudioVersion = 15.0.28010.2048
MinimumVisualStudioVersion = 10.0.40219.1
Project("{2150E333-8FDC-42A3-9474-1A3956D46DE8}") = "Solution Items", "Solution Items", "{07F7D32E-D69B-4411-A921-3C9B51E00D96}"
	ProjectSection(SolutionItems) = preProject
		..\LICENSE.txt = ..\LICENSE.txt
		..\LICENSE_FULL.txt = ..\LICENSE_FULL.txt
	EndProjectSection
EndProject
Project("{2150E333-8FDC-42A3-9474-1A3956D46DE8}") = "build", "build", "{6D40E97F-D9D8-4434-9FD3-EDA361C01081}"
	ProjectSection(SolutionItems) = preProject
		..\build\build.props = ..\build\build.props
		..\build\package.props = ..\build\package.props
		..\build\version.props = ..\build\version.props
	EndProjectSection
EndProject
Project("{2150E333-8FDC-42A3-9474-1A3956D46DE8}") = "src", "src", "{99239AAE-96A7-4761-96C2-837EBC2CDF79}"
EndProject
Project("{2150E333-8FDC-42A3-9474-1A3956D46DE8}") = "test", "test", "{E1CB0E99-87C2-4FF3-B411-0929BE392F44}"
EndProject
Project("{9A19103F-16F7-4668-BE54-9A1E7A4F7556}") = "HQ.Platform.Api", "HQ.Platform.Api\src\HQ.Platform.Api\HQ.Platform.Api.csproj", "{A169D8DF-51DA-4872-94FB-DB30474643E9}"
EndProject
Project("{9A19103F-16F7-4668-BE54-9A1E7A4F7556}") = "HQ.Platform.Identity", "HQ.Platform.Identity\src\HQ.Platform.Identity\HQ.Platform.Identity.csproj", "{F558EA91-AA00-43D5-80D0-A8F4C25FE331}"
EndProject
Project("{9A19103F-16F7-4668-BE54-9A1E7A4F7556}") = "HQ.Platform.Identity.AspNetCore.Mvc", "HQ.Platform.Identity\src\HQ.Platform.Identity.AspNetCore.Mvc\HQ.Platform.Identity.AspNetCore.Mvc.csproj", "{C012C061-305D-46CE-B199-FFD9C199EE6D}"
EndProject
Project("{9A19103F-16F7-4668-BE54-9A1E7A4F7556}") = "HQ.Platform.Identity.Stores.Sql", "HQ.Platform.Identity\src\HQ.Platform.Identity.Stores.Sql\HQ.Platform.Identity.Stores.Sql.csproj", "{3BDD6CCB-F7FE-4D01-B38A-DD21112A6B05}"
EndProject
Project("{9A19103F-16F7-4668-BE54-9A1E7A4F7556}") = "HQ.Platform.Identity.Stores.Sql.DocumentDb", "HQ.Platform.Identity\src\HQ.Platform.Identity.Stores.Sql.DocumentDb\HQ.Platform.Identity.Stores.Sql.DocumentDb.csproj", "{82D9F407-7715-4C0F-BF31-3376183651D7}"
EndProject
Project("{9A19103F-16F7-4668-BE54-9A1E7A4F7556}") = "HQ.Platform.Identity.Stores.Sql.Sqlite", "HQ.Platform.Identity\src\HQ.Platform.Identity.Stores.Sql.Sqlite\HQ.Platform.Identity.Stores.Sql.Sqlite.csproj", "{829B1A07-2660-4DE0-AED2-8FEBEB283642}"
EndProject
Project("{9A19103F-16F7-4668-BE54-9A1E7A4F7556}") = "HQ.Platform.Identity.Stores.Sql.SqlServer", "HQ.Platform.Identity\src\HQ.Platform.Identity.Stores.Sql.SqlServer\HQ.Platform.Identity.Stores.Sql.SqlServer.csproj", "{F68D9A5B-CECD-420F-8315-8F2405AB658D}"
EndProject
Project("{9A19103F-16F7-4668-BE54-9A1E7A4F7556}") = "HQ.Platform.Identity.Tests", "HQ.Platform.Identity\test\HQ.Platform.Identity.Tests\HQ.Platform.Identity.Tests.csproj", "{BDD7391E-C6D2-44C2-9D54-B73CE7322828}"
EndProject
Project("{9A19103F-16F7-4668-BE54-9A1E7A4F7556}") = "HQ.Platform.Api.Tests", "HQ.Platform.Api\test\HQ.Platform.Api.Tests\HQ.Platform.Api.Tests.csproj", "{5D594F3E-E7F2-4008-BE2A-EF1A43782399}"
EndProject
Project("{9A19103F-16F7-4668-BE54-9A1E7A4F7556}") = "HQ.Platform.Operations.Tests", "HQ.Platform.Operations\test\HQ.Platform.Operations.Tests\HQ.Platform.Operations.Tests.csproj", "{65B1F343-F8FD-4E49-8E12-72AE6345E3E5}"
EndProject
Project("{9A19103F-16F7-4668-BE54-9A1E7A4F7556}") = "HQ.Platform.Operations", "HQ.Platform.Operations\src\HQ.Platform.Operations\HQ.Platform.Operations.csproj", "{2E6531DA-5C70-4A80-AC8F-3932B9BA5808}"
EndProject
Project("{9A19103F-16F7-4668-BE54-9A1E7A4F7556}") = "HQ.Platform.Schema", "HQ.Platform.Schema\src\HQ.Platform.Schema\HQ.Platform.Schema.csproj", "{211F55DE-3F42-4538-90AF-FB1B08655050}"
EndProject
Project("{9A19103F-16F7-4668-BE54-9A1E7A4F7556}") = "HQ.Platform.Schema.AspNetCore.Mvc", "HQ.Platform.Schema\src\HQ.Platform.Schema.AspNetCore.Mvc\HQ.Platform.Schema.AspNetCore.Mvc.csproj", "{A98BF66B-DD51-4F7A-8E7C-B57778F02A0F}"
EndProject
Project("{9A19103F-16F7-4668-BE54-9A1E7A4F7556}") = "HQ.Platform.Schema.DocumentDb", "HQ.Platform.Schema\src\HQ.Platform.Schema.DocumentDb\HQ.Platform.Schema.DocumentDb.csproj", "{81EB22B8-18BC-4530-BD88-80A726EE2C98}"
EndProject
Project("{9A19103F-16F7-4668-BE54-9A1E7A4F7556}") = "HQ.Platform.Schema.Stores.Sql", "HQ.Platform.Schema\src\HQ.Platform.Schema.Stores.Sql\HQ.Platform.Schema.Stores.Sql.csproj", "{CAC9BF9E-EDED-4BB3-888E-1736274117DF}"
EndProject
Project("{9A19103F-16F7-4668-BE54-9A1E7A4F7556}") = "HQ.Platform.Security", "HQ.Platform.Security\src\HQ.Platform.Security\HQ.Platform.Security.csproj", "{F476494D-EB8B-4D31-AA16-9E446ADF16A3}"
EndProject
Project("{9A19103F-16F7-4668-BE54-9A1E7A4F7556}") = "HQ.Platform.Security.AspNetCore", "HQ.Platform.Security\src\HQ.Platform.Security.AspNetCore\HQ.Platform.Security.AspNetCore.csproj", "{10258BF6-BEE8-46EF-AF91-A63E87ADA92F}"
EndProject
Project("{9A19103F-16F7-4668-BE54-9A1E7A4F7556}") = "HQ.Platform.Security.Tests", "HQ.Platform.Security\test\HQ.Platform.Security.Tests\HQ.Platform.Security.Tests.csproj", "{8CDA5F88-B93A-48F3-BFFD-5C2CC4197332}"
EndProject
Project("{2150E333-8FDC-42A3-9474-1A3956D46DE8}") = "ThirdParty", "ThirdParty", "{23D0ED1E-30D0-47BA-8EA3-9405767DB7AC}"
EndProject
Project("{2150E333-8FDC-42A3-9474-1A3956D46DE8}") = "deps", "deps", "{69CEA518-88E3-42D1-A341-7518EA873434}"
EndProject
Project("{9A19103F-16F7-4668-BE54-9A1E7A4F7556}") = "System.Data.DocumentDb", "..\..\HQ.Community\System.Data.DocumentDb\src\System.Data.DocumentDb\System.Data.DocumentDb.csproj", "{CC0DA6EF-7D1E-41ED-B8BB-1EEB3FA30F09}"
EndProject
Project("{9A19103F-16F7-4668-BE54-9A1E7A4F7556}") = "PackagePrep", "..\package\PackagePrep\PackagePrep.csproj", "{CB60F8A1-046A-46EB-AEF3-EE8AD79D16DC}"
EndProject
Project("{9A19103F-16F7-4668-BE54-9A1E7A4F7556}") = "HQ.Data.Contracts", "HQ.Data.Contracts\src\HQ.Data.Contracts\HQ.Data.Contracts.csproj", "{E9883FCD-8259-42D3-8361-B072ECDCABA4}"
EndProject
Project("{9A19103F-16F7-4668-BE54-9A1E7A4F7556}") = "Sodium.Core", "..\ThirdParty\Sodium.Core\src\Sodium.Core\Sodium.Core.csproj", "{92EA7370-5511-4329-A604-29C07F951499}"
EndProject
Project("{9A19103F-16F7-4668-BE54-9A1E7A4F7556}") = "HQ.Test.Sdk", "HQ.Test.Sdk\HQ.Test.Sdk.csproj", "{F44F879E-4B6D-49E7-B4EE-FF86AAF534F7}"
EndProject
Project("{9A19103F-16F7-4668-BE54-9A1E7A4F7556}") = "HQ.Test.Sdk.Xunit", "HQ.Test.Sdk.Xunit\HQ.Test.Sdk.Xunit.csproj", "{928C6320-67FD-43DA-8AFF-D240727D0327}"
EndProject
Project("{9A19103F-16F7-4668-BE54-9A1E7A4F7556}") = "HQ.Data.Sql.Batching", "HQ.Data.Sql\src\HQ.Data.Sql.Batching\HQ.Data.Sql.Batching.csproj", "{4F7053D8-3D7E-4F40-A67B-E3A81358D0D4}"
EndProject
Project("{9A19103F-16F7-4668-BE54-9A1E7A4F7556}") = "HQ.Data.Sql.Dapper", "HQ.Data.Sql\src\HQ.Data.Sql.Dapper\HQ.Data.Sql.Dapper.csproj", "{DD410DA9-8120-4063-9A76-6899EA55ADD6}"
EndProject
Project("{9A19103F-16F7-4668-BE54-9A1E7A4F7556}") = "HQ.Data.Sql.Descriptor", "HQ.Data.Sql\src\HQ.Data.Sql.Descriptor\HQ.Data.Sql.Descriptor.csproj", "{2B84FFA8-E195-4BD4-B69E-553FF348FADF}"
EndProject
Project("{9A19103F-16F7-4668-BE54-9A1E7A4F7556}") = "HQ.Data.Sql.Queries", "HQ.Data.Sql\src\HQ.Data.Sql.Queries\HQ.Data.Sql.Queries.csproj", "{13A26AF3-1B0A-430A-BABD-76F05BF2CE68}"
EndProject
Project("{9A19103F-16F7-4668-BE54-9A1E7A4F7556}") = "HQ.Data.Sql.Builders", "HQ.Data.Sql\src\HQ.Data.Sql.Builders\HQ.Data.Sql.Builders.csproj", "{3493A03C-03DE-4024-9684-A8C93BBB2699}"
EndProject
Project("{9A19103F-16F7-4668-BE54-9A1E7A4F7556}") = "HQ.Extensions.Logging", "HQ.Extensions.Logging\src\HQ.Extensions.Logging\HQ.Extensions.Logging.csproj", "{99BC6BE9-0B93-491D-9922-540A67365D4D}"
EndProject
Project("{9A19103F-16F7-4668-BE54-9A1E7A4F7556}") = "HQ.Common", "HQ.Common\HQ.Common.csproj", "{D174418E-47C1-40DD-99E0-753C83990A62}"
EndProject
Project("{9A19103F-16F7-4668-BE54-9A1E7A4F7556}") = "HQ.Extensions.CodeGeneration", "HQ.Extensions.CodeGeneration\src\HQ.Extensions.CodeGeneration\HQ.Extensions.CodeGeneration.csproj", "{CCDEFE6A-9BAE-4815-9154-A92D87086C5E}"
EndProject
Project("{9A19103F-16F7-4668-BE54-9A1E7A4F7556}") = "HQ.Data.Sql", "HQ.Data.Sql\src\HQ.Data.Sql\HQ.Data.Sql.csproj", "{64E642AE-F544-4D8B-BBC2-52CB64AE8C9E}"
EndProject
Project("{9A19103F-16F7-4668-BE54-9A1E7A4F7556}") = "TypeKitchen", "..\..\TypeKitchen\src\TypeKitchen\TypeKitchen.csproj", "{B7B82D1A-A368-4879-AFEB-6FEC2E988098}"
EndProject
Project("{9A19103F-16F7-4668-BE54-9A1E7A4F7556}") = "HQ.Data.Sql.Sqlite", "HQ.Data.Sql\src\HQ.Data.Sql.Sqlite\HQ.Data.Sql.Sqlite.csproj", "{907E0A3D-AD09-4613-B1C7-ED2B18870856}"
EndProject
Project("{9A19103F-16F7-4668-BE54-9A1E7A4F7556}") = "HQ.Extensions.Options", "HQ.Extensions.Options\src\HQ.Extensions.Options\HQ.Extensions.Options.csproj", "{305E8EAF-7A0E-405D-9581-500F4F39DDDC}"
EndProject
Project("{9A19103F-16F7-4668-BE54-9A1E7A4F7556}") = "HQ.Extensions.Metrics", "HQ.Extensions.Metrics\src\HQ.Extensions.Metrics\HQ.Extensions.Metrics.csproj", "{D3C5BEAE-362E-4B1F-8EEC-0974F22E897E}"
EndProject
Project("{9A19103F-16F7-4668-BE54-9A1E7A4F7556}") = "HQ.Extensions.Metrics.Reporters.ServerTiming", "HQ.Extensions.Metrics\src\HQ.Extensions.Metrics.Reporters.ServerTiming\HQ.Extensions.Metrics.Reporters.ServerTiming.csproj", "{E0F2A14E-C91E-4707-8F81-C89F7DB7B609}"
EndProject
Project("{9A19103F-16F7-4668-BE54-9A1E7A4F7556}") = "HQ.Extensions.Caching", "HQ.Extensions.Caching\src\HQ.Extensions.Caching\HQ.Extensions.Caching.csproj", "{39EA202A-8201-41D2-8A77-D762ED9F6D68}"
EndProject
Project("{9A19103F-16F7-4668-BE54-9A1E7A4F7556}") = "HQ.Extensions.Dates", "HQ.Extensions.Dates\src\HQ.Extensions.Dates\HQ.Extensions.Dates.csproj", "{C1EDCB75-7953-483A-975B-E5BA0E490EF1}"
EndProject
Project("{9A19103F-16F7-4668-BE54-9A1E7A4F7556}") = "HQ.Extensions.Cryptography", "HQ.Extensions.Cryptography\src\HQ.Extensions.Cryptography\HQ.Extensions.Cryptography.csproj", "{57F55CEE-7179-4ECE-8C9D-88FDFC519311}"
EndProject
Project("{9A19103F-16F7-4668-BE54-9A1E7A4F7556}") = "HQ.Data.Sql.DocumentDb", "HQ.Data.Sql\src\HQ.Data.Sql.DocumentDb\HQ.Data.Sql.DocumentDb.csproj", "{9D6A0918-FF24-41BE-B39A-D795FB5195BA}"
EndProject
Project("{9A19103F-16F7-4668-BE54-9A1E7A4F7556}") = "HQ.Data.SessionManagement", "HQ.Data.SessionManagement\src\HQ.Data.SessionManagement\HQ.Data.SessionManagement.csproj", "{69205164-247A-4D62-A9A9-C3A14BD8769C}"
EndProject
Project("{9A19103F-16F7-4668-BE54-9A1E7A4F7556}") = "HQ.Data.SessionManagement.DocumentDb", "HQ.Data.SessionManagement\src\HQ.Data.SessionManagement.DocumentDb\HQ.Data.SessionManagement.DocumentDb.csproj", "{F25DB682-6D1C-4D81-83D3-4E38A2458B54}"
EndProject
Project("{9A19103F-16F7-4668-BE54-9A1E7A4F7556}") = "HQ.Data.SessionManagement.Sqlite", "HQ.Data.SessionManagement\src\HQ.Data.SessionManagement.Sqlite\HQ.Data.SessionManagement.Sqlite.csproj", "{7136041C-F1BE-4AAD-93AE-5DEBB2C9C3DD}"
EndProject
Project("{9A19103F-16F7-4668-BE54-9A1E7A4F7556}") = "HQ.Data.SessionManagement.SqlServer", "HQ.Data.SessionManagement\src\HQ.Data.SessionManagement.SqlServer\HQ.Data.SessionManagement.SqlServer.csproj", "{3AECE6C8-42C0-4A27-8240-C8751524ECF3}"
EndProject
Project("{9A19103F-16F7-4668-BE54-9A1E7A4F7556}") = "HQ.Extensions.DependencyInjection", "HQ.Extensions.DependencyInjection\src\HQ.Extensions.DependencyInjection\HQ.Extensions.DependencyInjection.csproj", "{E11B06EB-D1B2-497E-9ABD-828E1164F1A6}"
EndProject
Project("{9A19103F-16F7-4668-BE54-9A1E7A4F7556}") = "HQ.Extensions.DependencyInjection.AspNetCore", "HQ.Extensions.DependencyInjection\src\HQ.Extensions.DependencyInjection.AspNetCore\HQ.Extensions.DependencyInjection.AspNetCore.csproj", "{01B8F362-BDD1-45DA-8096-5737825E11C2}"
EndProject
Project("{9A19103F-16F7-4668-BE54-9A1E7A4F7556}") = "HQ.Common.AspNetCore", "HQ.Common.AspNetCore\HQ.Common.AspNetCore.csproj", "{E3599B10-6C06-4378-8BB4-DBBD9E1E76E0}"
EndProject
Project("{9A19103F-16F7-4668-BE54-9A1E7A4F7556}") = "HQ.Extensions.Metrics.AspNetCore", "HQ.Extensions.Metrics\src\HQ.Extensions.Metrics.AspNetCore\HQ.Extensions.Metrics.AspNetCore.csproj", "{0493F81F-A9A7-40D3-AF06-D40B97BCD567}"
EndProject
Project("{9A19103F-16F7-4668-BE54-9A1E7A4F7556}") = "HQ.Data.Sql.SqlServer", "HQ.Data.Sql\src\HQ.Data.Sql.SqlServer\HQ.Data.Sql.SqlServer.csproj", "{23664578-3517-44B6-AFF4-DC98F85BA1A8}"
EndProject
Project("{9A19103F-16F7-4668-BE54-9A1E7A4F7556}") = "HQ.Common.AspNetCore.Mvc", "HQ.Common.AspNetCore.Mvc\HQ.Common.AspNetCore.Mvc.csproj", "{34A27824-CC6F-4021-AE43-9D59583B567C}"
EndProject
Project("{9A19103F-16F7-4668-BE54-9A1E7A4F7556}") = "HQ.Data.Contracts.AspNetCore.Mvc", "HQ.Data.Contracts\src\HQ.Data.Contracts.AspNetCore.Mvc\HQ.Data.Contracts.AspNetCore.Mvc.csproj", "{9CD66E1F-DA36-4AC1-8EED-A4882238C2B3}"
EndProject
Global
	GlobalSection(SolutionConfigurationPlatforms) = preSolution
		Debug|Any CPU = Debug|Any CPU
		Package|Any CPU = Package|Any CPU
		Release|Any CPU = Release|Any CPU
	EndGlobalSection
	GlobalSection(ProjectConfigurationPlatforms) = postSolution
		{A169D8DF-51DA-4872-94FB-DB30474643E9}.Debug|Any CPU.ActiveCfg = Debug|Any CPU
		{A169D8DF-51DA-4872-94FB-DB30474643E9}.Debug|Any CPU.Build.0 = Debug|Any CPU
		{A169D8DF-51DA-4872-94FB-DB30474643E9}.Package|Any CPU.ActiveCfg = Package|Any CPU
		{A169D8DF-51DA-4872-94FB-DB30474643E9}.Package|Any CPU.Build.0 = Package|Any CPU
		{A169D8DF-51DA-4872-94FB-DB30474643E9}.Release|Any CPU.ActiveCfg = Release|Any CPU
		{A169D8DF-51DA-4872-94FB-DB30474643E9}.Release|Any CPU.Build.0 = Release|Any CPU
		{F558EA91-AA00-43D5-80D0-A8F4C25FE331}.Debug|Any CPU.ActiveCfg = Debug|Any CPU
		{F558EA91-AA00-43D5-80D0-A8F4C25FE331}.Debug|Any CPU.Build.0 = Debug|Any CPU
		{F558EA91-AA00-43D5-80D0-A8F4C25FE331}.Package|Any CPU.ActiveCfg = Package|Any CPU
		{F558EA91-AA00-43D5-80D0-A8F4C25FE331}.Package|Any CPU.Build.0 = Package|Any CPU
		{F558EA91-AA00-43D5-80D0-A8F4C25FE331}.Release|Any CPU.ActiveCfg = Release|Any CPU
		{F558EA91-AA00-43D5-80D0-A8F4C25FE331}.Release|Any CPU.Build.0 = Release|Any CPU
		{C012C061-305D-46CE-B199-FFD9C199EE6D}.Debug|Any CPU.ActiveCfg = Debug|Any CPU
		{C012C061-305D-46CE-B199-FFD9C199EE6D}.Debug|Any CPU.Build.0 = Debug|Any CPU
		{C012C061-305D-46CE-B199-FFD9C199EE6D}.Package|Any CPU.ActiveCfg = Debug|Any CPU
		{C012C061-305D-46CE-B199-FFD9C199EE6D}.Package|Any CPU.Build.0 = Debug|Any CPU
		{C012C061-305D-46CE-B199-FFD9C199EE6D}.Release|Any CPU.ActiveCfg = Release|Any CPU
		{C012C061-305D-46CE-B199-FFD9C199EE6D}.Release|Any CPU.Build.0 = Release|Any CPU
		{3BDD6CCB-F7FE-4D01-B38A-DD21112A6B05}.Debug|Any CPU.ActiveCfg = Debug|Any CPU
		{3BDD6CCB-F7FE-4D01-B38A-DD21112A6B05}.Debug|Any CPU.Build.0 = Debug|Any CPU
		{3BDD6CCB-F7FE-4D01-B38A-DD21112A6B05}.Package|Any CPU.ActiveCfg = Debug|Any CPU
		{3BDD6CCB-F7FE-4D01-B38A-DD21112A6B05}.Package|Any CPU.Build.0 = Debug|Any CPU
		{3BDD6CCB-F7FE-4D01-B38A-DD21112A6B05}.Release|Any CPU.ActiveCfg = Release|Any CPU
		{3BDD6CCB-F7FE-4D01-B38A-DD21112A6B05}.Release|Any CPU.Build.0 = Release|Any CPU
		{82D9F407-7715-4C0F-BF31-3376183651D7}.Debug|Any CPU.ActiveCfg = Debug|Any CPU
		{82D9F407-7715-4C0F-BF31-3376183651D7}.Debug|Any CPU.Build.0 = Debug|Any CPU
		{82D9F407-7715-4C0F-BF31-3376183651D7}.Package|Any CPU.ActiveCfg = Debug|Any CPU
		{82D9F407-7715-4C0F-BF31-3376183651D7}.Package|Any CPU.Build.0 = Debug|Any CPU
		{82D9F407-7715-4C0F-BF31-3376183651D7}.Release|Any CPU.ActiveCfg = Release|Any CPU
		{82D9F407-7715-4C0F-BF31-3376183651D7}.Release|Any CPU.Build.0 = Release|Any CPU
		{829B1A07-2660-4DE0-AED2-8FEBEB283642}.Debug|Any CPU.ActiveCfg = Debug|Any CPU
		{829B1A07-2660-4DE0-AED2-8FEBEB283642}.Debug|Any CPU.Build.0 = Debug|Any CPU
		{829B1A07-2660-4DE0-AED2-8FEBEB283642}.Package|Any CPU.ActiveCfg = Debug|Any CPU
		{829B1A07-2660-4DE0-AED2-8FEBEB283642}.Package|Any CPU.Build.0 = Debug|Any CPU
		{829B1A07-2660-4DE0-AED2-8FEBEB283642}.Release|Any CPU.ActiveCfg = Release|Any CPU
		{829B1A07-2660-4DE0-AED2-8FEBEB283642}.Release|Any CPU.Build.0 = Release|Any CPU
		{F68D9A5B-CECD-420F-8315-8F2405AB658D}.Debug|Any CPU.ActiveCfg = Debug|Any CPU
		{F68D9A5B-CECD-420F-8315-8F2405AB658D}.Debug|Any CPU.Build.0 = Debug|Any CPU
		{F68D9A5B-CECD-420F-8315-8F2405AB658D}.Package|Any CPU.ActiveCfg = Debug|Any CPU
		{F68D9A5B-CECD-420F-8315-8F2405AB658D}.Package|Any CPU.Build.0 = Debug|Any CPU
		{F68D9A5B-CECD-420F-8315-8F2405AB658D}.Release|Any CPU.ActiveCfg = Release|Any CPU
		{F68D9A5B-CECD-420F-8315-8F2405AB658D}.Release|Any CPU.Build.0 = Release|Any CPU
		{BDD7391E-C6D2-44C2-9D54-B73CE7322828}.Debug|Any CPU.ActiveCfg = Debug|Any CPU
		{BDD7391E-C6D2-44C2-9D54-B73CE7322828}.Debug|Any CPU.Build.0 = Debug|Any CPU
		{BDD7391E-C6D2-44C2-9D54-B73CE7322828}.Package|Any CPU.ActiveCfg = Release|Any CPU
		{BDD7391E-C6D2-44C2-9D54-B73CE7322828}.Package|Any CPU.Build.0 = Release|Any CPU
		{BDD7391E-C6D2-44C2-9D54-B73CE7322828}.Release|Any CPU.ActiveCfg = Release|Any CPU
		{BDD7391E-C6D2-44C2-9D54-B73CE7322828}.Release|Any CPU.Build.0 = Release|Any CPU
		{5D594F3E-E7F2-4008-BE2A-EF1A43782399}.Debug|Any CPU.ActiveCfg = Debug|Any CPU
		{5D594F3E-E7F2-4008-BE2A-EF1A43782399}.Debug|Any CPU.Build.0 = Debug|Any CPU
		{5D594F3E-E7F2-4008-BE2A-EF1A43782399}.Package|Any CPU.ActiveCfg = Debug|Any CPU
		{5D594F3E-E7F2-4008-BE2A-EF1A43782399}.Package|Any CPU.Build.0 = Debug|Any CPU
		{5D594F3E-E7F2-4008-BE2A-EF1A43782399}.Release|Any CPU.ActiveCfg = Release|Any CPU
		{5D594F3E-E7F2-4008-BE2A-EF1A43782399}.Release|Any CPU.Build.0 = Release|Any CPU
		{65B1F343-F8FD-4E49-8E12-72AE6345E3E5}.Debug|Any CPU.ActiveCfg = Debug|Any CPU
		{65B1F343-F8FD-4E49-8E12-72AE6345E3E5}.Debug|Any CPU.Build.0 = Debug|Any CPU
		{65B1F343-F8FD-4E49-8E12-72AE6345E3E5}.Package|Any CPU.ActiveCfg = Debug|Any CPU
		{65B1F343-F8FD-4E49-8E12-72AE6345E3E5}.Package|Any CPU.Build.0 = Debug|Any CPU
		{65B1F343-F8FD-4E49-8E12-72AE6345E3E5}.Release|Any CPU.ActiveCfg = Release|Any CPU
		{65B1F343-F8FD-4E49-8E12-72AE6345E3E5}.Release|Any CPU.Build.0 = Release|Any CPU
		{2E6531DA-5C70-4A80-AC8F-3932B9BA5808}.Debug|Any CPU.ActiveCfg = Debug|Any CPU
		{2E6531DA-5C70-4A80-AC8F-3932B9BA5808}.Debug|Any CPU.Build.0 = Debug|Any CPU
		{2E6531DA-5C70-4A80-AC8F-3932B9BA5808}.Package|Any CPU.ActiveCfg = Package|Any CPU
		{2E6531DA-5C70-4A80-AC8F-3932B9BA5808}.Package|Any CPU.Build.0 = Package|Any CPU
		{2E6531DA-5C70-4A80-AC8F-3932B9BA5808}.Release|Any CPU.ActiveCfg = Release|Any CPU
		{2E6531DA-5C70-4A80-AC8F-3932B9BA5808}.Release|Any CPU.Build.0 = Release|Any CPU
		{211F55DE-3F42-4538-90AF-FB1B08655050}.Debug|Any CPU.ActiveCfg = Debug|Any CPU
		{211F55DE-3F42-4538-90AF-FB1B08655050}.Debug|Any CPU.Build.0 = Debug|Any CPU
		{211F55DE-3F42-4538-90AF-FB1B08655050}.Package|Any CPU.ActiveCfg = Debug|Any CPU
		{211F55DE-3F42-4538-90AF-FB1B08655050}.Package|Any CPU.Build.0 = Debug|Any CPU
		{211F55DE-3F42-4538-90AF-FB1B08655050}.Release|Any CPU.ActiveCfg = Release|Any CPU
		{211F55DE-3F42-4538-90AF-FB1B08655050}.Release|Any CPU.Build.0 = Release|Any CPU
		{A98BF66B-DD51-4F7A-8E7C-B57778F02A0F}.Debug|Any CPU.ActiveCfg = Debug|Any CPU
		{A98BF66B-DD51-4F7A-8E7C-B57778F02A0F}.Debug|Any CPU.Build.0 = Debug|Any CPU
		{A98BF66B-DD51-4F7A-8E7C-B57778F02A0F}.Package|Any CPU.ActiveCfg = Debug|Any CPU
		{A98BF66B-DD51-4F7A-8E7C-B57778F02A0F}.Package|Any CPU.Build.0 = Debug|Any CPU
		{A98BF66B-DD51-4F7A-8E7C-B57778F02A0F}.Release|Any CPU.ActiveCfg = Release|Any CPU
		{A98BF66B-DD51-4F7A-8E7C-B57778F02A0F}.Release|Any CPU.Build.0 = Release|Any CPU
		{81EB22B8-18BC-4530-BD88-80A726EE2C98}.Debug|Any CPU.ActiveCfg = Debug|Any CPU
		{81EB22B8-18BC-4530-BD88-80A726EE2C98}.Debug|Any CPU.Build.0 = Debug|Any CPU
		{81EB22B8-18BC-4530-BD88-80A726EE2C98}.Package|Any CPU.ActiveCfg = Debug|Any CPU
		{81EB22B8-18BC-4530-BD88-80A726EE2C98}.Package|Any CPU.Build.0 = Debug|Any CPU
		{81EB22B8-18BC-4530-BD88-80A726EE2C98}.Release|Any CPU.ActiveCfg = Release|Any CPU
		{81EB22B8-18BC-4530-BD88-80A726EE2C98}.Release|Any CPU.Build.0 = Release|Any CPU
		{CAC9BF9E-EDED-4BB3-888E-1736274117DF}.Debug|Any CPU.ActiveCfg = Debug|Any CPU
		{CAC9BF9E-EDED-4BB3-888E-1736274117DF}.Debug|Any CPU.Build.0 = Debug|Any CPU
		{CAC9BF9E-EDED-4BB3-888E-1736274117DF}.Package|Any CPU.ActiveCfg = Debug|Any CPU
		{CAC9BF9E-EDED-4BB3-888E-1736274117DF}.Package|Any CPU.Build.0 = Debug|Any CPU
		{CAC9BF9E-EDED-4BB3-888E-1736274117DF}.Release|Any CPU.ActiveCfg = Release|Any CPU
		{CAC9BF9E-EDED-4BB3-888E-1736274117DF}.Release|Any CPU.Build.0 = Release|Any CPU
		{F476494D-EB8B-4D31-AA16-9E446ADF16A3}.Debug|Any CPU.ActiveCfg = Debug|Any CPU
		{F476494D-EB8B-4D31-AA16-9E446ADF16A3}.Debug|Any CPU.Build.0 = Debug|Any CPU
		{F476494D-EB8B-4D31-AA16-9E446ADF16A3}.Package|Any CPU.ActiveCfg = Package|Any CPU
		{F476494D-EB8B-4D31-AA16-9E446ADF16A3}.Package|Any CPU.Build.0 = Package|Any CPU
		{F476494D-EB8B-4D31-AA16-9E446ADF16A3}.Release|Any CPU.ActiveCfg = Release|Any CPU
		{F476494D-EB8B-4D31-AA16-9E446ADF16A3}.Release|Any CPU.Build.0 = Release|Any CPU
		{10258BF6-BEE8-46EF-AF91-A63E87ADA92F}.Debug|Any CPU.ActiveCfg = Debug|Any CPU
		{10258BF6-BEE8-46EF-AF91-A63E87ADA92F}.Debug|Any CPU.Build.0 = Debug|Any CPU
		{10258BF6-BEE8-46EF-AF91-A63E87ADA92F}.Package|Any CPU.ActiveCfg = Package|Any CPU
		{10258BF6-BEE8-46EF-AF91-A63E87ADA92F}.Package|Any CPU.Build.0 = Package|Any CPU
		{10258BF6-BEE8-46EF-AF91-A63E87ADA92F}.Release|Any CPU.ActiveCfg = Release|Any CPU
		{10258BF6-BEE8-46EF-AF91-A63E87ADA92F}.Release|Any CPU.Build.0 = Release|Any CPU
		{8CDA5F88-B93A-48F3-BFFD-5C2CC4197332}.Debug|Any CPU.ActiveCfg = Debug|Any CPU
		{8CDA5F88-B93A-48F3-BFFD-5C2CC4197332}.Debug|Any CPU.Build.0 = Debug|Any CPU
		{8CDA5F88-B93A-48F3-BFFD-5C2CC4197332}.Package|Any CPU.ActiveCfg = Release|Any CPU
		{8CDA5F88-B93A-48F3-BFFD-5C2CC4197332}.Package|Any CPU.Build.0 = Release|Any CPU
		{8CDA5F88-B93A-48F3-BFFD-5C2CC4197332}.Release|Any CPU.ActiveCfg = Release|Any CPU
		{8CDA5F88-B93A-48F3-BFFD-5C2CC4197332}.Release|Any CPU.Build.0 = Release|Any CPU
		{CC0DA6EF-7D1E-41ED-B8BB-1EEB3FA30F09}.Debug|Any CPU.ActiveCfg = Debug|Any CPU
		{CC0DA6EF-7D1E-41ED-B8BB-1EEB3FA30F09}.Debug|Any CPU.Build.0 = Debug|Any CPU
		{CC0DA6EF-7D1E-41ED-B8BB-1EEB3FA30F09}.Package|Any CPU.ActiveCfg = Package|Any CPU
		{CC0DA6EF-7D1E-41ED-B8BB-1EEB3FA30F09}.Package|Any CPU.Build.0 = Package|Any CPU
		{CC0DA6EF-7D1E-41ED-B8BB-1EEB3FA30F09}.Release|Any CPU.ActiveCfg = Release|Any CPU
		{CC0DA6EF-7D1E-41ED-B8BB-1EEB3FA30F09}.Release|Any CPU.Build.0 = Release|Any CPU
		{CB60F8A1-046A-46EB-AEF3-EE8AD79D16DC}.Debug|Any CPU.ActiveCfg = Debug|Any CPU
		{CB60F8A1-046A-46EB-AEF3-EE8AD79D16DC}.Debug|Any CPU.Build.0 = Debug|Any CPU
		{CB60F8A1-046A-46EB-AEF3-EE8AD79D16DC}.Package|Any CPU.ActiveCfg = Debug|Any CPU
		{CB60F8A1-046A-46EB-AEF3-EE8AD79D16DC}.Package|Any CPU.Build.0 = Debug|Any CPU
		{CB60F8A1-046A-46EB-AEF3-EE8AD79D16DC}.Release|Any CPU.ActiveCfg = Release|Any CPU
		{CB60F8A1-046A-46EB-AEF3-EE8AD79D16DC}.Release|Any CPU.Build.0 = Release|Any CPU
		{E9883FCD-8259-42D3-8361-B072ECDCABA4}.Debug|Any CPU.ActiveCfg = Debug|Any CPU
		{E9883FCD-8259-42D3-8361-B072ECDCABA4}.Debug|Any CPU.Build.0 = Debug|Any CPU
		{E9883FCD-8259-42D3-8361-B072ECDCABA4}.Package|Any CPU.ActiveCfg = Package|Any CPU
		{E9883FCD-8259-42D3-8361-B072ECDCABA4}.Package|Any CPU.Build.0 = Package|Any CPU
		{E9883FCD-8259-42D3-8361-B072ECDCABA4}.Release|Any CPU.ActiveCfg = Release|Any CPU
		{E9883FCD-8259-42D3-8361-B072ECDCABA4}.Release|Any CPU.Build.0 = Release|Any CPU
		{92EA7370-5511-4329-A604-29C07F951499}.Debug|Any CPU.ActiveCfg = Debug|Any CPU
		{92EA7370-5511-4329-A604-29C07F951499}.Debug|Any CPU.Build.0 = Debug|Any CPU
		{92EA7370-5511-4329-A604-29C07F951499}.Package|Any CPU.ActiveCfg = Debug|Any CPU
		{92EA7370-5511-4329-A604-29C07F951499}.Package|Any CPU.Build.0 = Debug|Any CPU
		{92EA7370-5511-4329-A604-29C07F951499}.Release|Any CPU.ActiveCfg = Release|Any CPU
		{92EA7370-5511-4329-A604-29C07F951499}.Release|Any CPU.Build.0 = Release|Any CPU
		{F44F879E-4B6D-49E7-B4EE-FF86AAF534F7}.Debug|Any CPU.ActiveCfg = Debug|Any CPU
		{F44F879E-4B6D-49E7-B4EE-FF86AAF534F7}.Debug|Any CPU.Build.0 = Debug|Any CPU
		{F44F879E-4B6D-49E7-B4EE-FF86AAF534F7}.Package|Any CPU.ActiveCfg = Package|Any CPU
		{F44F879E-4B6D-49E7-B4EE-FF86AAF534F7}.Package|Any CPU.Build.0 = Package|Any CPU
		{F44F879E-4B6D-49E7-B4EE-FF86AAF534F7}.Release|Any CPU.ActiveCfg = Release|Any CPU
		{F44F879E-4B6D-49E7-B4EE-FF86AAF534F7}.Release|Any CPU.Build.0 = Release|Any CPU
		{928C6320-67FD-43DA-8AFF-D240727D0327}.Debug|Any CPU.ActiveCfg = Debug|Any CPU
		{928C6320-67FD-43DA-8AFF-D240727D0327}.Debug|Any CPU.Build.0 = Debug|Any CPU
		{928C6320-67FD-43DA-8AFF-D240727D0327}.Package|Any CPU.ActiveCfg = Package|Any CPU
		{928C6320-67FD-43DA-8AFF-D240727D0327}.Package|Any CPU.Build.0 = Package|Any CPU
		{928C6320-67FD-43DA-8AFF-D240727D0327}.Release|Any CPU.ActiveCfg = Release|Any CPU
		{928C6320-67FD-43DA-8AFF-D240727D0327}.Release|Any CPU.Build.0 = Release|Any CPU
		{4F7053D8-3D7E-4F40-A67B-E3A81358D0D4}.Debug|Any CPU.ActiveCfg = Debug|Any CPU
		{4F7053D8-3D7E-4F40-A67B-E3A81358D0D4}.Debug|Any CPU.Build.0 = Debug|Any CPU
		{4F7053D8-3D7E-4F40-A67B-E3A81358D0D4}.Package|Any CPU.ActiveCfg = Package|Any CPU
		{4F7053D8-3D7E-4F40-A67B-E3A81358D0D4}.Package|Any CPU.Build.0 = Package|Any CPU
		{4F7053D8-3D7E-4F40-A67B-E3A81358D0D4}.Release|Any CPU.ActiveCfg = Release|Any CPU
		{4F7053D8-3D7E-4F40-A67B-E3A81358D0D4}.Release|Any CPU.Build.0 = Release|Any CPU
		{DD410DA9-8120-4063-9A76-6899EA55ADD6}.Debug|Any CPU.ActiveCfg = Debug|Any CPU
		{DD410DA9-8120-4063-9A76-6899EA55ADD6}.Debug|Any CPU.Build.0 = Debug|Any CPU
		{DD410DA9-8120-4063-9A76-6899EA55ADD6}.Package|Any CPU.ActiveCfg = Package|Any CPU
		{DD410DA9-8120-4063-9A76-6899EA55ADD6}.Package|Any CPU.Build.0 = Package|Any CPU
		{DD410DA9-8120-4063-9A76-6899EA55ADD6}.Release|Any CPU.ActiveCfg = Release|Any CPU
		{DD410DA9-8120-4063-9A76-6899EA55ADD6}.Release|Any CPU.Build.0 = Release|Any CPU
		{2B84FFA8-E195-4BD4-B69E-553FF348FADF}.Debug|Any CPU.ActiveCfg = Debug|Any CPU
		{2B84FFA8-E195-4BD4-B69E-553FF348FADF}.Debug|Any CPU.Build.0 = Debug|Any CPU
		{2B84FFA8-E195-4BD4-B69E-553FF348FADF}.Package|Any CPU.ActiveCfg = Package|Any CPU
		{2B84FFA8-E195-4BD4-B69E-553FF348FADF}.Package|Any CPU.Build.0 = Package|Any CPU
		{2B84FFA8-E195-4BD4-B69E-553FF348FADF}.Release|Any CPU.ActiveCfg = Release|Any CPU
		{2B84FFA8-E195-4BD4-B69E-553FF348FADF}.Release|Any CPU.Build.0 = Release|Any CPU
		{13A26AF3-1B0A-430A-BABD-76F05BF2CE68}.Debug|Any CPU.ActiveCfg = Debug|Any CPU
		{13A26AF3-1B0A-430A-BABD-76F05BF2CE68}.Debug|Any CPU.Build.0 = Debug|Any CPU
		{13A26AF3-1B0A-430A-BABD-76F05BF2CE68}.Package|Any CPU.ActiveCfg = Package|Any CPU
		{13A26AF3-1B0A-430A-BABD-76F05BF2CE68}.Package|Any CPU.Build.0 = Package|Any CPU
		{13A26AF3-1B0A-430A-BABD-76F05BF2CE68}.Release|Any CPU.ActiveCfg = Release|Any CPU
		{13A26AF3-1B0A-430A-BABD-76F05BF2CE68}.Release|Any CPU.Build.0 = Release|Any CPU
		{3493A03C-03DE-4024-9684-A8C93BBB2699}.Debug|Any CPU.ActiveCfg = Debug|Any CPU
		{3493A03C-03DE-4024-9684-A8C93BBB2699}.Debug|Any CPU.Build.0 = Debug|Any CPU
		{3493A03C-03DE-4024-9684-A8C93BBB2699}.Package|Any CPU.ActiveCfg = Package|Any CPU
		{3493A03C-03DE-4024-9684-A8C93BBB2699}.Package|Any CPU.Build.0 = Package|Any CPU
		{3493A03C-03DE-4024-9684-A8C93BBB2699}.Release|Any CPU.ActiveCfg = Release|Any CPU
		{3493A03C-03DE-4024-9684-A8C93BBB2699}.Release|Any CPU.Build.0 = Release|Any CPU
		{99BC6BE9-0B93-491D-9922-540A67365D4D}.Debug|Any CPU.ActiveCfg = Debug|Any CPU
		{99BC6BE9-0B93-491D-9922-540A67365D4D}.Debug|Any CPU.Build.0 = Debug|Any CPU
		{99BC6BE9-0B93-491D-9922-540A67365D4D}.Package|Any CPU.ActiveCfg = Package|Any CPU
		{99BC6BE9-0B93-491D-9922-540A67365D4D}.Package|Any CPU.Build.0 = Package|Any CPU
		{99BC6BE9-0B93-491D-9922-540A67365D4D}.Release|Any CPU.ActiveCfg = Release|Any CPU
		{99BC6BE9-0B93-491D-9922-540A67365D4D}.Release|Any CPU.Build.0 = Release|Any CPU
		{D174418E-47C1-40DD-99E0-753C83990A62}.Debug|Any CPU.ActiveCfg = Debug|Any CPU
		{D174418E-47C1-40DD-99E0-753C83990A62}.Debug|Any CPU.Build.0 = Debug|Any CPU
		{D174418E-47C1-40DD-99E0-753C83990A62}.Package|Any CPU.ActiveCfg = Package|Any CPU
		{D174418E-47C1-40DD-99E0-753C83990A62}.Package|Any CPU.Build.0 = Package|Any CPU
		{D174418E-47C1-40DD-99E0-753C83990A62}.Release|Any CPU.ActiveCfg = Release|Any CPU
		{D174418E-47C1-40DD-99E0-753C83990A62}.Release|Any CPU.Build.0 = Release|Any CPU
		{CCDEFE6A-9BAE-4815-9154-A92D87086C5E}.Debug|Any CPU.ActiveCfg = Debug|Any CPU
		{CCDEFE6A-9BAE-4815-9154-A92D87086C5E}.Debug|Any CPU.Build.0 = Debug|Any CPU
		{CCDEFE6A-9BAE-4815-9154-A92D87086C5E}.Package|Any CPU.ActiveCfg = Package|Any CPU
		{CCDEFE6A-9BAE-4815-9154-A92D87086C5E}.Package|Any CPU.Build.0 = Package|Any CPU
		{CCDEFE6A-9BAE-4815-9154-A92D87086C5E}.Release|Any CPU.ActiveCfg = Release|Any CPU
		{CCDEFE6A-9BAE-4815-9154-A92D87086C5E}.Release|Any CPU.Build.0 = Release|Any CPU
		{64E642AE-F544-4D8B-BBC2-52CB64AE8C9E}.Debug|Any CPU.ActiveCfg = Debug|Any CPU
		{64E642AE-F544-4D8B-BBC2-52CB64AE8C9E}.Debug|Any CPU.Build.0 = Debug|Any CPU
		{64E642AE-F544-4D8B-BBC2-52CB64AE8C9E}.Package|Any CPU.ActiveCfg = Package|Any CPU
		{64E642AE-F544-4D8B-BBC2-52CB64AE8C9E}.Package|Any CPU.Build.0 = Package|Any CPU
		{64E642AE-F544-4D8B-BBC2-52CB64AE8C9E}.Release|Any CPU.ActiveCfg = Release|Any CPU
		{64E642AE-F544-4D8B-BBC2-52CB64AE8C9E}.Release|Any CPU.Build.0 = Release|Any CPU
		{B7B82D1A-A368-4879-AFEB-6FEC2E988098}.Debug|Any CPU.ActiveCfg = Debug|Any CPU
		{B7B82D1A-A368-4879-AFEB-6FEC2E988098}.Debug|Any CPU.Build.0 = Debug|Any CPU
		{B7B82D1A-A368-4879-AFEB-6FEC2E988098}.Package|Any CPU.ActiveCfg = Package|Any CPU
		{B7B82D1A-A368-4879-AFEB-6FEC2E988098}.Package|Any CPU.Build.0 = Package|Any CPU
		{B7B82D1A-A368-4879-AFEB-6FEC2E988098}.Release|Any CPU.ActiveCfg = Release|Any CPU
		{B7B82D1A-A368-4879-AFEB-6FEC2E988098}.Release|Any CPU.Build.0 = Release|Any CPU
		{907E0A3D-AD09-4613-B1C7-ED2B18870856}.Debug|Any CPU.ActiveCfg = Debug|Any CPU
		{907E0A3D-AD09-4613-B1C7-ED2B18870856}.Debug|Any CPU.Build.0 = Debug|Any CPU
		{907E0A3D-AD09-4613-B1C7-ED2B18870856}.Package|Any CPU.ActiveCfg = Package|Any CPU
		{907E0A3D-AD09-4613-B1C7-ED2B18870856}.Package|Any CPU.Build.0 = Package|Any CPU
		{907E0A3D-AD09-4613-B1C7-ED2B18870856}.Release|Any CPU.ActiveCfg = Release|Any CPU
		{907E0A3D-AD09-4613-B1C7-ED2B18870856}.Release|Any CPU.Build.0 = Release|Any CPU
		{305E8EAF-7A0E-405D-9581-500F4F39DDDC}.Debug|Any CPU.ActiveCfg = Debug|Any CPU
		{305E8EAF-7A0E-405D-9581-500F4F39DDDC}.Debug|Any CPU.Build.0 = Debug|Any CPU
		{305E8EAF-7A0E-405D-9581-500F4F39DDDC}.Package|Any CPU.ActiveCfg = Package|Any CPU
		{305E8EAF-7A0E-405D-9581-500F4F39DDDC}.Package|Any CPU.Build.0 = Package|Any CPU
		{305E8EAF-7A0E-405D-9581-500F4F39DDDC}.Release|Any CPU.ActiveCfg = Release|Any CPU
		{305E8EAF-7A0E-405D-9581-500F4F39DDDC}.Release|Any CPU.Build.0 = Release|Any CPU
		{D3C5BEAE-362E-4B1F-8EEC-0974F22E897E}.Debug|Any CPU.ActiveCfg = Debug|Any CPU
		{D3C5BEAE-362E-4B1F-8EEC-0974F22E897E}.Debug|Any CPU.Build.0 = Debug|Any CPU
		{D3C5BEAE-362E-4B1F-8EEC-0974F22E897E}.Package|Any CPU.ActiveCfg = Package|Any CPU
		{D3C5BEAE-362E-4B1F-8EEC-0974F22E897E}.Package|Any CPU.Build.0 = Package|Any CPU
		{D3C5BEAE-362E-4B1F-8EEC-0974F22E897E}.Release|Any CPU.ActiveCfg = Release|Any CPU
		{D3C5BEAE-362E-4B1F-8EEC-0974F22E897E}.Release|Any CPU.Build.0 = Release|Any CPU
		{E0F2A14E-C91E-4707-8F81-C89F7DB7B609}.Debug|Any CPU.ActiveCfg = Debug|Any CPU
		{E0F2A14E-C91E-4707-8F81-C89F7DB7B609}.Debug|Any CPU.Build.0 = Debug|Any CPU
		{E0F2A14E-C91E-4707-8F81-C89F7DB7B609}.Package|Any CPU.ActiveCfg = Package|Any CPU
		{E0F2A14E-C91E-4707-8F81-C89F7DB7B609}.Package|Any CPU.Build.0 = Package|Any CPU
		{E0F2A14E-C91E-4707-8F81-C89F7DB7B609}.Release|Any CPU.ActiveCfg = Release|Any CPU
		{E0F2A14E-C91E-4707-8F81-C89F7DB7B609}.Release|Any CPU.Build.0 = Release|Any CPU
		{39EA202A-8201-41D2-8A77-D762ED9F6D68}.Debug|Any CPU.ActiveCfg = Debug|Any CPU
		{39EA202A-8201-41D2-8A77-D762ED9F6D68}.Debug|Any CPU.Build.0 = Debug|Any CPU
		{39EA202A-8201-41D2-8A77-D762ED9F6D68}.Package|Any CPU.ActiveCfg = Package|Any CPU
		{39EA202A-8201-41D2-8A77-D762ED9F6D68}.Package|Any CPU.Build.0 = Package|Any CPU
		{39EA202A-8201-41D2-8A77-D762ED9F6D68}.Release|Any CPU.ActiveCfg = Release|Any CPU
		{39EA202A-8201-41D2-8A77-D762ED9F6D68}.Release|Any CPU.Build.0 = Release|Any CPU
		{C1EDCB75-7953-483A-975B-E5BA0E490EF1}.Debug|Any CPU.ActiveCfg = Debug|Any CPU
		{C1EDCB75-7953-483A-975B-E5BA0E490EF1}.Debug|Any CPU.Build.0 = Debug|Any CPU
		{C1EDCB75-7953-483A-975B-E5BA0E490EF1}.Package|Any CPU.ActiveCfg = Package|Any CPU
		{C1EDCB75-7953-483A-975B-E5BA0E490EF1}.Package|Any CPU.Build.0 = Package|Any CPU
		{C1EDCB75-7953-483A-975B-E5BA0E490EF1}.Release|Any CPU.ActiveCfg = Release|Any CPU
		{C1EDCB75-7953-483A-975B-E5BA0E490EF1}.Release|Any CPU.Build.0 = Release|Any CPU
		{57F55CEE-7179-4ECE-8C9D-88FDFC519311}.Debug|Any CPU.ActiveCfg = Debug|Any CPU
		{57F55CEE-7179-4ECE-8C9D-88FDFC519311}.Debug|Any CPU.Build.0 = Debug|Any CPU
		{57F55CEE-7179-4ECE-8C9D-88FDFC519311}.Package|Any CPU.ActiveCfg = Package|Any CPU
		{57F55CEE-7179-4ECE-8C9D-88FDFC519311}.Package|Any CPU.Build.0 = Package|Any CPU
		{57F55CEE-7179-4ECE-8C9D-88FDFC519311}.Release|Any CPU.ActiveCfg = Release|Any CPU
		{57F55CEE-7179-4ECE-8C9D-88FDFC519311}.Release|Any CPU.Build.0 = Release|Any CPU
		{9D6A0918-FF24-41BE-B39A-D795FB5195BA}.Debug|Any CPU.ActiveCfg = Debug|Any CPU
		{9D6A0918-FF24-41BE-B39A-D795FB5195BA}.Debug|Any CPU.Build.0 = Debug|Any CPU
		{9D6A0918-FF24-41BE-B39A-D795FB5195BA}.Package|Any CPU.ActiveCfg = Package|Any CPU
		{9D6A0918-FF24-41BE-B39A-D795FB5195BA}.Package|Any CPU.Build.0 = Package|Any CPU
		{9D6A0918-FF24-41BE-B39A-D795FB5195BA}.Release|Any CPU.ActiveCfg = Release|Any CPU
		{9D6A0918-FF24-41BE-B39A-D795FB5195BA}.Release|Any CPU.Build.0 = Release|Any CPU
		{69205164-247A-4D62-A9A9-C3A14BD8769C}.Debug|Any CPU.ActiveCfg = Debug|Any CPU
		{69205164-247A-4D62-A9A9-C3A14BD8769C}.Debug|Any CPU.Build.0 = Debug|Any CPU
		{69205164-247A-4D62-A9A9-C3A14BD8769C}.Package|Any CPU.ActiveCfg = Package|Any CPU
		{69205164-247A-4D62-A9A9-C3A14BD8769C}.Package|Any CPU.Build.0 = Package|Any CPU
		{69205164-247A-4D62-A9A9-C3A14BD8769C}.Release|Any CPU.ActiveCfg = Release|Any CPU
		{69205164-247A-4D62-A9A9-C3A14BD8769C}.Release|Any CPU.Build.0 = Release|Any CPU
		{F25DB682-6D1C-4D81-83D3-4E38A2458B54}.Debug|Any CPU.ActiveCfg = Debug|Any CPU
		{F25DB682-6D1C-4D81-83D3-4E38A2458B54}.Debug|Any CPU.Build.0 = Debug|Any CPU
		{F25DB682-6D1C-4D81-83D3-4E38A2458B54}.Package|Any CPU.ActiveCfg = Package|Any CPU
		{F25DB682-6D1C-4D81-83D3-4E38A2458B54}.Package|Any CPU.Build.0 = Package|Any CPU
		{F25DB682-6D1C-4D81-83D3-4E38A2458B54}.Release|Any CPU.ActiveCfg = Release|Any CPU
		{F25DB682-6D1C-4D81-83D3-4E38A2458B54}.Release|Any CPU.Build.0 = Release|Any CPU
		{7136041C-F1BE-4AAD-93AE-5DEBB2C9C3DD}.Debug|Any CPU.ActiveCfg = Debug|Any CPU
		{7136041C-F1BE-4AAD-93AE-5DEBB2C9C3DD}.Debug|Any CPU.Build.0 = Debug|Any CPU
		{7136041C-F1BE-4AAD-93AE-5DEBB2C9C3DD}.Package|Any CPU.ActiveCfg = Package|Any CPU
		{7136041C-F1BE-4AAD-93AE-5DEBB2C9C3DD}.Package|Any CPU.Build.0 = Package|Any CPU
		{7136041C-F1BE-4AAD-93AE-5DEBB2C9C3DD}.Release|Any CPU.ActiveCfg = Release|Any CPU
		{7136041C-F1BE-4AAD-93AE-5DEBB2C9C3DD}.Release|Any CPU.Build.0 = Release|Any CPU
		{3AECE6C8-42C0-4A27-8240-C8751524ECF3}.Debug|Any CPU.ActiveCfg = Debug|Any CPU
		{3AECE6C8-42C0-4A27-8240-C8751524ECF3}.Debug|Any CPU.Build.0 = Debug|Any CPU
		{3AECE6C8-42C0-4A27-8240-C8751524ECF3}.Package|Any CPU.ActiveCfg = Package|Any CPU
		{3AECE6C8-42C0-4A27-8240-C8751524ECF3}.Package|Any CPU.Build.0 = Package|Any CPU
		{3AECE6C8-42C0-4A27-8240-C8751524ECF3}.Release|Any CPU.ActiveCfg = Release|Any CPU
		{3AECE6C8-42C0-4A27-8240-C8751524ECF3}.Release|Any CPU.Build.0 = Release|Any CPU
		{E11B06EB-D1B2-497E-9ABD-828E1164F1A6}.Debug|Any CPU.ActiveCfg = Debug|Any CPU
		{E11B06EB-D1B2-497E-9ABD-828E1164F1A6}.Debug|Any CPU.Build.0 = Debug|Any CPU
		{E11B06EB-D1B2-497E-9ABD-828E1164F1A6}.Package|Any CPU.ActiveCfg = Package|Any CPU
		{E11B06EB-D1B2-497E-9ABD-828E1164F1A6}.Package|Any CPU.Build.0 = Package|Any CPU
		{E11B06EB-D1B2-497E-9ABD-828E1164F1A6}.Release|Any CPU.ActiveCfg = Release|Any CPU
		{E11B06EB-D1B2-497E-9ABD-828E1164F1A6}.Release|Any CPU.Build.0 = Release|Any CPU
		{01B8F362-BDD1-45DA-8096-5737825E11C2}.Debug|Any CPU.ActiveCfg = Debug|Any CPU
		{01B8F362-BDD1-45DA-8096-5737825E11C2}.Debug|Any CPU.Build.0 = Debug|Any CPU
		{01B8F362-BDD1-45DA-8096-5737825E11C2}.Package|Any CPU.ActiveCfg = Package|Any CPU
		{01B8F362-BDD1-45DA-8096-5737825E11C2}.Package|Any CPU.Build.0 = Package|Any CPU
		{01B8F362-BDD1-45DA-8096-5737825E11C2}.Release|Any CPU.ActiveCfg = Release|Any CPU
		{01B8F362-BDD1-45DA-8096-5737825E11C2}.Release|Any CPU.Build.0 = Release|Any CPU
		{E3599B10-6C06-4378-8BB4-DBBD9E1E76E0}.Debug|Any CPU.ActiveCfg = Debug|Any CPU
		{E3599B10-6C06-4378-8BB4-DBBD9E1E76E0}.Debug|Any CPU.Build.0 = Debug|Any CPU
		{E3599B10-6C06-4378-8BB4-DBBD9E1E76E0}.Package|Any CPU.ActiveCfg = Package|Any CPU
		{E3599B10-6C06-4378-8BB4-DBBD9E1E76E0}.Package|Any CPU.Build.0 = Package|Any CPU
		{E3599B10-6C06-4378-8BB4-DBBD9E1E76E0}.Release|Any CPU.ActiveCfg = Release|Any CPU
		{E3599B10-6C06-4378-8BB4-DBBD9E1E76E0}.Release|Any CPU.Build.0 = Release|Any CPU
		{0493F81F-A9A7-40D3-AF06-D40B97BCD567}.Debug|Any CPU.ActiveCfg = Debug|Any CPU
		{0493F81F-A9A7-40D3-AF06-D40B97BCD567}.Debug|Any CPU.Build.0 = Debug|Any CPU
		{0493F81F-A9A7-40D3-AF06-D40B97BCD567}.Package|Any CPU.ActiveCfg = Package|Any CPU
		{0493F81F-A9A7-40D3-AF06-D40B97BCD567}.Package|Any CPU.Build.0 = Package|Any CPU
		{0493F81F-A9A7-40D3-AF06-D40B97BCD567}.Release|Any CPU.ActiveCfg = Release|Any CPU
		{0493F81F-A9A7-40D3-AF06-D40B97BCD567}.Release|Any CPU.Build.0 = Release|Any CPU
		{23664578-3517-44B6-AFF4-DC98F85BA1A8}.Debug|Any CPU.ActiveCfg = Debug|Any CPU
		{23664578-3517-44B6-AFF4-DC98F85BA1A8}.Debug|Any CPU.Build.0 = Debug|Any CPU
		{23664578-3517-44B6-AFF4-DC98F85BA1A8}.Package|Any CPU.ActiveCfg = Package|Any CPU
		{23664578-3517-44B6-AFF4-DC98F85BA1A8}.Package|Any CPU.Build.0 = Package|Any CPU
		{23664578-3517-44B6-AFF4-DC98F85BA1A8}.Release|Any CPU.ActiveCfg = Release|Any CPU
		{23664578-3517-44B6-AFF4-DC98F85BA1A8}.Release|Any CPU.Build.0 = Release|Any CPU
		{34A27824-CC6F-4021-AE43-9D59583B567C}.Debug|Any CPU.ActiveCfg = Debug|Any CPU
		{34A27824-CC6F-4021-AE43-9D59583B567C}.Debug|Any CPU.Build.0 = Debug|Any CPU
		{34A27824-CC6F-4021-AE43-9D59583B567C}.Package|Any CPU.ActiveCfg = Package|Any CPU
		{34A27824-CC6F-4021-AE43-9D59583B567C}.Package|Any CPU.Build.0 = Package|Any CPU
		{34A27824-CC6F-4021-AE43-9D59583B567C}.Release|Any CPU.ActiveCfg = Release|Any CPU
		{34A27824-CC6F-4021-AE43-9D59583B567C}.Release|Any CPU.Build.0 = Release|Any CPU
		{9CD66E1F-DA36-4AC1-8EED-A4882238C2B3}.Debug|Any CPU.ActiveCfg = Debug|Any CPU
		{9CD66E1F-DA36-4AC1-8EED-A4882238C2B3}.Debug|Any CPU.Build.0 = Debug|Any CPU
		{9CD66E1F-DA36-4AC1-8EED-A4882238C2B3}.Package|Any CPU.ActiveCfg = Package|Any CPU
		{9CD66E1F-DA36-4AC1-8EED-A4882238C2B3}.Package|Any CPU.Build.0 = Package|Any CPU
		{9CD66E1F-DA36-4AC1-8EED-A4882238C2B3}.Release|Any CPU.ActiveCfg = Release|Any CPU
		{9CD66E1F-DA36-4AC1-8EED-A4882238C2B3}.Release|Any CPU.Build.0 = Release|Any CPU
	EndGlobalSection
	GlobalSection(SolutionProperties) = preSolution
		HideSolutionNode = FALSE
	EndGlobalSection
	GlobalSection(NestedProjects) = preSolution
		{A169D8DF-51DA-4872-94FB-DB30474643E9} = {99239AAE-96A7-4761-96C2-837EBC2CDF79}
		{F558EA91-AA00-43D5-80D0-A8F4C25FE331} = {99239AAE-96A7-4761-96C2-837EBC2CDF79}
		{C012C061-305D-46CE-B199-FFD9C199EE6D} = {99239AAE-96A7-4761-96C2-837EBC2CDF79}
		{3BDD6CCB-F7FE-4D01-B38A-DD21112A6B05} = {99239AAE-96A7-4761-96C2-837EBC2CDF79}
		{82D9F407-7715-4C0F-BF31-3376183651D7} = {99239AAE-96A7-4761-96C2-837EBC2CDF79}
		{829B1A07-2660-4DE0-AED2-8FEBEB283642} = {99239AAE-96A7-4761-96C2-837EBC2CDF79}
		{F68D9A5B-CECD-420F-8315-8F2405AB658D} = {99239AAE-96A7-4761-96C2-837EBC2CDF79}
		{BDD7391E-C6D2-44C2-9D54-B73CE7322828} = {E1CB0E99-87C2-4FF3-B411-0929BE392F44}
		{5D594F3E-E7F2-4008-BE2A-EF1A43782399} = {E1CB0E99-87C2-4FF3-B411-0929BE392F44}
		{65B1F343-F8FD-4E49-8E12-72AE6345E3E5} = {E1CB0E99-87C2-4FF3-B411-0929BE392F44}
		{2E6531DA-5C70-4A80-AC8F-3932B9BA5808} = {99239AAE-96A7-4761-96C2-837EBC2CDF79}
		{211F55DE-3F42-4538-90AF-FB1B08655050} = {99239AAE-96A7-4761-96C2-837EBC2CDF79}
		{A98BF66B-DD51-4F7A-8E7C-B57778F02A0F} = {99239AAE-96A7-4761-96C2-837EBC2CDF79}
		{81EB22B8-18BC-4530-BD88-80A726EE2C98} = {99239AAE-96A7-4761-96C2-837EBC2CDF79}
		{CAC9BF9E-EDED-4BB3-888E-1736274117DF} = {99239AAE-96A7-4761-96C2-837EBC2CDF79}
		{F476494D-EB8B-4D31-AA16-9E446ADF16A3} = {99239AAE-96A7-4761-96C2-837EBC2CDF79}
		{10258BF6-BEE8-46EF-AF91-A63E87ADA92F} = {99239AAE-96A7-4761-96C2-837EBC2CDF79}
		{8CDA5F88-B93A-48F3-BFFD-5C2CC4197332} = {E1CB0E99-87C2-4FF3-B411-0929BE392F44}
		{CC0DA6EF-7D1E-41ED-B8BB-1EEB3FA30F09} = {69CEA518-88E3-42D1-A341-7518EA873434}
		{CB60F8A1-046A-46EB-AEF3-EE8AD79D16DC} = {6D40E97F-D9D8-4434-9FD3-EDA361C01081}
		{E9883FCD-8259-42D3-8361-B072ECDCABA4} = {69CEA518-88E3-42D1-A341-7518EA873434}
		{92EA7370-5511-4329-A604-29C07F951499} = {23D0ED1E-30D0-47BA-8EA3-9405767DB7AC}
		{F44F879E-4B6D-49E7-B4EE-FF86AAF534F7} = {69CEA518-88E3-42D1-A341-7518EA873434}
		{928C6320-67FD-43DA-8AFF-D240727D0327} = {69CEA518-88E3-42D1-A341-7518EA873434}
		{4F7053D8-3D7E-4F40-A67B-E3A81358D0D4} = {69CEA518-88E3-42D1-A341-7518EA873434}
		{DD410DA9-8120-4063-9A76-6899EA55ADD6} = {69CEA518-88E3-42D1-A341-7518EA873434}
		{2B84FFA8-E195-4BD4-B69E-553FF348FADF} = {69CEA518-88E3-42D1-A341-7518EA873434}
		{13A26AF3-1B0A-430A-BABD-76F05BF2CE68} = {69CEA518-88E3-42D1-A341-7518EA873434}
		{3493A03C-03DE-4024-9684-A8C93BBB2699} = {69CEA518-88E3-42D1-A341-7518EA873434}
		{99BC6BE9-0B93-491D-9922-540A67365D4D} = {69CEA518-88E3-42D1-A341-7518EA873434}
		{D174418E-47C1-40DD-99E0-753C83990A62} = {69CEA518-88E3-42D1-A341-7518EA873434}
		{CCDEFE6A-9BAE-4815-9154-A92D87086C5E} = {69CEA518-88E3-42D1-A341-7518EA873434}
		{64E642AE-F544-4D8B-BBC2-52CB64AE8C9E} = {69CEA518-88E3-42D1-A341-7518EA873434}
		{B7B82D1A-A368-4879-AFEB-6FEC2E988098} = {69CEA518-88E3-42D1-A341-7518EA873434}
		{907E0A3D-AD09-4613-B1C7-ED2B18870856} = {69CEA518-88E3-42D1-A341-7518EA873434}
		{305E8EAF-7A0E-405D-9581-500F4F39DDDC} = {69CEA518-88E3-42D1-A341-7518EA873434}
		{D3C5BEAE-362E-4B1F-8EEC-0974F22E897E} = {69CEA518-88E3-42D1-A341-7518EA873434}
		{E0F2A14E-C91E-4707-8F81-C89F7DB7B609} = {69CEA518-88E3-42D1-A341-7518EA873434}
		{39EA202A-8201-41D2-8A77-D762ED9F6D68} = {69CEA518-88E3-42D1-A341-7518EA873434}
		{C1EDCB75-7953-483A-975B-E5BA0E490EF1} = {69CEA518-88E3-42D1-A341-7518EA873434}
		{57F55CEE-7179-4ECE-8C9D-88FDFC519311} = {69CEA518-88E3-42D1-A341-7518EA873434}
		{9D6A0918-FF24-41BE-B39A-D795FB5195BA} = {69CEA518-88E3-42D1-A341-7518EA873434}
		{69205164-247A-4D62-A9A9-C3A14BD8769C} = {69CEA518-88E3-42D1-A341-7518EA873434}
		{F25DB682-6D1C-4D81-83D3-4E38A2458B54} = {69CEA518-88E3-42D1-A341-7518EA873434}
		{7136041C-F1BE-4AAD-93AE-5DEBB2C9C3DD} = {69CEA518-88E3-42D1-A341-7518EA873434}
		{3AECE6C8-42C0-4A27-8240-C8751524ECF3} = {69CEA518-88E3-42D1-A341-7518EA873434}
		{E11B06EB-D1B2-497E-9ABD-828E1164F1A6} = {69CEA518-88E3-42D1-A341-7518EA873434}
		{01B8F362-BDD1-45DA-8096-5737825E11C2} = {69CEA518-88E3-42D1-A341-7518EA873434}
		{E3599B10-6C06-4378-8BB4-DBBD9E1E76E0} = {69CEA518-88E3-42D1-A341-7518EA873434}
		{0493F81F-A9A7-40D3-AF06-D40B97BCD567} = {69CEA518-88E3-42D1-A341-7518EA873434}
		{23664578-3517-44B6-AFF4-DC98F85BA1A8} = {69CEA518-88E3-42D1-A341-7518EA873434}
		{34A27824-CC6F-4021-AE43-9D59583B567C} = {69CEA518-88E3-42D1-A341-7518EA873434}
		{9CD66E1F-DA36-4AC1-8EED-A4882238C2B3} = {69CEA518-88E3-42D1-A341-7518EA873434}
	EndGlobalSection
	GlobalSection(ExtensibilityGlobals) = postSolution
		SolutionGuid = {10824399-8311-4632-833E-A9C7C7437B80}
	EndGlobalSection
EndGlobal
