
Microsoft Visual Studio Solution File, Format Version 12.00
# Visual Studio 15
VisualStudioVersion = 15.0.27703.2042
MinimumVisualStudioVersion = 10.0.40219.1
Project("{2150E333-8FDC-42A3-9474-1A3956D46DE8}") = "Solution Items", "Solution Items", "{2D05344B-97D3-4B25-88ED-C1FF1D0996B1}"
	ProjectSection(SolutionItems) = preProject
		..\LICENSE.txt = ..\LICENSE.txt
		..\LICENSE_FULL.txt = ..\LICENSE_FULL.txt
		..\README.md = ..\README.md
		..\THIRD-PARTY-NOTICES.txt = ..\THIRD-PARTY-NOTICES.txt
		..\..\HQ\build\version.props = ..\..\HQ\build\version.props
	EndProjectSection
EndProject
Project("{9A19103F-16F7-4668-BE54-9A1E7A4F7556}") = "HQ.Rosetta", "HQ.Rosetta\HQ.Rosetta.csproj", "{6AC8F510-155A-4361-889F-C21CA7FE65F2}"
EndProject
Project("{2150E333-8FDC-42A3-9474-1A3956D46DE8}") = "Platform", "Platform", "{5C26F0A4-0E17-4D1D-B44E-94A4FE01877E}"
EndProject
Project("{9A19103F-16F7-4668-BE54-9A1E7A4F7556}") = "HQ.Common", "..\..\HQ.Common\src\HQ.Common\HQ.Common.csproj", "{35F968E4-F2DE-4F58-8374-AFA0A248769C}"
EndProject
Project("{9A19103F-16F7-4668-BE54-9A1E7A4F7556}") = "HQ.Rosetta.Runtime", "HQ.Rosetta.Runtime\HQ.Rosetta.Runtime.csproj", "{66184407-AE61-4530-BE93-D6F7966DE400}"
EndProject
Project("{9A19103F-16F7-4668-BE54-9A1E7A4F7556}") = "HQ.Rosetta.AspNetCore.Mvc", "HQ.Rosetta.AspNetCore.Mvc\HQ.Rosetta.AspNetCore.Mvc.csproj", "{63554797-F3E9-44E5-9EEF-AAA7AFF41A56}"
EndProject
Project("{9A19103F-16F7-4668-BE54-9A1E7A4F7556}") = "HQ.Strings", "..\..\HQ.Strings\src\HQ.Strings\HQ.Strings.csproj", "{317C39AC-D654-47DA-8F78-F6C836FAE7E7}"
EndProject
Project("{9A19103F-16F7-4668-BE54-9A1E7A4F7556}") = "HQ.Common.AspNetCore.Mvc", "..\..\HQ.Common\src\HQ.Common.AspNetCore.Mvc\HQ.Common.AspNetCore.Mvc.csproj", "{B90F8A62-81B6-456A-AB5E-53FA5ED622E2}"
EndProject
Global
	GlobalSection(SolutionConfigurationPlatforms) = preSolution
		Debug|Any CPU = Debug|Any CPU
		Package|Any CPU = Package|Any CPU
		Release|Any CPU = Release|Any CPU
	EndGlobalSection
	GlobalSection(ProjectConfigurationPlatforms) = postSolution
		{6AC8F510-155A-4361-889F-C21CA7FE65F2}.Debug|Any CPU.ActiveCfg = Debug|Any CPU
		{6AC8F510-155A-4361-889F-C21CA7FE65F2}.Debug|Any CPU.Build.0 = Debug|Any CPU
		{6AC8F510-155A-4361-889F-C21CA7FE65F2}.Package|Any CPU.ActiveCfg = Package|Any CPU
		{6AC8F510-155A-4361-889F-C21CA7FE65F2}.Package|Any CPU.Build.0 = Package|Any CPU
		{6AC8F510-155A-4361-889F-C21CA7FE65F2}.Release|Any CPU.ActiveCfg = Release|Any CPU
		{6AC8F510-155A-4361-889F-C21CA7FE65F2}.Release|Any CPU.Build.0 = Release|Any CPU
		{35F968E4-F2DE-4F58-8374-AFA0A248769C}.Debug|Any CPU.ActiveCfg = Debug|Any CPU
		{35F968E4-F2DE-4F58-8374-AFA0A248769C}.Debug|Any CPU.Build.0 = Debug|Any CPU
		{35F968E4-F2DE-4F58-8374-AFA0A248769C}.Package|Any CPU.ActiveCfg = Release|Any CPU
		{35F968E4-F2DE-4F58-8374-AFA0A248769C}.Package|Any CPU.Build.0 = Release|Any CPU
		{35F968E4-F2DE-4F58-8374-AFA0A248769C}.Release|Any CPU.ActiveCfg = Release|Any CPU
		{35F968E4-F2DE-4F58-8374-AFA0A248769C}.Release|Any CPU.Build.0 = Release|Any CPU
		{66184407-AE61-4530-BE93-D6F7966DE400}.Debug|Any CPU.ActiveCfg = Debug|Any CPU
		{66184407-AE61-4530-BE93-D6F7966DE400}.Debug|Any CPU.Build.0 = Debug|Any CPU
		{66184407-AE61-4530-BE93-D6F7966DE400}.Package|Any CPU.ActiveCfg = Package|Any CPU
		{66184407-AE61-4530-BE93-D6F7966DE400}.Package|Any CPU.Build.0 = Package|Any CPU
		{66184407-AE61-4530-BE93-D6F7966DE400}.Release|Any CPU.ActiveCfg = Release|Any CPU
		{66184407-AE61-4530-BE93-D6F7966DE400}.Release|Any CPU.Build.0 = Release|Any CPU
		{63554797-F3E9-44E5-9EEF-AAA7AFF41A56}.Debug|Any CPU.ActiveCfg = Debug|Any CPU
		{63554797-F3E9-44E5-9EEF-AAA7AFF41A56}.Debug|Any CPU.Build.0 = Debug|Any CPU
		{63554797-F3E9-44E5-9EEF-AAA7AFF41A56}.Package|Any CPU.ActiveCfg = Package|Any CPU
		{63554797-F3E9-44E5-9EEF-AAA7AFF41A56}.Package|Any CPU.Build.0 = Package|Any CPU
		{63554797-F3E9-44E5-9EEF-AAA7AFF41A56}.Release|Any CPU.ActiveCfg = Release|Any CPU
		{63554797-F3E9-44E5-9EEF-AAA7AFF41A56}.Release|Any CPU.Build.0 = Release|Any CPU
		{317C39AC-D654-47DA-8F78-F6C836FAE7E7}.Debug|Any CPU.ActiveCfg = Debug|Any CPU
		{317C39AC-D654-47DA-8F78-F6C836FAE7E7}.Debug|Any CPU.Build.0 = Debug|Any CPU
		{317C39AC-D654-47DA-8F78-F6C836FAE7E7}.Package|Any CPU.ActiveCfg = Release|Any CPU
		{317C39AC-D654-47DA-8F78-F6C836FAE7E7}.Package|Any CPU.Build.0 = Release|Any CPU
		{317C39AC-D654-47DA-8F78-F6C836FAE7E7}.Release|Any CPU.ActiveCfg = Release|Any CPU
		{317C39AC-D654-47DA-8F78-F6C836FAE7E7}.Release|Any CPU.Build.0 = Release|Any CPU
		{B90F8A62-81B6-456A-AB5E-53FA5ED622E2}.Debug|Any CPU.ActiveCfg = Debug|Any CPU
		{B90F8A62-81B6-456A-AB5E-53FA5ED622E2}.Debug|Any CPU.Build.0 = Debug|Any CPU
		{B90F8A62-81B6-456A-AB5E-53FA5ED622E2}.Package|Any CPU.ActiveCfg = Release|Any CPU
		{B90F8A62-81B6-456A-AB5E-53FA5ED622E2}.Package|Any CPU.Build.0 = Release|Any CPU
		{B90F8A62-81B6-456A-AB5E-53FA5ED622E2}.Release|Any CPU.ActiveCfg = Release|Any CPU
		{B90F8A62-81B6-456A-AB5E-53FA5ED622E2}.Release|Any CPU.Build.0 = Release|Any CPU
	EndGlobalSection
	GlobalSection(SolutionProperties) = preSolution
		HideSolutionNode = FALSE
	EndGlobalSection
	GlobalSection(NestedProjects) = preSolution
		{35F968E4-F2DE-4F58-8374-AFA0A248769C} = {5C26F0A4-0E17-4D1D-B44E-94A4FE01877E}
		{317C39AC-D654-47DA-8F78-F6C836FAE7E7} = {5C26F0A4-0E17-4D1D-B44E-94A4FE01877E}
		{B90F8A62-81B6-456A-AB5E-53FA5ED622E2} = {5C26F0A4-0E17-4D1D-B44E-94A4FE01877E}
	EndGlobalSection
	GlobalSection(ExtensibilityGlobals) = postSolution
		SolutionGuid = {5793101C-F647-4F0F-8D36-C6CEE9A18AE5}
	EndGlobalSection
EndGlobal
