
Microsoft Visual Studio Solution File, Format Version 12.00
# Visual Studio 15
VisualStudioVersion = 15.0.26730.3
MinimumVisualStudioVersion = 10.0.40219.1
Project("{2150E333-8FDC-42A3-9474-1A3956D46DE8}") = "Solution Items", "Solution Items", "{61698D66-1D72-41B2-AA22-2A9585C5E50C}"
	ProjectSection(SolutionItems) = preProject
		..\LICENSE.txt = ..\LICENSE.txt
		..\LICENSE_FULL.txt = ..\LICENSE_FULL.txt
		..\README.md = ..\README.md
		..\THIRD-PARTY-NOTICES.txt = ..\THIRD-PARTY-NOTICES.txt
	EndProjectSection
EndProject
Project("{9A19103F-16F7-4668-BE54-9A1E7A4F7556}") = "HQ.Remix.Tests", "..\test\HQ.Remix.Tests\HQ.Remix.Tests.csproj", "{5A8DFE8D-A52B-4321-84AE-2B7C173B63BB}"
EndProject
Project("{9A19103F-16F7-4668-BE54-9A1E7A4F7556}") = "HQ.Remix", "HQ.Remix\HQ.Remix.csproj", "{5C7215BC-04DF-442C-9820-CF09E75BFC68}"
EndProject
Project("{2150E333-8FDC-42A3-9474-1A3956D46DE8}") = "Platform", "Platform", "{798FA5A2-8F20-4B78-8718-CD697472BF3B}"
EndProject
Project("{9A19103F-16F7-4668-BE54-9A1E7A4F7556}") = "HQ.Common", "..\..\HQ.Common\src\HQ.Common\HQ.Common.csproj", "{625F8981-6D41-43A4-BE20-634C1238F0EB}"
EndProject
Global
	GlobalSection(SolutionConfigurationPlatforms) = preSolution
		Debug|Any CPU = Debug|Any CPU
		Package|Any CPU = Package|Any CPU
		Release|Any CPU = Release|Any CPU
	EndGlobalSection
	GlobalSection(ProjectConfigurationPlatforms) = postSolution
		{5A8DFE8D-A52B-4321-84AE-2B7C173B63BB}.Debug|Any CPU.ActiveCfg = Debug|Any CPU
		{5A8DFE8D-A52B-4321-84AE-2B7C173B63BB}.Debug|Any CPU.Build.0 = Debug|Any CPU
		{5A8DFE8D-A52B-4321-84AE-2B7C173B63BB}.Package|Any CPU.ActiveCfg = Release|Any CPU
		{5A8DFE8D-A52B-4321-84AE-2B7C173B63BB}.Package|Any CPU.Build.0 = Release|Any CPU
		{5A8DFE8D-A52B-4321-84AE-2B7C173B63BB}.Release|Any CPU.ActiveCfg = Release|Any CPU
		{5A8DFE8D-A52B-4321-84AE-2B7C173B63BB}.Release|Any CPU.Build.0 = Release|Any CPU
		{5C7215BC-04DF-442C-9820-CF09E75BFC68}.Debug|Any CPU.ActiveCfg = Debug|Any CPU
		{5C7215BC-04DF-442C-9820-CF09E75BFC68}.Debug|Any CPU.Build.0 = Debug|Any CPU
		{5C7215BC-04DF-442C-9820-CF09E75BFC68}.Package|Any CPU.ActiveCfg = Package|Any CPU
		{5C7215BC-04DF-442C-9820-CF09E75BFC68}.Package|Any CPU.Build.0 = Package|Any CPU
		{5C7215BC-04DF-442C-9820-CF09E75BFC68}.Release|Any CPU.ActiveCfg = Release|Any CPU
		{5C7215BC-04DF-442C-9820-CF09E75BFC68}.Release|Any CPU.Build.0 = Release|Any CPU
		{625F8981-6D41-43A4-BE20-634C1238F0EB}.Debug|Any CPU.ActiveCfg = Debug|Any CPU
		{625F8981-6D41-43A4-BE20-634C1238F0EB}.Debug|Any CPU.Build.0 = Debug|Any CPU
		{625F8981-6D41-43A4-BE20-634C1238F0EB}.Package|Any CPU.ActiveCfg = Release|Any CPU
		{625F8981-6D41-43A4-BE20-634C1238F0EB}.Package|Any CPU.Build.0 = Release|Any CPU
		{625F8981-6D41-43A4-BE20-634C1238F0EB}.Release|Any CPU.ActiveCfg = Release|Any CPU
		{625F8981-6D41-43A4-BE20-634C1238F0EB}.Release|Any CPU.Build.0 = Release|Any CPU
	EndGlobalSection
	GlobalSection(SolutionProperties) = preSolution
		HideSolutionNode = FALSE
	EndGlobalSection
	GlobalSection(NestedProjects) = preSolution
		{625F8981-6D41-43A4-BE20-634C1238F0EB} = {798FA5A2-8F20-4B78-8718-CD697472BF3B}
	EndGlobalSection
	GlobalSection(ExtensibilityGlobals) = postSolution
		SolutionGuid = {E228C3D8-EAD0-433D-8A26-828C77C5F379}
	EndGlobalSection
EndGlobal
