
Microsoft Visual Studio Solution File, Format Version 12.00
# Visual Studio 15
VisualStudioVersion = 15.0.28010.2050
MinimumVisualStudioVersion = 10.0.40219.1
Project("{2150E333-8FDC-42A3-9474-1A3956D46DE8}") = "Solution Items", "Solution Items", "{E5A6C044-2BB1-4E7A-B7F3-0A7D4E537E52}"
	ProjectSection(SolutionItems) = preProject
		..\build\build.props = ..\build\build.props
		..\LICENSE.txt = ..\LICENSE.txt
		..\LICENSE_FULL.txt = ..\LICENSE_FULL.txt
		..\build\package.props = ..\build\package.props
		..\README.md = ..\README.md
		..\THIRD-PARTY-NOTICES.txt = ..\THIRD-PARTY-NOTICES.txt
		..\build\version.props = ..\build\version.props
	EndProjectSection
EndProject
Project("{9A19103F-16F7-4668-BE54-9A1E7A4F7556}") = "HQ", "HQ\HQ.csproj", "{1EA761A7-0D88-4000-ADEC-B7D1F294093D}"
EndProject
Project("{9A19103F-16F7-4668-BE54-9A1E7A4F7556}") = "PackagePrep", "..\package\PackagePrep\PackagePrep.csproj", "{F58553C5-3F22-4FCC-B187-A7E4C0B08421}"
EndProject
Project("{2150E333-8FDC-42A3-9474-1A3956D46DE8}") = "build", "build", "{EB23AC18-E414-4AB2-90B3-0E38E5A32EEA}"
	ProjectSection(SolutionItems) = preProject
		..\build\build.props = ..\build\build.props
		..\build\package.props = ..\build\package.props
		..\build\version.props = ..\build\version.props
	EndProjectSection
EndProject
Project("{9A19103F-16F7-4668-BE54-9A1E7A4F7556}") = "System.Data.DocumentDb", "..\..\HQ.Community\System.Data.DocumentDb\src\System.Data.DocumentDb\System.Data.DocumentDb.csproj", "{9A71C744-9BF2-4EE6-80AA-4E1AC46EAA97}"
EndProject
Project("{9A19103F-16F7-4668-BE54-9A1E7A4F7556}") = "HQ.Template", "HQ.Template\HQ.Template.csproj", "{FF6ED7C6-4470-40AA-86BD-358B56D60F53}"
EndProject
Project("{9A19103F-16F7-4668-BE54-9A1E7A4F7556}") = "Blowdart.UI", "..\..\..\_BLOWDART\Blowdart.UI\src\Blowdart.UI\Blowdart.UI\Blowdart.UI.csproj", "{D0469354-2917-46B8-B5D2-CB9DEBD661BA}"
EndProject
Project("{9A19103F-16F7-4668-BE54-9A1E7A4F7556}") = "Blowdart.UI.Web", "..\..\..\_BLOWDART\Blowdart.UI\src\Blowdart.UI\Blowdart.UI.Web\Blowdart.UI.Web.csproj", "{355F9CC3-B11B-4396-9AFC-2C7009343DA6}"
EndProject
Project("{9A19103F-16F7-4668-BE54-9A1E7A4F7556}") = "Blowdart.UI.Web.SemanticUI", "..\..\..\_BLOWDART\Blowdart.UI\src\Blowdart.UI\Blowdart.UI.Web.SemanticUI\Blowdart.UI.Web.SemanticUI.csproj", "{D2062DA5-BF64-46ED-8CD3-2352F2550439}"
EndProject
Project("{9A19103F-16F7-4668-BE54-9A1E7A4F7556}") = "HQ.Installer", "HQ.Installer\HQ.Installer.csproj", "{F9563716-859E-42C1-8215-54191BA582C5}"
EndProject
Project("{9A19103F-16F7-4668-BE54-9A1E7A4F7556}") = "HQ.Build", "HQ.Build\HQ.Build.csproj", "{A78D4ADB-0C01-470F-8251-5DEFEA46A6B9}"
EndProject
Global
	GlobalSection(SolutionConfigurationPlatforms) = preSolution
		Debug|Any CPU = Debug|Any CPU
		Package|Any CPU = Package|Any CPU
		PackageSources|Any CPU = PackageSources|Any CPU
		Release|Any CPU = Release|Any CPU
	EndGlobalSection
	GlobalSection(ProjectConfigurationPlatforms) = postSolution
		{1EA761A7-0D88-4000-ADEC-B7D1F294093D}.Debug|Any CPU.ActiveCfg = Debug|Any CPU
		{1EA761A7-0D88-4000-ADEC-B7D1F294093D}.Debug|Any CPU.Build.0 = Debug|Any CPU
		{1EA761A7-0D88-4000-ADEC-B7D1F294093D}.Package|Any CPU.ActiveCfg = Package|Any CPU
		{1EA761A7-0D88-4000-ADEC-B7D1F294093D}.Package|Any CPU.Build.0 = Package|Any CPU
		{1EA761A7-0D88-4000-ADEC-B7D1F294093D}.PackageSources|Any CPU.ActiveCfg = PackageSources|Any CPU
		{1EA761A7-0D88-4000-ADEC-B7D1F294093D}.PackageSources|Any CPU.Build.0 = PackageSources|Any CPU
		{1EA761A7-0D88-4000-ADEC-B7D1F294093D}.Release|Any CPU.ActiveCfg = Release|Any CPU
		{1EA761A7-0D88-4000-ADEC-B7D1F294093D}.Release|Any CPU.Build.0 = Release|Any CPU
		{F58553C5-3F22-4FCC-B187-A7E4C0B08421}.Debug|Any CPU.ActiveCfg = Debug|Any CPU
		{F58553C5-3F22-4FCC-B187-A7E4C0B08421}.Debug|Any CPU.Build.0 = Debug|Any CPU
		{F58553C5-3F22-4FCC-B187-A7E4C0B08421}.Package|Any CPU.ActiveCfg = Release|Any CPU
		{F58553C5-3F22-4FCC-B187-A7E4C0B08421}.Package|Any CPU.Build.0 = Release|Any CPU
		{F58553C5-3F22-4FCC-B187-A7E4C0B08421}.PackageSources|Any CPU.ActiveCfg = Release|Any CPU
		{F58553C5-3F22-4FCC-B187-A7E4C0B08421}.PackageSources|Any CPU.Build.0 = Release|Any CPU
		{F58553C5-3F22-4FCC-B187-A7E4C0B08421}.Release|Any CPU.ActiveCfg = Release|Any CPU
		{F58553C5-3F22-4FCC-B187-A7E4C0B08421}.Release|Any CPU.Build.0 = Release|Any CPU
		{9A71C744-9BF2-4EE6-80AA-4E1AC46EAA97}.Debug|Any CPU.ActiveCfg = Debug|Any CPU
		{9A71C744-9BF2-4EE6-80AA-4E1AC46EAA97}.Debug|Any CPU.Build.0 = Debug|Any CPU
		{9A71C744-9BF2-4EE6-80AA-4E1AC46EAA97}.Package|Any CPU.ActiveCfg = Release|Any CPU
		{9A71C744-9BF2-4EE6-80AA-4E1AC46EAA97}.Package|Any CPU.Build.0 = Release|Any CPU
		{9A71C744-9BF2-4EE6-80AA-4E1AC46EAA97}.PackageSources|Any CPU.ActiveCfg = Release|Any CPU
		{9A71C744-9BF2-4EE6-80AA-4E1AC46EAA97}.PackageSources|Any CPU.Build.0 = Release|Any CPU
		{9A71C744-9BF2-4EE6-80AA-4E1AC46EAA97}.Release|Any CPU.ActiveCfg = Release|Any CPU
		{9A71C744-9BF2-4EE6-80AA-4E1AC46EAA97}.Release|Any CPU.Build.0 = Release|Any CPU
		{FF6ED7C6-4470-40AA-86BD-358B56D60F53}.Debug|Any CPU.ActiveCfg = Debug|Any CPU
		{FF6ED7C6-4470-40AA-86BD-358B56D60F53}.Debug|Any CPU.Build.0 = Debug|Any CPU
		{FF6ED7C6-4470-40AA-86BD-358B56D60F53}.Package|Any CPU.ActiveCfg = Release|Any CPU
		{FF6ED7C6-4470-40AA-86BD-358B56D60F53}.Package|Any CPU.Build.0 = Release|Any CPU
		{FF6ED7C6-4470-40AA-86BD-358B56D60F53}.PackageSources|Any CPU.ActiveCfg = Release|Any CPU
		{FF6ED7C6-4470-40AA-86BD-358B56D60F53}.PackageSources|Any CPU.Build.0 = Release|Any CPU
		{FF6ED7C6-4470-40AA-86BD-358B56D60F53}.Release|Any CPU.ActiveCfg = Release|Any CPU
		{FF6ED7C6-4470-40AA-86BD-358B56D60F53}.Release|Any CPU.Build.0 = Release|Any CPU
		{D0469354-2917-46B8-B5D2-CB9DEBD661BA}.Debug|Any CPU.ActiveCfg = Debug|Any CPU
		{D0469354-2917-46B8-B5D2-CB9DEBD661BA}.Debug|Any CPU.Build.0 = Debug|Any CPU
		{D0469354-2917-46B8-B5D2-CB9DEBD661BA}.Package|Any CPU.ActiveCfg = Release|Any CPU
		{D0469354-2917-46B8-B5D2-CB9DEBD661BA}.Package|Any CPU.Build.0 = Release|Any CPU
		{D0469354-2917-46B8-B5D2-CB9DEBD661BA}.PackageSources|Any CPU.ActiveCfg = Release|Any CPU
		{D0469354-2917-46B8-B5D2-CB9DEBD661BA}.PackageSources|Any CPU.Build.0 = Release|Any CPU
		{D0469354-2917-46B8-B5D2-CB9DEBD661BA}.Release|Any CPU.ActiveCfg = Release|Any CPU
		{D0469354-2917-46B8-B5D2-CB9DEBD661BA}.Release|Any CPU.Build.0 = Release|Any CPU
		{355F9CC3-B11B-4396-9AFC-2C7009343DA6}.Debug|Any CPU.ActiveCfg = Debug|Any CPU
		{355F9CC3-B11B-4396-9AFC-2C7009343DA6}.Debug|Any CPU.Build.0 = Debug|Any CPU
		{355F9CC3-B11B-4396-9AFC-2C7009343DA6}.Package|Any CPU.ActiveCfg = Release|Any CPU
		{355F9CC3-B11B-4396-9AFC-2C7009343DA6}.Package|Any CPU.Build.0 = Release|Any CPU
		{355F9CC3-B11B-4396-9AFC-2C7009343DA6}.PackageSources|Any CPU.ActiveCfg = Release|Any CPU
		{355F9CC3-B11B-4396-9AFC-2C7009343DA6}.PackageSources|Any CPU.Build.0 = Release|Any CPU
		{355F9CC3-B11B-4396-9AFC-2C7009343DA6}.Release|Any CPU.ActiveCfg = Release|Any CPU
		{355F9CC3-B11B-4396-9AFC-2C7009343DA6}.Release|Any CPU.Build.0 = Release|Any CPU
		{D2062DA5-BF64-46ED-8CD3-2352F2550439}.Debug|Any CPU.ActiveCfg = Debug|Any CPU
		{D2062DA5-BF64-46ED-8CD3-2352F2550439}.Debug|Any CPU.Build.0 = Debug|Any CPU
		{D2062DA5-BF64-46ED-8CD3-2352F2550439}.Package|Any CPU.ActiveCfg = Release|Any CPU
		{D2062DA5-BF64-46ED-8CD3-2352F2550439}.Package|Any CPU.Build.0 = Release|Any CPU
		{D2062DA5-BF64-46ED-8CD3-2352F2550439}.PackageSources|Any CPU.ActiveCfg = Release|Any CPU
		{D2062DA5-BF64-46ED-8CD3-2352F2550439}.PackageSources|Any CPU.Build.0 = Release|Any CPU
		{D2062DA5-BF64-46ED-8CD3-2352F2550439}.Release|Any CPU.ActiveCfg = Release|Any CPU
		{D2062DA5-BF64-46ED-8CD3-2352F2550439}.Release|Any CPU.Build.0 = Release|Any CPU
		{F9563716-859E-42C1-8215-54191BA582C5}.Debug|Any CPU.ActiveCfg = Debug|Any CPU
		{F9563716-859E-42C1-8215-54191BA582C5}.Debug|Any CPU.Build.0 = Debug|Any CPU
		{F9563716-859E-42C1-8215-54191BA582C5}.Package|Any CPU.ActiveCfg = Package|Any CPU
		{F9563716-859E-42C1-8215-54191BA582C5}.Package|Any CPU.Build.0 = Package|Any CPU
		{F9563716-859E-42C1-8215-54191BA582C5}.PackageSources|Any CPU.ActiveCfg = Release|Any CPU
		{F9563716-859E-42C1-8215-54191BA582C5}.PackageSources|Any CPU.Build.0 = Release|Any CPU
		{F9563716-859E-42C1-8215-54191BA582C5}.Release|Any CPU.ActiveCfg = Release|Any CPU
		{F9563716-859E-42C1-8215-54191BA582C5}.Release|Any CPU.Build.0 = Release|Any CPU
		{A78D4ADB-0C01-470F-8251-5DEFEA46A6B9}.Debug|Any CPU.ActiveCfg = Debug|Any CPU
		{A78D4ADB-0C01-470F-8251-5DEFEA46A6B9}.Debug|Any CPU.Build.0 = Debug|Any CPU
		{A78D4ADB-0C01-470F-8251-5DEFEA46A6B9}.Package|Any CPU.ActiveCfg = Debug|Any CPU
		{A78D4ADB-0C01-470F-8251-5DEFEA46A6B9}.Package|Any CPU.Build.0 = Debug|Any CPU
		{A78D4ADB-0C01-470F-8251-5DEFEA46A6B9}.PackageSources|Any CPU.ActiveCfg = Debug|Any CPU
		{A78D4ADB-0C01-470F-8251-5DEFEA46A6B9}.PackageSources|Any CPU.Build.0 = Debug|Any CPU
		{A78D4ADB-0C01-470F-8251-5DEFEA46A6B9}.Release|Any CPU.ActiveCfg = Release|Any CPU
		{A78D4ADB-0C01-470F-8251-5DEFEA46A6B9}.Release|Any CPU.Build.0 = Release|Any CPU
	EndGlobalSection
	GlobalSection(SolutionProperties) = preSolution
		HideSolutionNode = FALSE
	EndGlobalSection
	GlobalSection(NestedProjects) = preSolution
		{F58553C5-3F22-4FCC-B187-A7E4C0B08421} = {E5A6C044-2BB1-4E7A-B7F3-0A7D4E537E52}
	EndGlobalSection
	GlobalSection(ExtensibilityGlobals) = postSolution
		SolutionGuid = {1F1FE3EE-A455-4863-8957-61FD7CEA6B0D}
	EndGlobalSection
EndGlobal
