
Microsoft Visual Studio Solution File, Format Version 12.00
# Visual Studio Version 16
VisualStudioVersion = 16.0.29009.5
MinimumVisualStudioVersion = 10.0.40219.1
Project("{9A19103F-16F7-4668-BE54-9A1E7A4F7556}") = "HQ.Extensions.DependencyInjection", "HQ.Extensions.DependencyInjection\src\HQ.Extensions.DependencyInjection\HQ.Extensions.DependencyInjection.csproj", "{BFB976D0-BA38-48A7-B241-AD30FB4C9BFB}"
EndProject
Project("{9A19103F-16F7-4668-BE54-9A1E7A4F7556}") = "HQ.Extensions.DependencyInjection.AspNetCore", "HQ.Extensions.DependencyInjection.AspNetCore\HQ.Extensions.DependencyInjection.AspNetCore.csproj", "{94C3608F-9768-4463-BB73-8CEC4AC974DC}"
EndProject
Project("{9A19103F-16F7-4668-BE54-9A1E7A4F7556}") = "HQ.Test.Sdk", "HQ.Test.Sdk\HQ.Test.Sdk.csproj", "{2AADC658-3804-4B02-8E50-189D0930C556}"
EndProject
Project("{9A19103F-16F7-4668-BE54-9A1E7A4F7556}") = "HQ.Extensions.CodeGeneration", "HQ.Extensions.CodeGeneration\src\HQ.Extensions.CodeGeneration\HQ.Extensions.CodeGeneration.csproj", "{553C2B62-D978-4BE9-A327-AC22A9CA84A2}"
EndProject
Global
	GlobalSection(SolutionConfigurationPlatforms) = preSolution
		Debug|Any CPU = Debug|Any CPU
		Package|Any CPU = Package|Any CPU
		Release|Any CPU = Release|Any CPU
	EndGlobalSection
	GlobalSection(ProjectConfigurationPlatforms) = postSolution
		{BFB976D0-BA38-48A7-B241-AD30FB4C9BFB}.Debug|Any CPU.ActiveCfg = Debug|Any CPU
		{BFB976D0-BA38-48A7-B241-AD30FB4C9BFB}.Debug|Any CPU.Build.0 = Debug|Any CPU
		{BFB976D0-BA38-48A7-B241-AD30FB4C9BFB}.Package|Any CPU.ActiveCfg = Package|Any CPU
		{BFB976D0-BA38-48A7-B241-AD30FB4C9BFB}.Package|Any CPU.Build.0 = Package|Any CPU
		{BFB976D0-BA38-48A7-B241-AD30FB4C9BFB}.Release|Any CPU.ActiveCfg = Release|Any CPU
		{BFB976D0-BA38-48A7-B241-AD30FB4C9BFB}.Release|Any CPU.Build.0 = Release|Any CPU
		{94C3608F-9768-4463-BB73-8CEC4AC974DC}.Debug|Any CPU.ActiveCfg = Debug|Any CPU
		{94C3608F-9768-4463-BB73-8CEC4AC974DC}.Debug|Any CPU.Build.0 = Debug|Any CPU
		{94C3608F-9768-4463-BB73-8CEC4AC974DC}.Package|Any CPU.ActiveCfg = Package|Any CPU
		{94C3608F-9768-4463-BB73-8CEC4AC974DC}.Package|Any CPU.Build.0 = Package|Any CPU
		{94C3608F-9768-4463-BB73-8CEC4AC974DC}.Release|Any CPU.ActiveCfg = Release|Any CPU
		{94C3608F-9768-4463-BB73-8CEC4AC974DC}.Release|Any CPU.Build.0 = Release|Any CPU
		{2AADC658-3804-4B02-8E50-189D0930C556}.Debug|Any CPU.ActiveCfg = Debug|Any CPU
		{2AADC658-3804-4B02-8E50-189D0930C556}.Debug|Any CPU.Build.0 = Debug|Any CPU
		{2AADC658-3804-4B02-8E50-189D0930C556}.Package|Any CPU.ActiveCfg = Package|Any CPU
		{2AADC658-3804-4B02-8E50-189D0930C556}.Package|Any CPU.Build.0 = Package|Any CPU
		{2AADC658-3804-4B02-8E50-189D0930C556}.Release|Any CPU.ActiveCfg = Release|Any CPU
		{2AADC658-3804-4B02-8E50-189D0930C556}.Release|Any CPU.Build.0 = Release|Any CPU
		{553C2B62-D978-4BE9-A327-AC22A9CA84A2}.Debug|Any CPU.ActiveCfg = Debug|Any CPU
		{553C2B62-D978-4BE9-A327-AC22A9CA84A2}.Debug|Any CPU.Build.0 = Debug|Any CPU
		{553C2B62-D978-4BE9-A327-AC22A9CA84A2}.Package|Any CPU.ActiveCfg = Package|Any CPU
		{553C2B62-D978-4BE9-A327-AC22A9CA84A2}.Package|Any CPU.Build.0 = Package|Any CPU
		{553C2B62-D978-4BE9-A327-AC22A9CA84A2}.Release|Any CPU.ActiveCfg = Release|Any CPU
		{553C2B62-D978-4BE9-A327-AC22A9CA84A2}.Release|Any CPU.Build.0 = Release|Any CPU
	EndGlobalSection
	GlobalSection(SolutionProperties) = preSolution
		HideSolutionNode = FALSE
	EndGlobalSection
	GlobalSection(ExtensibilityGlobals) = postSolution
		SolutionGuid = {1F1FE3EE-A455-4863-8957-61FD7CEA6B0D}
	EndGlobalSection
EndGlobal
