
Microsoft Visual Studio Solution File, Format Version 12.00
# Visual Studio 15
VisualStudioVersion = 15.0.28010.2050
MinimumVisualStudioVersion = 10.0.40219.1
Project("{FAE04EC0-301F-11D3-BF4B-00C04F79EFBC}") = "PackagePrep", "PackagePrep\PackagePrep.csproj", "{651C3CD7-ADAA-4A4B-90F8-F62641C506C2}"
EndProject
Global
	GlobalSection(SolutionConfigurationPlatforms) = preSolution
		Debug|Any CPU = Debug|Any CPU
		Release|Any CPU = Release|Any CPU
	EndGlobalSection
	GlobalSection(ProjectConfigurationPlatforms) = postSolution
		{651C3CD7-ADAA-4A4B-90F8-F62641C506C2}.Debug|Any CPU.ActiveCfg = Debug|Any CPU
		{651C3CD7-ADAA-4A4B-90F8-F62641C506C2}.Debug|Any CPU.Build.0 = Debug|Any CPU
		{651C3CD7-ADAA-4A4B-90F8-F62641C506C2}.Release|Any CPU.ActiveCfg = Release|Any CPU
		{651C3CD7-ADAA-4A4B-90F8-F62641C506C2}.Release|Any CPU.Build.0 = Release|Any CPU
	EndGlobalSection
	GlobalSection(SolutionProperties) = preSolution
		HideSolutionNode = FALSE
	EndGlobalSection
	GlobalSection(ExtensibilityGlobals) = postSolution
		SolutionGuid = {300034DA-1867-4E47-A45A-0EF50B079066}
	EndGlobalSection
EndGlobal
